PODS:
  - JSONModel (1.7.0)
  - objc-geohash (0.0.1)
  - SensorbergSDK (2.4.1):
    - JSONModel (~> 1.1)
    - objc-geohash (~> 0.0)
    - tolo (~> 1.0)
    - UICKeyChainStore (~> 2.0)
  - tolo (1.0.3)
  - UICKeyChainStore (2.1.0)

DEPENDENCIES:
  - JSONModel (~> 1.1)
  - objc-geohash
  - SensorbergSDK (from `./`)
  - tolo
  - UICKeyChainStore (~> 2.0)

EXTERNAL SOURCES:
  SensorbergSDK:
    :path: "./"

SPEC CHECKSUMS:
  JSONModel: 840bc0fcffb24b8454d2c026bf26fea454b8e98d
  objc-geohash: 5a92a1deb6c4729ecefdf847159991a1068fb4cc
  SensorbergSDK: 7c9a9f9079d60c3dca024f61570278e4924210a2
  tolo: 29c7bef885a6dd6773f9dfe2dfcd961c53c526c4
  UICKeyChainStore: f1cbd42216a113f0165de1e733e62905b8823432

PODFILE CHECKSUM: cdbbe76c4623c6bd5583d0b067595a7370c8d58a

COCOAPODS: 1.1.0.rc.3
