// !$*UTF8*$!
{
	archiveVersion = 1;
	classes = {
	};
	objectVersion = 46;
	objects = {

/* Begin PBXBuildFile section */
		891A98D41C0C4F090073E29C /* SensorbergSDK.h in CopyFiles */ = {isa = PBXBuildFile; fileRef = 891A98D31C0C4F090073E29C /* SensorbergSDK.h */; };
		891A98D61C0C4F090073E29C /* SensorbergSDK.m in Sources */ = {isa = PBXBuildFile; fileRef = 891A98D51C0C4F090073E29C /* SensorbergSDK.m */; };
/* End PBXBuildFile section */

/* Begin PBXCopyFilesBuildPhase section */
		891A98CE1C0C4F090073E29C /* CopyFiles */ = {
			isa = PBXCopyFilesBuildPhase;
			buildActionMask = 2147483647;
			dstPath = "include/$(PRODUCT_NAME)";
			dstSubfolderSpec = 16;
			files = (
				891A98D41C0C4F090073E29C /* SensorbergSDK.h in CopyFiles */,
			);
			runOnlyForDeploymentPostprocessing = 0;
		};
/* End PBXCopyFilesBuildPhase section */

/* Begin PBXFileReference section */
		891A98D01C0C4F090073E29C /* libSensorbergSDK.a */ = {isa = PBXFileReference; explicitFileType = archive.ar; includeInIndex = 0; path = libSensorbergSDK.a; sourceTree = BUILT_PRODUCTS_DIR; };
		891A98D31C0C4F090073E29C /* SensorbergSDK.h */ = {isa = PBXFileReference; lastKnownFileType = sourcecode.c.h; path = SensorbergSDK.h; sourceTree = "<group>"; };
		891A98D51C0C4F090073E29C /* SensorbergSDK.m */ = {isa = PBXFileReference; lastKnownFileType = sourcecode.c.objc; path = SensorbergSDK.m; sourceTree = "<group>"; };
/* End PBXFileReference section */

/* Begin PBXFrameworksBuildPhase section */
		891A98CD1C0C4F090073E29C /* Frameworks */ = {
			isa = PBXFrameworksBuildPhase;
			buildActionMask = 2147483647;
			files = (
			);
			runOnlyForDeploymentPostprocessing = 0;
		};
/* End PBXFrameworksBuildPhase section */

/* Begin PBXGroup section */
		891A98C71C0C4F090073E29C = {
			isa = PBXGroup;
			children = (
				891A98D21C0C4F090073E29C /* SensorbergSDK */,
				891A98D11C0C4F090073E29C /* Products */,
			);
			sourceTree = "<group>";
		};
		891A98D11C0C4F090073E29C /* Products */ = {
			isa = PBXGroup;
			children = (
				891A98D01C0C4F090073E29C /* libSensorbergSDK.a */,
			);
			name = Products;
			sourceTree = "<group>";
		};
		891A98D21C0C4F090073E29C /* SensorbergSDK */ = {
			isa = PBXGroup;
			children = (
				891A98D31C0C4F090073E29C /* SensorbergSDK.h */,
				891A98D51C0C4F090073E29C /* SensorbergSDK.m */,
			);
			path = SensorbergSDK;
			sourceTree = "<group>";
		};
/* End PBXGroup section */

/* Begin PBXNativeTarget section */
		891A98CF1C0C4F090073E29C /* SensorbergSDK */ = {
			isa = PBXNativeTarget;
			buildConfigurationList = 891A98D91C0C4F090073E29C /* Build configuration list for PBXNativeTarget "SensorbergSDK" */;
			buildPhases = (
				891A98CC1C0C4F090073E29C /* Sources */,
				891A98CD1C0C4F090073E29C /* Frameworks */,
				891A98CE1C0C4F090073E29C /* CopyFiles */,
			);
			buildRules = (
			);
			dependencies = (
			);
			name = SensorbergSDK;
			productName = SensorbergSDK;
			productReference = 891A98D01C0C4F090073E29C /* libSensorbergSDK.a */;
			productType = "com.apple.product-type.library.static";
		};
/* End PBXNativeTarget section */

/* Begin PBXProject section */
		891A98C81C0C4F090073E29C /* Project object */ = {
			isa = PBXProject;
			attributes = {
				LastUpgradeCheck = 0710;
				ORGANIZATIONNAME = "Sensorberg GmbH";
				TargetAttributes = {
					891A98CF1C0C4F090073E29C = {
						CreatedOnToolsVersion = 7.1.1;
					};
				};
			};
			buildConfigurationList = 891A98CB1C0C4F090073E29C /* Build configuration list for PBXProject "SensorbergSDK" */;
			compatibilityVersion = "Xcode 3.2";
			developmentRegion = English;
			hasScannedForEncodings = 0;
			knownRegions = (
				en,
			);
			mainGroup = 891A98C71C0C4F090073E29C;
			productRefGroup = 891A98D11C0C4F090073E29C /* Products */;
			projectDirPath = "";
			projectRoot = "";
			targets = (
				891A98CF1C0C4F090073E29C /* SensorbergSDK */,
			);
		};
/* End PBXProject section */

/* Begin PBXSourcesBuildPhase section */
		891A98CC1C0C4F090073E29C /* Sources */ = {
			isa = PBXSourcesBuildPhase;
			buildActionMask = 2147483647;
			files = (
				891A98D61C0C4F090073E29C /* SensorbergSDK.m in Sources */,
			);
			runOnlyForDeploymentPostprocessing = 0;
		};
/* End PBXSourcesBuildPhase section */

/* Begin XCBuildConfiguration section */
		891A98D71C0C4F090073E29C /* Debug */ = {
			isa = XCBuildConfiguration;
			buildSettings = {
				ALWAYS_SEARCH_USER_PATHS = NO;
				CLANG_CXX_LANGUAGE_STANDARD = "gnu++0x";
				CLANG_CXX_LIBRARY = "libc++";
				CLANG_ENABLE_MODULES = YES;
				CLANG_ENABLE_OBJC_ARC = YES;
				CLANG_WARN_BOOL_CONVERSION = YES;
				CLANG_WARN_CONSTANT_CONVERSION = YES;
				CLANG_WARN_DIRECT_OBJC_ISA_USAGE = YES_ERROR;
				CLANG_WARN_EMPTY_BODY = YES;
				CLANG_WARN_ENUM_CONVERSION = YES;
				CLANG_WARN_INT_CONVERSION = YES;
				CLANG_WARN_OBJC_ROOT_CLASS = YES_ERROR;
				CLANG_WARN_UNREACHABLE_CODE = YES;
				CLANG_WARN__DUPLICATE_METHOD_MATCH = YES;
				"CODE_SIGN_IDENTITY[sdk=iphoneos*]" = "iPhone Developer";
				COPY_PHASE_STRIP = NO;
				DEBUG_INFORMATION_FORMAT = dwarf;
				ENABLE_STRICT_OBJC_MSGSEND = YES;
				ENABLE_TESTABILITY = YES;
				GCC_C_LANGUAGE_STANDARD = gnu99;
				GCC_DYNAMIC_NO_PIC = NO;
				GCC_NO_COMMON_BLOCKS = YES;
				GCC_OPTIMIZATION_LEVEL = 0;
				GCC_PREPROCESSOR_DEFINITIONS = (
					"DEBUG=1",
					"$(inherited)",
				);
				GCC_WARN_64_TO_32_BIT_CONVERSION = YES;
				GCC_WARN_ABOUT_RETURN_TYPE = YES_ERROR;
				GCC_WARN_UNDECLARED_SELECTOR = YES;
				GCC_WARN_UNINITIALIZED_AUTOS = YES_AGGRESSIVE;
				GCC_WARN_UNUSED_FUNCTION = YES;
				GCC_WARN_UNUSED_VARIABLE = YES;
				IPHONEOS_DEPLOYMENT_TARGET = 9.1;
				MTL_ENABLE_DEBUG_INFO = YES;
				ONLY_ACTIVE_ARCH = YES;
				SDKROOT = iphoneos;
			};
			name = Debug;
		};
		891A98D81C0C4F090073E29C /* Release */ = {
			isa = XCBuildConfiguration;
			buildSettings = {
				ALWAYS_SEARCH_USER_PATHS = NO;
				CLANG_CXX_LANGUAGE_STANDARD = "gnu++0x";
				CLANG_CXX_LIBRARY = "libc++";
				CLANG_ENABLE_MODULES = YES;
				CLANG_ENABLE_OBJC_ARC = YES;
				CLANG_WARN_BOOL_CONVERSION = YES;
				CLANG_WARN_CONSTANT_CONVERSION = YES;
				CLANG_WARN_DIRECT_OBJC_ISA_USAGE = YES_ERROR;
				CLANG_WARN_EMPTY_BODY = YES;
				CLANG_WARN_ENUM_CONVERSION = YES;
				CLANG_WARN_INT_CONVERSION = YES;
				CLANG_WARN_OBJC_ROOT_CLASS = YES_ERROR;
				CLANG_WARN_UNREACHABLE_CODE = YES;
				CLANG_WARN__DUPLICATE_METHOD_MATCH = YES;
				"CODE_SIGN_IDENTITY[sdk=iphoneos*]" = "iPhone Developer";
				COPY_PHASE_STRIP = NO;
				DEBUG_INFORMATION_FORMAT = "dwarf-with-dsym";
				ENABLE_NS_ASSERTIONS = NO;
				ENABLE_STRICT_OBJC_MSGSEND = YES;
				GCC_C_LANGUAGE_STANDARD = gnu99;
				GCC_NO_COMMON_BLOCKS = YES;
				GCC_WARN_64_TO_32_BIT_CONVERSION = YES;
				GCC_WARN_ABOUT_RETURN_TYPE = YES_ERROR;
				GCC_WARN_UNDECLARED_SELECTOR = YES;
				GCC_WARN_UNINITIALIZED_AUTOS = YES_AGGRESSIVE;
				GCC_WARN_UNUSED_FUNCTION = YES;
				GCC_WARN_UNUSED_VARIABLE = YES;
				IPHONEOS_DEPLOYMENT_TARGET = 9.1;
				MTL_ENABLE_DEBUG_INFO = NO;
				SDKROOT = iphoneos;
				VALIDATE_PRODUCT = YES;
			};
			name = Release;
		};
		891A98DA1C0C4F090073E29C /* Debug */ = {
			isa = XCBuildConfiguration;
			buildSettings = {
				OTHER_LDFLAGS = "-ObjC";
				PRODUCT_NAME = "$(TARGET_NAME)";
				SKIP_INSTALL = YES;
			};
			name = Debug;
		};
		891A98DB1C0C4F090073E29C /* Release */ = {
			isa = XCBuildConfiguration;
			buildSettings = {
				OTHER_LDFLAGS = "-ObjC";
				PRODUCT_NAME = "$(TARGET_NAME)";
				SKIP_INSTALL = YES;
			};
			name = Release;
		};
/* End XCBuildConfiguration section */

/* Begin XCConfigurationList section */
		891A98CB1C0C4F090073E29C /* Build configuration list for PBXProject "SensorbergSDK" */ = {
			isa = XCConfigurationList;
			buildConfigurations = (
				891A98D71C0C4F090073E29C /* Debug */,
				891A98D81C0C4F090073E29C /* Release */,
			);
			defaultConfigurationIsVisible = 0;
			defaultConfigurationName = Release;
		};
		891A98D91C0C4F090073E29C /* Build configuration list for PBXNativeTarget "SensorbergSDK" */ = {
			isa = XCConfigurationList;
			buildConfigurations = (
				891A98DA1C0C4F090073E29C /* Debug */,
				891A98DB1C0C4F090073E29C /* Release */,
			);
			defaultConfigurationIsVisible = 0;
		};
/* End XCConfigurationList section */
	};
	rootObject = 891A98C81C0C4F090073E29C /* Project object */;
}
