// !$*UTF8*$!
{
	archiveVersion = 1;
	classes = {
	};
	objectVersion = 46;
	objects = {

/* Begin PBXAggregateTarget section */
		8910B33D1C9226720003D02A /* SensorbergSDK_Documentation */ = {
			isa = PBXAggregateTarget;
			buildConfigurationList = 8910B3401C9226720003D02A /* Build configuration list for PBXAggregateTarget "SensorbergSDK_Documentation" */;
			buildPhases = (
				8910B3411C9226870003D02A /* ShellScript */,
			);
			dependencies = (
			);
			name = SensorbergSDK_Documentation;
			productName = SensorbergSDK_Documentation;
		};
/* End PBXAggregateTarget section */

/* Begin PBXBuildFile section */
		17C61C12382C9596AE8A6D89 /* Pods_SBDemoAppSwift.framework in Frameworks */ = {isa = PBXBuildFile; fileRef = 0FC27D63B81AAE0B37BDBC84 /* Pods_SBDemoAppSwift.framework */; };
		5A4E98FD9CAD2E39EE1EBD9E /* Pods_SBDemoApp.framework in Frameworks */ = {isa = PBXBuildFile; fileRef = 6A9ABDB174FFE1B2C1E2AA6F /* Pods_SBDemoApp.framework */; };
		891A98D41C0C4F090073E29C /* SensorbergSDK.h in CopyFiles */ = {isa = PBXBuildFile; fileRef = 891A98D31C0C4F090073E29C /* SensorbergSDK.h */; };
		891A98D61C0C4F090073E29C /* SensorbergSDK.m in Sources */ = {isa = PBXBuildFile; fileRef = 891A98D51C0C4F090073E29C /* SensorbergSDK.m */; };
		891A99231C0C5A030073E29C /* SBManager.m in Sources */ = {isa = PBXBuildFile; fileRef = 891A99081C0C5A030073E29C /* SBManager.m */; };
		891A99281C0C5D820073E29C /* SensorbergSDK.h in Headers */ = {isa = PBXBuildFile; fileRef = 891A98D31C0C4F090073E29C /* SensorbergSDK.h */; settings = {ATTRIBUTES = (Public, ); }; };
		891A993D1C0C5D830073E29C /* SBManager.h in Headers */ = {isa = PBXBuildFile; fileRef = 891A99071C0C5A030073E29C /* SBManager.h */; settings = {ATTRIBUTES = (Public, ); }; };
		891A99431C0C62A40073E29C /* SBEvent.h in Headers */ = {isa = PBXBuildFile; fileRef = 891A99411C0C62A40073E29C /* SBEvent.h */; settings = {ATTRIBUTES = (Public, ); }; };
		891A99441C0C62A40073E29C /* SBEvent.m in Sources */ = {isa = PBXBuildFile; fileRef = 891A99421C0C62A40073E29C /* SBEvent.m */; };
		891A994B1C0C78760073E29C /* SBModel.h in Headers */ = {isa = PBXBuildFile; fileRef = 891A99491C0C78760073E29C /* SBModel.h */; settings = {ATTRIBUTES = (Public, ); }; };
		891A994C1C0C78760073E29C /* SBModel.m in Sources */ = {isa = PBXBuildFile; fileRef = 891A994A1C0C78760073E29C /* SBModel.m */; };
		891A99531C0C83B50073E29C /* SBEnums.h in Headers */ = {isa = PBXBuildFile; fileRef = 891A99511C0C83B50073E29C /* SBEnums.h */; settings = {ATTRIBUTES = (Public, ); }; };
		891A99541C0C83B50073E29C /* SBEnums.m in Sources */ = {isa = PBXBuildFile; fileRef = 891A99521C0C83B50073E29C /* SBEnums.m */; };
		891A996D1C0C9B360073E29C /* SBAnalytics.h in Headers */ = {isa = PBXBuildFile; fileRef = 891A995B1C0C9B360073E29C /* SBAnalytics.h */; settings = {ATTRIBUTES = (Private, ); }; };
		891A996E1C0C9B360073E29C /* SBAnalytics.m in Sources */ = {isa = PBXBuildFile; fileRef = 891A995C1C0C9B360073E29C /* SBAnalytics.m */; };
		891A99711C0C9B360073E29C /* SBInternalEvents.h in Headers */ = {isa = PBXBuildFile; fileRef = 891A995F1C0C9B360073E29C /* SBInternalEvents.h */; settings = {ATTRIBUTES = (Private, ); }; };
		891A99721C0C9B360073E29C /* SBInternalEvents.m in Sources */ = {isa = PBXBuildFile; fileRef = 891A99601C0C9B360073E29C /* SBInternalEvents.m */; };
		891A99731C0C9B360073E29C /* SBInternalModels.h in Headers */ = {isa = PBXBuildFile; fileRef = 891A99611C0C9B360073E29C /* SBInternalModels.h */; settings = {ATTRIBUTES = (Private, ); }; };
		891A99741C0C9B360073E29C /* SBInternalModels.m in Sources */ = {isa = PBXBuildFile; fileRef = 891A99621C0C9B360073E29C /* SBInternalModels.m */; };
		891A99751C0C9B360073E29C /* SBLocation.h in Headers */ = {isa = PBXBuildFile; fileRef = 891A99631C0C9B360073E29C /* SBLocation.h */; settings = {ATTRIBUTES = (Private, ); }; };
		891A99761C0C9B360073E29C /* SBLocation.m in Sources */ = {isa = PBXBuildFile; fileRef = 891A99641C0C9B360073E29C /* SBLocation.m */; };
		891A99771C0C9B360073E29C /* SBResolver.h in Headers */ = {isa = PBXBuildFile; fileRef = 891A99651C0C9B360073E29C /* SBResolver.h */; settings = {ATTRIBUTES = (Private, ); }; };
		891A99781C0C9B360073E29C /* SBResolver.m in Sources */ = {isa = PBXBuildFile; fileRef = 891A99661C0C9B360073E29C /* SBResolver.m */; };
		891A99791C0C9B360073E29C /* SBSettings.h in Headers */ = {isa = PBXBuildFile; fileRef = 891A99671C0C9B360073E29C /* SBSettings.h */; settings = {ATTRIBUTES = (Private, ); }; };
		891A997A1C0C9B360073E29C /* SBSettings.m in Sources */ = {isa = PBXBuildFile; fileRef = 891A99681C0C9B360073E29C /* SBSettings.m */; };
		891A997B1C0C9B360073E29C /* SBUtility.h in Headers */ = {isa = PBXBuildFile; fileRef = 891A99691C0C9B360073E29C /* SBUtility.h */; settings = {ATTRIBUTES = (Private, ); }; };
		891A997C1C0C9B360073E29C /* SBUtility.m in Sources */ = {isa = PBXBuildFile; fileRef = 891A996A1C0C9B360073E29C /* SBUtility.m */; };
		8972821F1C8EE8A500DB6DF7 /* SBBluetooth.h in Headers */ = {isa = PBXBuildFile; fileRef = 8972821D1C8EE8A500DB6DF7 /* SBBluetooth.h */; settings = {ATTRIBUTES = (Public, ); }; };
		897282201C8EE8A500DB6DF7 /* SBBluetooth.m in Sources */ = {isa = PBXBuildFile; fileRef = 8972821E1C8EE8A500DB6DF7 /* SBBluetooth.m */; };
		8972823C1C8EEF0600DB6DF7 /* CBCharacteristic+SBCharacteristic.h in Headers */ = {isa = PBXBuildFile; fileRef = 897282361C8EEF0600DB6DF7 /* CBCharacteristic+SBCharacteristic.h */; settings = {ATTRIBUTES = (Public, ); }; };
		8972823D1C8EEF0600DB6DF7 /* CBCharacteristic+SBCharacteristic.m in Sources */ = {isa = PBXBuildFile; fileRef = 897282371C8EEF0600DB6DF7 /* CBCharacteristic+SBCharacteristic.m */; };
		8972823E1C8EEF0600DB6DF7 /* CBPeripheral+SBPeripheral.h in Headers */ = {isa = PBXBuildFile; fileRef = 897282381C8EEF0600DB6DF7 /* CBPeripheral+SBPeripheral.h */; settings = {ATTRIBUTES = (Private, ); }; };
		8972823F1C8EEF0600DB6DF7 /* CBPeripheral+SBPeripheral.m in Sources */ = {isa = PBXBuildFile; fileRef = 897282391C8EEF0600DB6DF7 /* CBPeripheral+SBPeripheral.m */; };
		897282401C8EEF0600DB6DF7 /* NSString+SBUUID.h in Headers */ = {isa = PBXBuildFile; fileRef = 8972823A1C8EEF0600DB6DF7 /* NSString+SBUUID.h */; settings = {ATTRIBUTES = (Private, ); }; };
		897282411C8EEF0600DB6DF7 /* NSString+SBUUID.m in Sources */ = {isa = PBXBuildFile; fileRef = 8972823B1C8EEF0600DB6DF7 /* NSString+SBUUID.m */; };
		89BBD96D1D37A25B00A9D966 /* AppDelegate.swift in Sources */ = {isa = PBXBuildFile; fileRef = 89BBD96C1D37A25B00A9D966 /* AppDelegate.swift */; };
		89BBD9721D37A25B00A9D966 /* Main.storyboard in Resources */ = {isa = PBXBuildFile; fileRef = 89BBD9701D37A25B00A9D966 /* Main.storyboard */; };
		89BBD9741D37A25B00A9D966 /* Assets.xcassets in Resources */ = {isa = PBXBuildFile; fileRef = 89BBD9731D37A25B00A9D966 /* Assets.xcassets */; };
		89BBD9771D37A25B00A9D966 /* LaunchScreen.storyboard in Resources */ = {isa = PBXBuildFile; fileRef = 89BBD9751D37A25B00A9D966 /* LaunchScreen.storyboard */; };
		89BBD97D1D37A4DF00A9D966 /* BeaconsViewController.swift in Sources */ = {isa = PBXBuildFile; fileRef = 89BBD97C1D37A4DF00A9D966 /* BeaconsViewController.swift */; };
		89E9BA941C45B77900037EAC /* main.m in Sources */ = {isa = PBXBuildFile; fileRef = 89E9BA931C45B77900037EAC /* main.m */; };
		89E9BA971C45B77900037EAC /* AppDelegate.m in Sources */ = {isa = PBXBuildFile; fileRef = 89E9BA961C45B77900037EAC /* AppDelegate.m */; };
		89E9BA9D1C45B77900037EAC /* Main.storyboard in Resources */ = {isa = PBXBuildFile; fileRef = 89E9BA9B1C45B77900037EAC /* Main.storyboard */; };
		89E9BA9F1C45B77900037EAC /* Assets.xcassets in Resources */ = {isa = PBXBuildFile; fileRef = 89E9BA9E1C45B77900037EAC /* Assets.xcassets */; };
		89E9BAA21C45B77900037EAC /* LaunchScreen.storyboard in Resources */ = {isa = PBXBuildFile; fileRef = 89E9BAA01C45B77900037EAC /* LaunchScreen.storyboard */; };
		89E9BAAC1C45BA3100037EAC /* BeaconsViewController.m in Sources */ = {isa = PBXBuildFile; fileRef = 89E9BAAB1C45BA3100037EAC /* BeaconsViewController.m */; };
		89F003D61CAD226D002391D7 /* bfdfe1ec8020c2adb1ad7e56ce2fbf75791ce7213b505d63de5d6d3d39717a22.json in Resources */ = {isa = PBXBuildFile; fileRef = 89F003D51CAD226D002391D7 /* bfdfe1ec8020c2adb1ad7e56ce2fbf75791ce7213b505d63de5d6d3d39717a22.json */; };
		E6219981A3346041FCC6903A /* Pods_SensorbergSDKTests.framework in Frameworks */ = {isa = PBXBuildFile; fileRef = 1A47D525C8844CA94C8BD117 /* Pods_SensorbergSDKTests.framework */; };
		E629045766F912D9DD99555E /* Pods_SensorbergSDK.framework in Frameworks */ = {isa = PBXBuildFile; fileRef = 05D6BCA954784D1FF863C2EC /* Pods_SensorbergSDK.framework */; };
		E825FF421CEF6B2E00706CD1 /* SBSettingsTests.m in Sources */ = {isa = PBXBuildFile; fileRef = E825FF301CEF636000706CD1 /* SBSettingsTests.m */; };
		E825FF431CEF6B2E00706CD1 /* SBGetLayoutTests.m in Sources */ = {isa = PBXBuildFile; fileRef = E8FC73111CEC5759003CA996 /* SBGetLayoutTests.m */; };
		E825FF441CEF6B2E00706CD1 /* SBUtilityTests.m in Sources */ = {isa = PBXBuildFile; fileRef = E825FF1A1CEF1CB700706CD1 /* SBUtilityTests.m */; };
		E825FF451CEF6B2E00706CD1 /* SensorbergSDKTests.m in Sources */ = {isa = PBXBuildFile; fileRef = 890D640C1C0E0A5D008D39CA /* SensorbergSDKTests.m */; };
		E825FF461CEF6B2E00706CD1 /* SBManagerTests.m in Sources */ = {isa = PBXBuildFile; fileRef = E825FF1C1CEF406B00706CD1 /* SBManagerTests.m */; };
		E863083A1CF4A1AE00B27D16 /* SBResolverTests.m in Sources */ = {isa = PBXBuildFile; fileRef = E86308391CF4A1AE00B27D16 /* SBResolverTests.m */; };
		E898FBCC1D22D48A00E3C9A8 /* SBTestCase.m in Sources */ = {isa = PBXBuildFile; fileRef = E898FBCB1D22D48A00E3C9A8 /* SBTestCase.m */; };
		E8FA34881D26AE9E0076D336 /* SBLocationTests.m in Sources */ = {isa = PBXBuildFile; fileRef = E8FA34871D26AE9E0076D336 /* SBLocationTests.m */; };
		E8FC73131CEE16C1003CA996 /* SBHTTPRequestManager.m in Sources */ = {isa = PBXBuildFile; fileRef = E8FAEEAE1CE4D46C00EA3139 /* SBHTTPRequestManager.m */; };
		E8FC73281CF2FD76003CA996 /* SBMBeaconTests.m in Sources */ = {isa = PBXBuildFile; fileRef = E8FC73271CF2FD76003CA996 /* SBMBeaconTests.m */; };
		E8FC732A1CF32E3E003CA996 /* SBHTTPRequestManagerTests.m in Sources */ = {isa = PBXBuildFile; fileRef = E8FC73291CF32E3E003CA996 /* SBHTTPRequestManagerTests.m */; };
		E8FC732C1CF3396C003CA996 /* SBAnalyticsTests.m in Sources */ = {isa = PBXBuildFile; fileRef = E8FC732B1CF3396C003CA996 /* SBAnalyticsTests.m */; };
/* End PBXBuildFile section */

/* Begin PBXContainerItemProxy section */
		89BBD9801D3E483D00A9D966 /* PBXContainerItemProxy */ = {
			isa = PBXContainerItemProxy;
			containerPortal = 891A98C81C0C4F090073E29C /* Project object */;
			proxyType = 1;
			remoteGlobalIDString = 89E9BA8F1C45B77900037EAC;
			remoteInfo = SBDemoApp;
		};
/* End PBXContainerItemProxy section */

/* Begin PBXCopyFilesBuildPhase section */
		891A98CE1C0C4F090073E29C /* CopyFiles */ = {
			isa = PBXCopyFilesBuildPhase;
			buildActionMask = 2147483647;
			dstPath = "include/$(PRODUCT_NAME)";
			dstSubfolderSpec = 16;
			files = (
				891A98D41C0C4F090073E29C /* SensorbergSDK.h in CopyFiles */,
			);
			runOnlyForDeploymentPostprocessing = 0;
		};
/* End PBXCopyFilesBuildPhase section */

/* Begin PBXFileReference section */
		01EBBD5F5788ABECE856AFFB /* Pods-SensorbergSDKStagingTests.release.xcconfig */ = {isa = PBXFileReference; includeInIndex = 1; lastKnownFileType = text.xcconfig; name = "Pods-SensorbergSDKStagingTests.release.xcconfig"; path = "Pods/Target Support Files/Pods-SensorbergSDKStagingTests/Pods-SensorbergSDKStagingTests.release.xcconfig"; sourceTree = "<group>"; };
		05D6BCA954784D1FF863C2EC /* Pods_SensorbergSDK.framework */ = {isa = PBXFileReference; explicitFileType = wrapper.framework; includeInIndex = 0; path = Pods_SensorbergSDK.framework; sourceTree = BUILT_PRODUCTS_DIR; };
		0FC27D63B81AAE0B37BDBC84 /* Pods_SBDemoAppSwift.framework */ = {isa = PBXFileReference; explicitFileType = wrapper.framework; includeInIndex = 0; path = Pods_SBDemoAppSwift.framework; sourceTree = BUILT_PRODUCTS_DIR; };
		1A47D525C8844CA94C8BD117 /* Pods_SensorbergSDKTests.framework */ = {isa = PBXFileReference; explicitFileType = wrapper.framework; includeInIndex = 0; path = Pods_SensorbergSDKTests.framework; sourceTree = BUILT_PRODUCTS_DIR; };
		279F35C430E85FE1B0317C2F /* Pods-SensorbergSDKTests.release.xcconfig */ = {isa = PBXFileReference; includeInIndex = 1; lastKnownFileType = text.xcconfig; name = "Pods-SensorbergSDKTests.release.xcconfig"; path = "Pods/Target Support Files/Pods-SensorbergSDKTests/Pods-SensorbergSDKTests.release.xcconfig"; sourceTree = "<group>"; };
		4216AB3CD4945C97D716F6B1 /* Pods-SBDemoAppSwift.release.xcconfig */ = {isa = PBXFileReference; includeInIndex = 1; lastKnownFileType = text.xcconfig; name = "Pods-SBDemoAppSwift.release.xcconfig"; path = "Pods/Target Support Files/Pods-SBDemoAppSwift/Pods-SBDemoAppSwift.release.xcconfig"; sourceTree = "<group>"; };
		4F2ACB892F9C973818CD26CC /* Pods-SBDemoApp.debug.xcconfig */ = {isa = PBXFileReference; includeInIndex = 1; lastKnownFileType = text.xcconfig; name = "Pods-SBDemoApp.debug.xcconfig"; path = "Pods/Target Support Files/Pods-SBDemoApp/Pods-SBDemoApp.debug.xcconfig"; sourceTree = "<group>"; };
		5B730604EFB9F141CECEE850 /* Pods-SBDemoApp.release.xcconfig */ = {isa = PBXFileReference; includeInIndex = 1; lastKnownFileType = text.xcconfig; name = "Pods-SBDemoApp.release.xcconfig"; path = "Pods/Target Support Files/Pods-SBDemoApp/Pods-SBDemoApp.release.xcconfig"; sourceTree = "<group>"; };
		6A9ABDB174FFE1B2C1E2AA6F /* Pods_SBDemoApp.framework */ = {isa = PBXFileReference; explicitFileType = wrapper.framework; includeInIndex = 0; path = Pods_SBDemoApp.framework; sourceTree = BUILT_PRODUCTS_DIR; };
		799B01050C0B4E932DE64298 /* Pods-SensorbergSDK.release.xcconfig */ = {isa = PBXFileReference; includeInIndex = 1; lastKnownFileType = text.xcconfig; name = "Pods-SensorbergSDK.release.xcconfig"; path = "Pods/Target Support Files/Pods-SensorbergSDK/Pods-SensorbergSDK.release.xcconfig"; sourceTree = "<group>"; };
		8876242B9AA288B40B4518AA /* Pods-SensorbergSDKStagingTests.debug.xcconfig */ = {isa = PBXFileReference; includeInIndex = 1; lastKnownFileType = text.xcconfig; name = "Pods-SensorbergSDKStagingTests.debug.xcconfig"; path = "Pods/Target Support Files/Pods-SensorbergSDKStagingTests/Pods-SensorbergSDKStagingTests.debug.xcconfig"; sourceTree = "<group>"; };
		890D640A1C0E0A5D008D39CA /* SensorbergSDKTests.xctest */ = {isa = PBXFileReference; explicitFileType = wrapper.cfbundle; includeInIndex = 0; path = SensorbergSDKTests.xctest; sourceTree = BUILT_PRODUCTS_DIR; };
		890D640C1C0E0A5D008D39CA /* SensorbergSDKTests.m */ = {isa = PBXFileReference; lastKnownFileType = sourcecode.c.objc; path = SensorbergSDKTests.m; sourceTree = "<group>"; };
		890D640E1C0E0A5D008D39CA /* Info.plist */ = {isa = PBXFileReference; lastKnownFileType = text.plist.xml; path = Info.plist; sourceTree = "<group>"; };
		891A98D01C0C4F090073E29C /* libSensorbergSDK.a */ = {isa = PBXFileReference; explicitFileType = archive.ar; includeInIndex = 0; path = libSensorbergSDK.a; sourceTree = BUILT_PRODUCTS_DIR; };
		891A98D31C0C4F090073E29C /* SensorbergSDK.h */ = {isa = PBXFileReference; lastKnownFileType = sourcecode.c.h; path = SensorbergSDK.h; sourceTree = "<group>"; };
		891A98D51C0C4F090073E29C /* SensorbergSDK.m */ = {isa = PBXFileReference; lastKnownFileType = sourcecode.c.objc; path = SensorbergSDK.m; sourceTree = "<group>"; };
		891A99071C0C5A030073E29C /* SBManager.h */ = {isa = PBXFileReference; fileEncoding = 4; lastKnownFileType = sourcecode.c.h; path = SBManager.h; sourceTree = "<group>"; };
		891A99081C0C5A030073E29C /* SBManager.m */ = {isa = PBXFileReference; fileEncoding = 4; lastKnownFileType = sourcecode.c.objc; path = SBManager.m; sourceTree = "<group>"; };
		891A99411C0C62A40073E29C /* SBEvent.h */ = {isa = PBXFileReference; fileEncoding = 4; lastKnownFileType = sourcecode.c.h; name = SBEvent.h; path = SensorbergSDK/SBEvent.h; sourceTree = SOURCE_ROOT; };
		891A99421C0C62A40073E29C /* SBEvent.m */ = {isa = PBXFileReference; fileEncoding = 4; lastKnownFileType = sourcecode.c.objc; name = SBEvent.m; path = SensorbergSDK/SBEvent.m; sourceTree = SOURCE_ROOT; };
		891A99491C0C78760073E29C /* SBModel.h */ = {isa = PBXFileReference; fileEncoding = 4; lastKnownFileType = sourcecode.c.h; path = SBModel.h; sourceTree = "<group>"; };
		891A994A1C0C78760073E29C /* SBModel.m */ = {isa = PBXFileReference; fileEncoding = 4; lastKnownFileType = sourcecode.c.objc; path = SBModel.m; sourceTree = "<group>"; };
		891A99511C0C83B50073E29C /* SBEnums.h */ = {isa = PBXFileReference; fileEncoding = 4; lastKnownFileType = sourcecode.c.h; path = SBEnums.h; sourceTree = "<group>"; };
		891A99521C0C83B50073E29C /* SBEnums.m */ = {isa = PBXFileReference; fileEncoding = 4; lastKnownFileType = sourcecode.c.objc; path = SBEnums.m; sourceTree = "<group>"; };
		891A995B1C0C9B360073E29C /* SBAnalytics.h */ = {isa = PBXFileReference; fileEncoding = 4; lastKnownFileType = sourcecode.c.h; path = SBAnalytics.h; sourceTree = "<group>"; };
		891A995C1C0C9B360073E29C /* SBAnalytics.m */ = {isa = PBXFileReference; fileEncoding = 4; lastKnownFileType = sourcecode.c.objc; path = SBAnalytics.m; sourceTree = "<group>"; };
		891A995F1C0C9B360073E29C /* SBInternalEvents.h */ = {isa = PBXFileReference; fileEncoding = 4; lastKnownFileType = sourcecode.c.h; path = SBInternalEvents.h; sourceTree = "<group>"; };
		891A99601C0C9B360073E29C /* SBInternalEvents.m */ = {isa = PBXFileReference; fileEncoding = 4; lastKnownFileType = sourcecode.c.objc; path = SBInternalEvents.m; sourceTree = "<group>"; };
		891A99611C0C9B360073E29C /* SBInternalModels.h */ = {isa = PBXFileReference; fileEncoding = 4; lastKnownFileType = sourcecode.c.h; path = SBInternalModels.h; sourceTree = "<group>"; };
		891A99621C0C9B360073E29C /* SBInternalModels.m */ = {isa = PBXFileReference; fileEncoding = 4; lastKnownFileType = sourcecode.c.objc; path = SBInternalModels.m; sourceTree = "<group>"; };
		891A99631C0C9B360073E29C /* SBLocation.h */ = {isa = PBXFileReference; fileEncoding = 4; lastKnownFileType = sourcecode.c.h; path = SBLocation.h; sourceTree = "<group>"; };
		891A99641C0C9B360073E29C /* SBLocation.m */ = {isa = PBXFileReference; fileEncoding = 4; lastKnownFileType = sourcecode.c.objc; path = SBLocation.m; sourceTree = "<group>"; };
		891A99651C0C9B360073E29C /* SBResolver.h */ = {isa = PBXFileReference; fileEncoding = 4; lastKnownFileType = sourcecode.c.h; path = SBResolver.h; sourceTree = "<group>"; };
		891A99661C0C9B360073E29C /* SBResolver.m */ = {isa = PBXFileReference; fileEncoding = 4; lastKnownFileType = sourcecode.c.objc; path = SBResolver.m; sourceTree = "<group>"; };
		891A99671C0C9B360073E29C /* SBSettings.h */ = {isa = PBXFileReference; fileEncoding = 4; lastKnownFileType = sourcecode.c.h; path = SBSettings.h; sourceTree = "<group>"; };
		891A99681C0C9B360073E29C /* SBSettings.m */ = {isa = PBXFileReference; fileEncoding = 4; lastKnownFileType = sourcecode.c.objc; path = SBSettings.m; sourceTree = "<group>"; };
		891A99691C0C9B360073E29C /* SBUtility.h */ = {isa = PBXFileReference; fileEncoding = 4; lastKnownFileType = sourcecode.c.h; path = SBUtility.h; sourceTree = "<group>"; };
		891A996A1C0C9B360073E29C /* SBUtility.m */ = {isa = PBXFileReference; fileEncoding = 4; lastKnownFileType = sourcecode.c.objc; path = SBUtility.m; sourceTree = "<group>"; };
		894F6C741CAAC3DC0007505B /* AdSupport.framework */ = {isa = PBXFileReference; lastKnownFileType = wrapper.framework; name = AdSupport.framework; path = System/Library/Frameworks/AdSupport.framework; sourceTree = SDKROOT; };
		8972821D1C8EE8A500DB6DF7 /* SBBluetooth.h */ = {isa = PBXFileReference; fileEncoding = 4; lastKnownFileType = sourcecode.c.h; path = SBBluetooth.h; sourceTree = "<group>"; };
		8972821E1C8EE8A500DB6DF7 /* SBBluetooth.m */ = {isa = PBXFileReference; fileEncoding = 4; lastKnownFileType = sourcecode.c.objc; path = SBBluetooth.m; sourceTree = "<group>"; };
		897282361C8EEF0600DB6DF7 /* CBCharacteristic+SBCharacteristic.h */ = {isa = PBXFileReference; fileEncoding = 4; lastKnownFileType = sourcecode.c.h; path = "CBCharacteristic+SBCharacteristic.h"; sourceTree = "<group>"; };
		897282371C8EEF0600DB6DF7 /* CBCharacteristic+SBCharacteristic.m */ = {isa = PBXFileReference; fileEncoding = 4; lastKnownFileType = sourcecode.c.objc; path = "CBCharacteristic+SBCharacteristic.m"; sourceTree = "<group>"; };
		897282381C8EEF0600DB6DF7 /* CBPeripheral+SBPeripheral.h */ = {isa = PBXFileReference; fileEncoding = 4; lastKnownFileType = sourcecode.c.h; path = "CBPeripheral+SBPeripheral.h"; sourceTree = "<group>"; };
		897282391C8EEF0600DB6DF7 /* CBPeripheral+SBPeripheral.m */ = {isa = PBXFileReference; fileEncoding = 4; lastKnownFileType = sourcecode.c.objc; path = "CBPeripheral+SBPeripheral.m"; sourceTree = "<group>"; };
		8972823A1C8EEF0600DB6DF7 /* NSString+SBUUID.h */ = {isa = PBXFileReference; fileEncoding = 4; lastKnownFileType = sourcecode.c.h; path = "NSString+SBUUID.h"; sourceTree = "<group>"; };
		8972823B1C8EEF0600DB6DF7 /* NSString+SBUUID.m */ = {isa = PBXFileReference; fileEncoding = 4; lastKnownFileType = sourcecode.c.objc; path = "NSString+SBUUID.m"; sourceTree = "<group>"; };
		89BBD96A1D37A25B00A9D966 /* SBDemoAppSwift.app */ = {isa = PBXFileReference; explicitFileType = wrapper.application; includeInIndex = 0; path = SBDemoAppSwift.app; sourceTree = BUILT_PRODUCTS_DIR; };
		89BBD96C1D37A25B00A9D966 /* AppDelegate.swift */ = {isa = PBXFileReference; lastKnownFileType = sourcecode.swift; path = AppDelegate.swift; sourceTree = "<group>"; };
		89BBD9711D37A25B00A9D966 /* Base */ = {isa = PBXFileReference; lastKnownFileType = file.storyboard; name = Base; path = Base.lproj/Main.storyboard; sourceTree = "<group>"; };
		89BBD9731D37A25B00A9D966 /* Assets.xcassets */ = {isa = PBXFileReference; lastKnownFileType = folder.assetcatalog; path = Assets.xcassets; sourceTree = "<group>"; };
		89BBD9761D37A25B00A9D966 /* Base */ = {isa = PBXFileReference; lastKnownFileType = file.storyboard; name = Base; path = Base.lproj/LaunchScreen.storyboard; sourceTree = "<group>"; };
		89BBD9781D37A25B00A9D966 /* Info.plist */ = {isa = PBXFileReference; lastKnownFileType = text.plist.xml; path = Info.plist; sourceTree = "<group>"; };
		89BBD97C1D37A4DF00A9D966 /* BeaconsViewController.swift */ = {isa = PBXFileReference; fileEncoding = 4; lastKnownFileType = sourcecode.swift; path = BeaconsViewController.swift; sourceTree = "<group>"; };
		89E9BA901C45B77900037EAC /* SBDemoApp.app */ = {isa = PBXFileReference; explicitFileType = wrapper.application; includeInIndex = 0; path = SBDemoApp.app; sourceTree = BUILT_PRODUCTS_DIR; };
		89E9BA931C45B77900037EAC /* main.m */ = {isa = PBXFileReference; lastKnownFileType = sourcecode.c.objc; path = main.m; sourceTree = "<group>"; };
		89E9BA951C45B77900037EAC /* AppDelegate.h */ = {isa = PBXFileReference; lastKnownFileType = sourcecode.c.h; path = AppDelegate.h; sourceTree = "<group>"; };
		89E9BA961C45B77900037EAC /* AppDelegate.m */ = {isa = PBXFileReference; lastKnownFileType = sourcecode.c.objc; path = AppDelegate.m; sourceTree = "<group>"; };
		89E9BA9C1C45B77900037EAC /* Base */ = {isa = PBXFileReference; lastKnownFileType = file.storyboard; name = Base; path = Base.lproj/Main.storyboard; sourceTree = "<group>"; };
		89E9BA9E1C45B77900037EAC /* Assets.xcassets */ = {isa = PBXFileReference; lastKnownFileType = folder.assetcatalog; path = Assets.xcassets; sourceTree = "<group>"; };
		89E9BAA11C45B77900037EAC /* Base */ = {isa = PBXFileReference; lastKnownFileType = file.storyboard; name = Base; path = Base.lproj/LaunchScreen.storyboard; sourceTree = "<group>"; };
		89E9BAA31C45B77900037EAC /* Info.plist */ = {isa = PBXFileReference; lastKnownFileType = text.plist.xml; path = Info.plist; sourceTree = "<group>"; };
		89E9BAAA1C45BA3100037EAC /* BeaconsViewController.h */ = {isa = PBXFileReference; fileEncoding = 4; lastKnownFileType = sourcecode.c.h; path = BeaconsViewController.h; sourceTree = "<group>"; };
		89E9BAAB1C45BA3100037EAC /* BeaconsViewController.m */ = {isa = PBXFileReference; fileEncoding = 4; lastKnownFileType = sourcecode.c.objc; path = BeaconsViewController.m; sourceTree = "<group>"; };
		89F003D51CAD226D002391D7 /* bfdfe1ec8020c2adb1ad7e56ce2fbf75791ce7213b505d63de5d6d3d39717a22.json */ = {isa = PBXFileReference; fileEncoding = 4; lastKnownFileType = text.json; path = bfdfe1ec8020c2adb1ad7e56ce2fbf75791ce7213b505d63de5d6d3d39717a22.json; sourceTree = "<group>"; };
		8DA0EC660C344CECBB84A381 /* Pods-SensorbergSDK.debug.xcconfig */ = {isa = PBXFileReference; includeInIndex = 1; lastKnownFileType = text.xcconfig; name = "Pods-SensorbergSDK.debug.xcconfig"; path = "Pods/Target Support Files/Pods-SensorbergSDK/Pods-SensorbergSDK.debug.xcconfig"; sourceTree = "<group>"; };
		C7083681EEBECE3F16D4C35E /* Pods-SensorbergSDKTests.debug.xcconfig */ = {isa = PBXFileReference; includeInIndex = 1; lastKnownFileType = text.xcconfig; name = "Pods-SensorbergSDKTests.debug.xcconfig"; path = "Pods/Target Support Files/Pods-SensorbergSDKTests/Pods-SensorbergSDKTests.debug.xcconfig"; sourceTree = "<group>"; };
		E825FF1A1CEF1CB700706CD1 /* SBUtilityTests.m */ = {isa = PBXFileReference; fileEncoding = 4; lastKnownFileType = sourcecode.c.objc; path = SBUtilityTests.m; sourceTree = "<group>"; };
		E825FF1C1CEF406B00706CD1 /* SBManagerTests.m */ = {isa = PBXFileReference; fileEncoding = 4; lastKnownFileType = sourcecode.c.objc; path = SBManagerTests.m; sourceTree = "<group>"; };
		E825FF301CEF636000706CD1 /* SBSettingsTests.m */ = {isa = PBXFileReference; fileEncoding = 4; lastKnownFileType = sourcecode.c.objc; path = SBSettingsTests.m; sourceTree = "<group>"; };
		E86308391CF4A1AE00B27D16 /* SBResolverTests.m */ = {isa = PBXFileReference; fileEncoding = 4; lastKnownFileType = sourcecode.c.objc; path = SBResolverTests.m; sourceTree = "<group>"; };
		E898FBBA1D22D03200E3C9A8 /* Info.plist */ = {isa = PBXFileReference; lastKnownFileType = text.plist.xml; path = Info.plist; sourceTree = "<group>"; };
		E898FBCB1D22D48A00E3C9A8 /* SBTestCase.m */ = {isa = PBXFileReference; fileEncoding = 4; lastKnownFileType = sourcecode.c.objc; path = SBTestCase.m; sourceTree = "<group>"; };
		E898FBCE1D22D51B00E3C9A8 /* SBTestCase.h */ = {isa = PBXFileReference; lastKnownFileType = sourcecode.c.h; path = SBTestCase.h; sourceTree = "<group>"; };
		E8FA34871D26AE9E0076D336 /* SBLocationTests.m */ = {isa = PBXFileReference; fileEncoding = 4; lastKnownFileType = sourcecode.c.objc; path = SBLocationTests.m; sourceTree = "<group>"; };
		E8FAEEAD1CE4D46C00EA3139 /* SBHTTPRequestManager.h */ = {isa = PBXFileReference; fileEncoding = 4; lastKnownFileType = sourcecode.c.h; path = SBHTTPRequestManager.h; sourceTree = "<group>"; };
		E8FAEEAE1CE4D46C00EA3139 /* SBHTTPRequestManager.m */ = {isa = PBXFileReference; fileEncoding = 4; lastKnownFileType = sourcecode.c.objc; path = SBHTTPRequestManager.m; sourceTree = "<group>"; };
		E8FC73111CEC5759003CA996 /* SBGetLayoutTests.m */ = {isa = PBXFileReference; fileEncoding = 4; lastKnownFileType = sourcecode.c.objc; path = SBGetLayoutTests.m; sourceTree = "<group>"; };
		E8FC73271CF2FD76003CA996 /* SBMBeaconTests.m */ = {isa = PBXFileReference; fileEncoding = 4; lastKnownFileType = sourcecode.c.objc; path = SBMBeaconTests.m; sourceTree = "<group>"; };
		E8FC73291CF32E3E003CA996 /* SBHTTPRequestManagerTests.m */ = {isa = PBXFileReference; fileEncoding = 4; lastKnownFileType = sourcecode.c.objc; path = SBHTTPRequestManagerTests.m; sourceTree = "<group>"; };
		E8FC732B1CF3396C003CA996 /* SBAnalyticsTests.m */ = {isa = PBXFileReference; fileEncoding = 4; lastKnownFileType = sourcecode.c.objc; path = SBAnalyticsTests.m; sourceTree = "<group>"; };
		EE8DF635481D681123F92E1B /* Pods-SBDemoAppSwift.debug.xcconfig */ = {isa = PBXFileReference; includeInIndex = 1; lastKnownFileType = text.xcconfig; name = "Pods-SBDemoAppSwift.debug.xcconfig"; path = "Pods/Target Support Files/Pods-SBDemoAppSwift/Pods-SBDemoAppSwift.debug.xcconfig"; sourceTree = "<group>"; };
		F9A2D79B117EBF082C00912A /* Pods_SensorbergSDKStagingTests.framework */ = {isa = PBXFileReference; explicitFileType = wrapper.framework; includeInIndex = 0; path = Pods_SensorbergSDKStagingTests.framework; sourceTree = BUILT_PRODUCTS_DIR; };
/* End PBXFileReference section */

/* Begin PBXFrameworksBuildPhase section */
		890D64071C0E0A5D008D39CA /* Frameworks */ = {
			isa = PBXFrameworksBuildPhase;
			buildActionMask = 2147483647;
			files = (
				E6219981A3346041FCC6903A /* Pods_SensorbergSDKTests.framework in Frameworks */,
			);
			runOnlyForDeploymentPostprocessing = 0;
		};
		891A98CD1C0C4F090073E29C /* Frameworks */ = {
			isa = PBXFrameworksBuildPhase;
			buildActionMask = 2147483647;
			files = (
				E629045766F912D9DD99555E /* Pods_SensorbergSDK.framework in Frameworks */,
			);
			runOnlyForDeploymentPostprocessing = 0;
		};
		89BBD9671D37A25B00A9D966 /* Frameworks */ = {
			isa = PBXFrameworksBuildPhase;
			buildActionMask = 2147483647;
			files = (
				17C61C12382C9596AE8A6D89 /* Pods_SBDemoAppSwift.framework in Frameworks */,
			);
			runOnlyForDeploymentPostprocessing = 0;
		};
		89E9BA8D1C45B77900037EAC /* Frameworks */ = {
			isa = PBXFrameworksBuildPhase;
			buildActionMask = 2147483647;
			files = (
				5A4E98FD9CAD2E39EE1EBD9E /* Pods_SBDemoApp.framework in Frameworks */,
			);
			runOnlyForDeploymentPostprocessing = 0;
		};
/* End PBXFrameworksBuildPhase section */

/* Begin PBXGroup section */
		1C2AE08E026170C9940C1512 /* Frameworks */ = {
			isa = PBXGroup;
			children = (
				894F6C741CAAC3DC0007505B /* AdSupport.framework */,
				6A9ABDB174FFE1B2C1E2AA6F /* Pods_SBDemoApp.framework */,
				0FC27D63B81AAE0B37BDBC84 /* Pods_SBDemoAppSwift.framework */,
				05D6BCA954784D1FF863C2EC /* Pods_SensorbergSDK.framework */,
				F9A2D79B117EBF082C00912A /* Pods_SensorbergSDKStagingTests.framework */,
				1A47D525C8844CA94C8BD117 /* Pods_SensorbergSDKTests.framework */,
			);
			name = Frameworks;
			sourceTree = "<group>";
		};
		622BB664076B6E188DBEA10B /* Pods */ = {
			isa = PBXGroup;
			children = (
				4F2ACB892F9C973818CD26CC /* Pods-SBDemoApp.debug.xcconfig */,
				5B730604EFB9F141CECEE850 /* Pods-SBDemoApp.release.xcconfig */,
				8DA0EC660C344CECBB84A381 /* Pods-SensorbergSDK.debug.xcconfig */,
				799B01050C0B4E932DE64298 /* Pods-SensorbergSDK.release.xcconfig */,
				8876242B9AA288B40B4518AA /* Pods-SensorbergSDKStagingTests.debug.xcconfig */,
				01EBBD5F5788ABECE856AFFB /* Pods-SensorbergSDKStagingTests.release.xcconfig */,
				C7083681EEBECE3F16D4C35E /* Pods-SensorbergSDKTests.debug.xcconfig */,
				279F35C430E85FE1B0317C2F /* Pods-SensorbergSDKTests.release.xcconfig */,
				EE8DF635481D681123F92E1B /* Pods-SBDemoAppSwift.debug.xcconfig */,
				4216AB3CD4945C97D716F6B1 /* Pods-SBDemoAppSwift.release.xcconfig */,
			);
			name = Pods;
			sourceTree = "<group>";
		};
		890D640B1C0E0A5D008D39CA /* SensorbergSDKTests */ = {
			isa = PBXGroup;
			children = (
				89F003D51CAD226D002391D7 /* bfdfe1ec8020c2adb1ad7e56ce2fbf75791ce7213b505d63de5d6d3d39717a22.json */,
				890D640E1C0E0A5D008D39CA /* Info.plist */,
				E825FF301CEF636000706CD1 /* SBSettingsTests.m */,
				E8FC73111CEC5759003CA996 /* SBGetLayoutTests.m */,
				E825FF1A1CEF1CB700706CD1 /* SBUtilityTests.m */,
				890D640C1C0E0A5D008D39CA /* SensorbergSDKTests.m */,
				E825FF1C1CEF406B00706CD1 /* SBManagerTests.m */,
				E8FC73271CF2FD76003CA996 /* SBMBeaconTests.m */,
				E8FC73291CF32E3E003CA996 /* SBHTTPRequestManagerTests.m */,
				E8FC732B1CF3396C003CA996 /* SBAnalyticsTests.m */,
				E86308391CF4A1AE00B27D16 /* SBResolverTests.m */,
				E898FBCE1D22D51B00E3C9A8 /* SBTestCase.h */,
				E898FBCB1D22D48A00E3C9A8 /* SBTestCase.m */,
				E8FA34871D26AE9E0076D336 /* SBLocationTests.m */,
			);
			path = SensorbergSDKTests;
			sourceTree = "<group>";
		};
		891A98C71C0C4F090073E29C = {
			isa = PBXGroup;
			children = (
				891A98D21C0C4F090073E29C /* SensorbergSDK */,
				89E9BA911C45B77900037EAC /* SBDemoApp */,
				89BBD96B1D37A25B00A9D966 /* SBDemoAppSwift */,
				890D640B1C0E0A5D008D39CA /* SensorbergSDKTests */,
				E898FBB71D22D03200E3C9A8 /* SensorbergSDKStagingTests */,
				891A98D11C0C4F090073E29C /* Products */,
				1C2AE08E026170C9940C1512 /* Frameworks */,
				622BB664076B6E188DBEA10B /* Pods */,
			);
			sourceTree = "<group>";
		};
		891A98D11C0C4F090073E29C /* Products */ = {
			isa = PBXGroup;
			children = (
				891A98D01C0C4F090073E29C /* libSensorbergSDK.a */,
				890D640A1C0E0A5D008D39CA /* SensorbergSDKTests.xctest */,
				89E9BA901C45B77900037EAC /* SBDemoApp.app */,
				89BBD96A1D37A25B00A9D966 /* SBDemoAppSwift.app */,
			);
			name = Products;
			sourceTree = "<group>";
		};
		891A98D21C0C4F090073E29C /* SensorbergSDK */ = {
			isa = PBXGroup;
			children = (
				891A98D31C0C4F090073E29C /* SensorbergSDK.h */,
				891A98D51C0C4F090073E29C /* SensorbergSDK.m */,
				8972821D1C8EE8A500DB6DF7 /* SBBluetooth.h */,
				8972821E1C8EE8A500DB6DF7 /* SBBluetooth.m */,
				891A99071C0C5A030073E29C /* SBManager.h */,
				891A99081C0C5A030073E29C /* SBManager.m */,
				891A99411C0C62A40073E29C /* SBEvent.h */,
				891A99421C0C62A40073E29C /* SBEvent.m */,
				891A99491C0C78760073E29C /* SBModel.h */,
				891A994A1C0C78760073E29C /* SBModel.m */,
				891A99511C0C83B50073E29C /* SBEnums.h */,
				891A99521C0C83B50073E29C /* SBEnums.m */,
				897282351C8EEF0600DB6DF7 /* Categories */,
				891A99571C0C9B360073E29C /* SBInternal */,
			);
			path = SensorbergSDK;
			sourceTree = "<group>";
		};
		891A99571C0C9B360073E29C /* SBInternal */ = {
			isa = PBXGroup;
			children = (
				E8FAEEAC1CE4D46C00EA3139 /* HTTPRequestManager */,
				891A995B1C0C9B360073E29C /* SBAnalytics.h */,
				891A995C1C0C9B360073E29C /* SBAnalytics.m */,
				891A995F1C0C9B360073E29C /* SBInternalEvents.h */,
				891A99601C0C9B360073E29C /* SBInternalEvents.m */,
				891A99611C0C9B360073E29C /* SBInternalModels.h */,
				891A99621C0C9B360073E29C /* SBInternalModels.m */,
				891A99631C0C9B360073E29C /* SBLocation.h */,
				891A99641C0C9B360073E29C /* SBLocation.m */,
				891A99651C0C9B360073E29C /* SBResolver.h */,
				891A99661C0C9B360073E29C /* SBResolver.m */,
				891A99671C0C9B360073E29C /* SBSettings.h */,
				891A99681C0C9B360073E29C /* SBSettings.m */,
				891A99691C0C9B360073E29C /* SBUtility.h */,
				891A996A1C0C9B360073E29C /* SBUtility.m */,
			);
			path = SBInternal;
			sourceTree = "<group>";
		};
		897282351C8EEF0600DB6DF7 /* Categories */ = {
			isa = PBXGroup;
			children = (
				897282361C8EEF0600DB6DF7 /* CBCharacteristic+SBCharacteristic.h */,
				897282371C8EEF0600DB6DF7 /* CBCharacteristic+SBCharacteristic.m */,
				897282381C8EEF0600DB6DF7 /* CBPeripheral+SBPeripheral.h */,
				897282391C8EEF0600DB6DF7 /* CBPeripheral+SBPeripheral.m */,
				8972823A1C8EEF0600DB6DF7 /* NSString+SBUUID.h */,
				8972823B1C8EEF0600DB6DF7 /* NSString+SBUUID.m */,
			);
			path = Categories;
			sourceTree = "<group>";
		};
		89BBD96B1D37A25B00A9D966 /* SBDemoAppSwift */ = {
			isa = PBXGroup;
			children = (
				89BBD96C1D37A25B00A9D966 /* AppDelegate.swift */,
				89BBD97C1D37A4DF00A9D966 /* BeaconsViewController.swift */,
				89BBD9701D37A25B00A9D966 /* Main.storyboard */,
				89BBD9731D37A25B00A9D966 /* Assets.xcassets */,
				89BBD9751D37A25B00A9D966 /* LaunchScreen.storyboard */,
				89BBD9781D37A25B00A9D966 /* Info.plist */,
			);
			path = SBDemoAppSwift;
			sourceTree = "<group>";
		};
		89E9BA911C45B77900037EAC /* SBDemoApp */ = {
			isa = PBXGroup;
			children = (
				89E9BA951C45B77900037EAC /* AppDelegate.h */,
				89E9BA961C45B77900037EAC /* AppDelegate.m */,
				89E9BAAA1C45BA3100037EAC /* BeaconsViewController.h */,
				89E9BAAB1C45BA3100037EAC /* BeaconsViewController.m */,
				89E9BA9B1C45B77900037EAC /* Main.storyboard */,
				89E9BA9E1C45B77900037EAC /* Assets.xcassets */,
				89E9BAA01C45B77900037EAC /* LaunchScreen.storyboard */,
				89E9BAA31C45B77900037EAC /* Info.plist */,
				89E9BA921C45B77900037EAC /* Supporting Files */,
			);
			path = SBDemoApp;
			sourceTree = "<group>";
		};
		89E9BA921C45B77900037EAC /* Supporting Files */ = {
			isa = PBXGroup;
			children = (
				89E9BA931C45B77900037EAC /* main.m */,
			);
			name = "Supporting Files";
			sourceTree = "<group>";
		};
		E898FBB71D22D03200E3C9A8 /* SensorbergSDKStagingTests */ = {
			isa = PBXGroup;
			children = (
				E898FBBA1D22D03200E3C9A8 /* Info.plist */,
			);
			path = SensorbergSDKStagingTests;
			sourceTree = "<group>";
		};
		E8FAEEAC1CE4D46C00EA3139 /* HTTPRequestManager */ = {
			isa = PBXGroup;
			children = (
				E8FAEEAD1CE4D46C00EA3139 /* SBHTTPRequestManager.h */,
				E8FAEEAE1CE4D46C00EA3139 /* SBHTTPRequestManager.m */,
			);
			path = HTTPRequestManager;
			sourceTree = "<group>";
		};
/* End PBXGroup section */

/* Begin PBXHeadersBuildPhase section */
		891A99271C0C5D730073E29C /* Headers */ = {
			isa = PBXHeadersBuildPhase;
			buildActionMask = 2147483647;
			files = (
				891A993D1C0C5D830073E29C /* SBManager.h in Headers */,
				891A99531C0C83B50073E29C /* SBEnums.h in Headers */,
				891A994B1C0C78760073E29C /* SBModel.h in Headers */,
				8972823C1C8EEF0600DB6DF7 /* CBCharacteristic+SBCharacteristic.h in Headers */,
				891A99431C0C62A40073E29C /* SBEvent.h in Headers */,
				891A99791C0C9B360073E29C /* SBSettings.h in Headers */,
				8972821F1C8EE8A500DB6DF7 /* SBBluetooth.h in Headers */,
				891A996D1C0C9B360073E29C /* SBAnalytics.h in Headers */,
				891A99731C0C9B360073E29C /* SBInternalModels.h in Headers */,
				891A99771C0C9B360073E29C /* SBResolver.h in Headers */,
				891A997B1C0C9B360073E29C /* SBUtility.h in Headers */,
				891A99751C0C9B360073E29C /* SBLocation.h in Headers */,
				8972823E1C8EEF0600DB6DF7 /* CBPeripheral+SBPeripheral.h in Headers */,
				897282401C8EEF0600DB6DF7 /* NSString+SBUUID.h in Headers */,
				891A99711C0C9B360073E29C /* SBInternalEvents.h in Headers */,
				891A99281C0C5D820073E29C /* SensorbergSDK.h in Headers */,
			);
			runOnlyForDeploymentPostprocessing = 0;
		};
/* End PBXHeadersBuildPhase section */

/* Begin PBXNativeTarget section */
		890D64091C0E0A5D008D39CA /* SensorbergSDKTests */ = {
			isa = PBXNativeTarget;
			buildConfigurationList = 890D64141C0E0A5D008D39CA /* Build configuration list for PBXNativeTarget "SensorbergSDKTests" */;
			buildPhases = (
				D82C09C12E3196EDD04D35EB /* [CP] Check Pods Manifest.lock */,
				890D64061C0E0A5D008D39CA /* Sources */,
				890D64071C0E0A5D008D39CA /* Frameworks */,
				890D64081C0E0A5D008D39CA /* Resources */,
				320E63FD62CB3A059F309B5A /* [CP] Embed Pods Frameworks */,
				FE2733A9936A301AB334F728 /* [CP] Copy Pods Resources */,
			);
			buildRules = (
			);
			dependencies = (
				89BBD9811D3E483D00A9D966 /* PBXTargetDependency */,
			);
			name = SensorbergSDKTests;
			productName = SensorbergSDKTests;
			productReference = 890D640A1C0E0A5D008D39CA /* SensorbergSDKTests.xctest */;
			productType = "com.apple.product-type.bundle.unit-test";
		};
		891A98CF1C0C4F090073E29C /* SensorbergSDK */ = {
			isa = PBXNativeTarget;
			buildConfigurationList = 891A98D91C0C4F090073E29C /* Build configuration list for PBXNativeTarget "SensorbergSDK" */;
			buildPhases = (
				7AB3A813F73436F6F2A936C9 /* [CP] Check Pods Manifest.lock */,
				891A98CC1C0C4F090073E29C /* Sources */,
				891A98CD1C0C4F090073E29C /* Frameworks */,
				891A98CE1C0C4F090073E29C /* CopyFiles */,
				891A99271C0C5D730073E29C /* Headers */,
				A1FF355ADBEBF60FCD566188 /* [CP] Copy Pods Resources */,
			);
			buildRules = (
			);
			dependencies = (
			);
			name = SensorbergSDK;
			productName = SensorbergSDK;
			productReference = 891A98D01C0C4F090073E29C /* libSensorbergSDK.a */;
			productType = "com.apple.product-type.library.static";
		};
		89BBD9691D37A25B00A9D966 /* SBDemoAppSwift */ = {
			isa = PBXNativeTarget;
			buildConfigurationList = 89BBD97B1D37A25B00A9D966 /* Build configuration list for PBXNativeTarget "SBDemoAppSwift" */;
			buildPhases = (
				2978DE6C5D93B44C4BB6A19F /* [CP] Check Pods Manifest.lock */,
				89BBD9661D37A25B00A9D966 /* Sources */,
				89BBD9671D37A25B00A9D966 /* Frameworks */,
				89BBD9681D37A25B00A9D966 /* Resources */,
				466798C8FAD8066D15D54FD6 /* [CP] Embed Pods Frameworks */,
				CEF59A20ED7370343745DBC7 /* [CP] Copy Pods Resources */,
			);
			buildRules = (
			);
			dependencies = (
			);
			name = SBDemoAppSwift;
			productName = SBDemoAppSwift;
			productReference = 89BBD96A1D37A25B00A9D966 /* SBDemoAppSwift.app */;
			productType = "com.apple.product-type.application";
		};
		89E9BA8F1C45B77900037EAC /* SBDemoApp */ = {
			isa = PBXNativeTarget;
			buildConfigurationList = 89E9BAA41C45B77900037EAC /* Build configuration list for PBXNativeTarget "SBDemoApp" */;
			buildPhases = (
				6CE3F51B4DA0C103E1B43687 /* [CP] Check Pods Manifest.lock */,
				89E9BA8C1C45B77900037EAC /* Sources */,
				89E9BA8D1C45B77900037EAC /* Frameworks */,
				89E9BA8E1C45B77900037EAC /* Resources */,
				0180F4A64372D4862192F180 /* [CP] Embed Pods Frameworks */,
				9F5BC2BA1CA597AB420EDEA3 /* [CP] Copy Pods Resources */,
			);
			buildRules = (
			);
			dependencies = (
			);
			name = SBDemoApp;
			productName = SBDemoApp;
			productReference = 89E9BA901C45B77900037EAC /* SBDemoApp.app */;
			productType = "com.apple.product-type.application";
		};
/* End PBXNativeTarget section */

/* Begin PBXProject section */
		891A98C81C0C4F090073E29C /* Project object */ = {
			isa = PBXProject;
			attributes = {
				LastSwiftUpdateCheck = 0730;
				LastUpgradeCheck = 0800;
				ORGANIZATIONNAME = "Sensorberg GmbH";
				TargetAttributes = {
					890D64091C0E0A5D008D39CA = {
						CreatedOnToolsVersion = 7.1.1;
					};
					8910B33D1C9226720003D02A = {
						CreatedOnToolsVersion = 7.2.1;
					};
					891A98CF1C0C4F090073E29C = {
						CreatedOnToolsVersion = 7.1.1;
					};
					89BBD9691D37A25B00A9D966 = {
						CreatedOnToolsVersion = 7.3.1;
						LastSwiftMigration = 0800;
					};
					89E9BA8F1C45B77900037EAC = {
						CreatedOnToolsVersion = 7.2;
						DevelopmentTeam = 4CXX7T9ASM;
					};
				};
			};
			buildConfigurationList = 891A98CB1C0C4F090073E29C /* Build configuration list for PBXProject "SensorbergSDK" */;
			compatibilityVersion = "Xcode 3.2";
			developmentRegion = English;
			hasScannedForEncodings = 0;
			knownRegions = (
				en,
				Base,
			);
			mainGroup = 891A98C71C0C4F090073E29C;
			productRefGroup = 891A98D11C0C4F090073E29C /* Products */;
			projectDirPath = "";
			projectRoot = "";
			targets = (
				891A98CF1C0C4F090073E29C /* SensorbergSDK */,
				89E9BA8F1C45B77900037EAC /* SBDemoApp */,
				89BBD9691D37A25B00A9D966 /* SBDemoAppSwift */,
				890D64091C0E0A5D008D39CA /* SensorbergSDKTests */,
				8910B33D1C9226720003D02A /* SensorbergSDK_Documentation */,
			);
		};
/* End PBXProject section */

/* Begin PBXResourcesBuildPhase section */
		890D64081C0E0A5D008D39CA /* Resources */ = {
			isa = PBXResourcesBuildPhase;
			buildActionMask = 2147483647;
			files = (
				89F003D61CAD226D002391D7 /* bfdfe1ec8020c2adb1ad7e56ce2fbf75791ce7213b505d63de5d6d3d39717a22.json in Resources */,
			);
			runOnlyForDeploymentPostprocessing = 0;
		};
		89BBD9681D37A25B00A9D966 /* Resources */ = {
			isa = PBXResourcesBuildPhase;
			buildActionMask = 2147483647;
			files = (
				89BBD9771D37A25B00A9D966 /* LaunchScreen.storyboard in Resources */,
				89BBD9741D37A25B00A9D966 /* Assets.xcassets in Resources */,
				89BBD9721D37A25B00A9D966 /* Main.storyboard in Resources */,
			);
			runOnlyForDeploymentPostprocessing = 0;
		};
		89E9BA8E1C45B77900037EAC /* Resources */ = {
			isa = PBXResourcesBuildPhase;
			buildActionMask = 2147483647;
			files = (
				89E9BAA21C45B77900037EAC /* LaunchScreen.storyboard in Resources */,
				89E9BA9F1C45B77900037EAC /* Assets.xcassets in Resources */,
				89E9BA9D1C45B77900037EAC /* Main.storyboard in Resources */,
			);
			runOnlyForDeploymentPostprocessing = 0;
		};
/* End PBXResourcesBuildPhase section */

/* Begin PBXShellScriptBuildPhase section */
		0180F4A64372D4862192F180 /* [CP] Embed Pods Frameworks */ = {
			isa = PBXShellScriptBuildPhase;
			buildActionMask = 2147483647;
			files = (
			);
			inputPaths = (
			);
			name = "[CP] Embed Pods Frameworks";
			outputPaths = (
			);
			runOnlyForDeploymentPostprocessing = 0;
			shellPath = /bin/sh;
			shellScript = "\"${SRCROOT}/Pods/Target Support Files/Pods-SBDemoApp/Pods-SBDemoApp-frameworks.sh\"\n";
			showEnvVarsInLog = 0;
		};
		2978DE6C5D93B44C4BB6A19F /* [CP] Check Pods Manifest.lock */ = {
			isa = PBXShellScriptBuildPhase;
			buildActionMask = 2147483647;
			files = (
			);
			inputPaths = (
			);
			name = "[CP] Check Pods Manifest.lock";
			outputPaths = (
			);
			runOnlyForDeploymentPostprocessing = 0;
			shellPath = /bin/sh;
			shellScript = "diff \"${PODS_ROOT}/../Podfile.lock\" \"${PODS_ROOT}/Manifest.lock\" > /dev/null\nif [ $? != 0 ] ; then\n    # print error to STDERR\n    echo \"error: The sandbox is not in sync with the Podfile.lock. Run 'pod install' or update your CocoaPods installation.\" >&2\n    exit 1\nfi\n";
			showEnvVarsInLog = 0;
		};
		320E63FD62CB3A059F309B5A /* [CP] Embed Pods Frameworks */ = {
			isa = PBXShellScriptBuildPhase;
			buildActionMask = 2147483647;
			files = (
			);
			inputPaths = (
			);
			name = "[CP] Embed Pods Frameworks";
			outputPaths = (
			);
			runOnlyForDeploymentPostprocessing = 0;
			shellPath = /bin/sh;
			shellScript = "\"${SRCROOT}/Pods/Target Support Files/Pods-SensorbergSDKTests/Pods-SensorbergSDKTests-frameworks.sh\"\n";
			showEnvVarsInLog = 0;
		};
		466798C8FAD8066D15D54FD6 /* [CP] Embed Pods Frameworks */ = {
			isa = PBXShellScriptBuildPhase;
			buildActionMask = 2147483647;
			files = (
			);
			inputPaths = (
			);
			name = "[CP] Embed Pods Frameworks";
			outputPaths = (
			);
			runOnlyForDeploymentPostprocessing = 0;
			shellPath = /bin/sh;
			shellScript = "\"${SRCROOT}/Pods/Target Support Files/Pods-SBDemoAppSwift/Pods-SBDemoAppSwift-frameworks.sh\"\n";
			showEnvVarsInLog = 0;
		};
		6CE3F51B4DA0C103E1B43687 /* [CP] Check Pods Manifest.lock */ = {
			isa = PBXShellScriptBuildPhase;
			buildActionMask = 2147483647;
			files = (
			);
			inputPaths = (
			);
			name = "[CP] Check Pods Manifest.lock";
			outputPaths = (
			);
			runOnlyForDeploymentPostprocessing = 0;
			shellPath = /bin/sh;
			shellScript = "diff \"${PODS_ROOT}/../Podfile.lock\" \"${PODS_ROOT}/Manifest.lock\" > /dev/null\nif [ $? != 0 ] ; then\n    # print error to STDERR\n    echo \"error: The sandbox is not in sync with the Podfile.lock. Run 'pod install' or update your CocoaPods installation.\" >&2\n    exit 1\nfi\n";
			showEnvVarsInLog = 0;
		};
		7AB3A813F73436F6F2A936C9 /* [CP] Check Pods Manifest.lock */ = {
			isa = PBXShellScriptBuildPhase;
			buildActionMask = 2147483647;
			files = (
			);
			inputPaths = (
			);
			name = "[CP] Check Pods Manifest.lock";
			outputPaths = (
			);
			runOnlyForDeploymentPostprocessing = 0;
			shellPath = /bin/sh;
			shellScript = "diff \"${PODS_ROOT}/../Podfile.lock\" \"${PODS_ROOT}/Manifest.lock\" > /dev/null\nif [ $? != 0 ] ; then\n    # print error to STDERR\n    echo \"error: The sandbox is not in sync with the Podfile.lock. Run 'pod install' or update your CocoaPods installation.\" >&2\n    exit 1\nfi\n";
			showEnvVarsInLog = 0;
		};
		8910B3411C9226870003D02A /* ShellScript */ = {
			isa = PBXShellScriptBuildPhase;
			buildActionMask = 2147483647;
			files = (
			);
			inputPaths = (
			);
			outputPaths = (
			);
			runOnlyForDeploymentPostprocessing = 0;
			shellPath = /bin/sh;
			shellScript = "/usr/local/bin/appledoc \\\n--project-name SensorbergSDK \\\n--project-company \"Sensorberg GmbH\" \\\n--company-id com.sensorberg \\\n--search-undocumented-doc \\\n--exit-threshold 2 \\\n--ignore .m \\\n--output \"docs\" \\\n--print-information-block-titles \\\n--clean-output \\\nSensorbergSDK/";
		};
		9F5BC2BA1CA597AB420EDEA3 /* [CP] Copy Pods Resources */ = {
			isa = PBXShellScriptBuildPhase;
			buildActionMask = 2147483647;
			files = (
			);
			inputPaths = (
			);
			name = "[CP] Copy Pods Resources";
			outputPaths = (
			);
			runOnlyForDeploymentPostprocessing = 0;
			shellPath = /bin/sh;
			shellScript = "\"${SRCROOT}/Pods/Target Support Files/Pods-SBDemoApp/Pods-SBDemoApp-resources.sh\"\n";
			showEnvVarsInLog = 0;
		};
		A1FF355ADBEBF60FCD566188 /* [CP] Copy Pods Resources */ = {
			isa = PBXShellScriptBuildPhase;
			buildActionMask = 2147483647;
			files = (
			);
			inputPaths = (
			);
			name = "[CP] Copy Pods Resources";
			outputPaths = (
			);
			runOnlyForDeploymentPostprocessing = 0;
			shellPath = /bin/sh;
			shellScript = "\"${SRCROOT}/Pods/Target Support Files/Pods-SensorbergSDK/Pods-SensorbergSDK-resources.sh\"\n";
			showEnvVarsInLog = 0;
		};
		CEF59A20ED7370343745DBC7 /* [CP] Copy Pods Resources */ = {
			isa = PBXShellScriptBuildPhase;
			buildActionMask = 2147483647;
			files = (
			);
			inputPaths = (
			);
			name = "[CP] Copy Pods Resources";
			outputPaths = (
			);
			runOnlyForDeploymentPostprocessing = 0;
			shellPath = /bin/sh;
			shellScript = "\"${SRCROOT}/Pods/Target Support Files/Pods-SBDemoAppSwift/Pods-SBDemoAppSwift-resources.sh\"\n";
			showEnvVarsInLog = 0;
		};
		D82C09C12E3196EDD04D35EB /* [CP] Check Pods Manifest.lock */ = {
			isa = PBXShellScriptBuildPhase;
			buildActionMask = 2147483647;
			files = (
			);
			inputPaths = (
			);
			name = "[CP] Check Pods Manifest.lock";
			outputPaths = (
			);
			runOnlyForDeploymentPostprocessing = 0;
			shellPath = /bin/sh;
			shellScript = "diff \"${PODS_ROOT}/../Podfile.lock\" \"${PODS_ROOT}/Manifest.lock\" > /dev/null\nif [ $? != 0 ] ; then\n    # print error to STDERR\n    echo \"error: The sandbox is not in sync with the Podfile.lock. Run 'pod install' or update your CocoaPods installation.\" >&2\n    exit 1\nfi\n";
			showEnvVarsInLog = 0;
		};
		FE2733A9936A301AB334F728 /* [CP] Copy Pods Resources */ = {
			isa = PBXShellScriptBuildPhase;
			buildActionMask = 2147483647;
			files = (
			);
			inputPaths = (
			);
			name = "[CP] Copy Pods Resources";
			outputPaths = (
			);
			runOnlyForDeploymentPostprocessing = 0;
			shellPath = /bin/sh;
			shellScript = "\"${SRCROOT}/Pods/Target Support Files/Pods-SensorbergSDKTests/Pods-SensorbergSDKTests-resources.sh\"\n";
			showEnvVarsInLog = 0;
		};
/* End PBXShellScriptBuildPhase section */

/* Begin PBXSourcesBuildPhase section */
		890D64061C0E0A5D008D39CA /* Sources */ = {
			isa = PBXSourcesBuildPhase;
			buildActionMask = 2147483647;
			files = (
				E898FBCC1D22D48A00E3C9A8 /* SBTestCase.m in Sources */,
				E8FC73281CF2FD76003CA996 /* SBMBeaconTests.m in Sources */,
				E863083A1CF4A1AE00B27D16 /* SBResolverTests.m in Sources */,
				E825FF421CEF6B2E00706CD1 /* SBSettingsTests.m in Sources */,
				E825FF431CEF6B2E00706CD1 /* SBGetLayoutTests.m in Sources */,
				E825FF441CEF6B2E00706CD1 /* SBUtilityTests.m in Sources */,
				E8FA34881D26AE9E0076D336 /* SBLocationTests.m in Sources */,
				E825FF451CEF6B2E00706CD1 /* SensorbergSDKTests.m in Sources */,
				E8FC732C1CF3396C003CA996 /* SBAnalyticsTests.m in Sources */,
				E825FF461CEF6B2E00706CD1 /* SBManagerTests.m in Sources */,
				E8FC732A1CF32E3E003CA996 /* SBHTTPRequestManagerTests.m in Sources */,
			);
			runOnlyForDeploymentPostprocessing = 0;
		};
		891A98CC1C0C4F090073E29C /* Sources */ = {
			isa = PBXSourcesBuildPhase;
			buildActionMask = 2147483647;
			files = (
				E8FC73131CEE16C1003CA996 /* SBHTTPRequestManager.m in Sources */,
				891A997A1C0C9B360073E29C /* SBSettings.m in Sources */,
				891A98D61C0C4F090073E29C /* SensorbergSDK.m in Sources */,
				8972823F1C8EEF0600DB6DF7 /* CBPeripheral+SBPeripheral.m in Sources */,
				891A99541C0C83B50073E29C /* SBEnums.m in Sources */,
				891A996E1C0C9B360073E29C /* SBAnalytics.m in Sources */,
				891A99231C0C5A030073E29C /* SBManager.m in Sources */,
				8972823D1C8EEF0600DB6DF7 /* CBCharacteristic+SBCharacteristic.m in Sources */,
				891A994C1C0C78760073E29C /* SBModel.m in Sources */,
				891A99741C0C9B360073E29C /* SBInternalModels.m in Sources */,
				891A997C1C0C9B360073E29C /* SBUtility.m in Sources */,
				891A99761C0C9B360073E29C /* SBLocation.m in Sources */,
				897282411C8EEF0600DB6DF7 /* NSString+SBUUID.m in Sources */,
				891A99441C0C62A40073E29C /* SBEvent.m in Sources */,
				897282201C8EE8A500DB6DF7 /* SBBluetooth.m in Sources */,
				891A99781C0C9B360073E29C /* SBResolver.m in Sources */,
				891A99721C0C9B360073E29C /* SBInternalEvents.m in Sources */,
			);
			runOnlyForDeploymentPostprocessing = 0;
		};
		89BBD9661D37A25B00A9D966 /* Sources */ = {
			isa = PBXSourcesBuildPhase;
			buildActionMask = 2147483647;
			files = (
				89BBD97D1D37A4DF00A9D966 /* BeaconsViewController.swift in Sources */,
				89BBD96D1D37A25B00A9D966 /* AppDelegate.swift in Sources */,
			);
			runOnlyForDeploymentPostprocessing = 0;
		};
		89E9BA8C1C45B77900037EAC /* Sources */ = {
			isa = PBXSourcesBuildPhase;
			buildActionMask = 2147483647;
			files = (
				89E9BA971C45B77900037EAC /* AppDelegate.m in Sources */,
				89E9BA941C45B77900037EAC /* main.m in Sources */,
				89E9BAAC1C45BA3100037EAC /* BeaconsViewController.m in Sources */,
			);
			runOnlyForDeploymentPostprocessing = 0;
		};
/* End PBXSourcesBuildPhase section */

/* Begin PBXTargetDependency section */
		89BBD9811D3E483D00A9D966 /* PBXTargetDependency */ = {
			isa = PBXTargetDependency;
			target = 89E9BA8F1C45B77900037EAC /* SBDemoApp */;
			targetProxy = 89BBD9801D3E483D00A9D966 /* PBXContainerItemProxy */;
		};
/* End PBXTargetDependency section */

/* Begin PBXVariantGroup section */
		89BBD9701D37A25B00A9D966 /* Main.storyboard */ = {
			isa = PBXVariantGroup;
			children = (
				89BBD9711D37A25B00A9D966 /* Base */,
			);
			name = Main.storyboard;
			sourceTree = "<group>";
		};
		89BBD9751D37A25B00A9D966 /* LaunchScreen.storyboard */ = {
			isa = PBXVariantGroup;
			children = (
				89BBD9761D37A25B00A9D966 /* Base */,
			);
			name = LaunchScreen.storyboard;
			sourceTree = "<group>";
		};
		89E9BA9B1C45B77900037EAC /* Main.storyboard */ = {
			isa = PBXVariantGroup;
			children = (
				89E9BA9C1C45B77900037EAC /* Base */,
			);
			name = Main.storyboard;
			sourceTree = "<group>";
		};
		89E9BAA01C45B77900037EAC /* LaunchScreen.storyboard */ = {
			isa = PBXVariantGroup;
			children = (
				89E9BAA11C45B77900037EAC /* Base */,
			);
			name = LaunchScreen.storyboard;
			sourceTree = "<group>";
		};
/* End PBXVariantGroup section */

/* Begin XCBuildConfiguration section */
		890D64121C0E0A5D008D39CA /* Debug */ = {
			isa = XCBuildConfiguration;
			baseConfigurationReference = C7083681EEBECE3F16D4C35E /* Pods-SensorbergSDKTests.debug.xcconfig */;
			buildSettings = {
				INFOPLIST_FILE = SensorbergSDKTests/Info.plist;
				LD_RUNPATH_SEARCH_PATHS = "$(inherited) @executable_path/Frameworks @loader_path/Frameworks";
				OTHER_CFLAGS = (
					"$(inherited)",
					"-isystem",
					"\"${PODS_ROOT}/Headers/Public\"",
					"-isystem",
					"\"${PODS_ROOT}/Headers/Public/JSONModel\"",
					"-isystem",
					"\"${PODS_ROOT}/Headers/Public/SensorbergSDK\"",
					"-isystem",
					"\"${PODS_ROOT}/Headers/Public/UICKeyChainStore\"",
					"-isystem",
					"\"${PODS_ROOT}/Headers/Public/objc-geohash\"",
					"-isystem",
					"\"${PODS_ROOT}/Headers/Public/tolo\"",
					"-D",
					"TEST_STAGING=0",
				);
				PRODUCT_BUNDLE_IDENTIFIER = com.sensorberg.SensorbergSDKTests;
				PRODUCT_NAME = "$(TARGET_NAME)";
			};
			name = Debug;
		};
		890D64131C0E0A5D008D39CA /* Release */ = {
			isa = XCBuildConfiguration;
			baseConfigurationReference = 279F35C430E85FE1B0317C2F /* Pods-SensorbergSDKTests.release.xcconfig */;
			buildSettings = {
				INFOPLIST_FILE = SensorbergSDKTests/Info.plist;
				LD_RUNPATH_SEARCH_PATHS = "$(inherited) @executable_path/Frameworks @loader_path/Frameworks";
				OTHER_CFLAGS = (
					"$(inherited)",
					"-isystem",
					"\"${PODS_ROOT}/Headers/Public\"",
					"-isystem",
					"\"${PODS_ROOT}/Headers/Public/JSONModel\"",
					"-isystem",
					"\"${PODS_ROOT}/Headers/Public/SensorbergSDK\"",
					"-isystem",
					"\"${PODS_ROOT}/Headers/Public/UICKeyChainStore\"",
					"-isystem",
					"\"${PODS_ROOT}/Headers/Public/objc-geohash\"",
					"-isystem",
					"\"${PODS_ROOT}/Headers/Public/tolo\"",
					"-D",
					"TEST_STAGING=0",
				);
				PRODUCT_BUNDLE_IDENTIFIER = com.sensorberg.SensorbergSDKTests;
				PRODUCT_NAME = "$(TARGET_NAME)";
			};
			name = Release;
		};
		8910B33E1C9226720003D02A /* Debug */ = {
			isa = XCBuildConfiguration;
			buildSettings = {
				PRODUCT_NAME = "$(TARGET_NAME)";
			};
			name = Debug;
		};
		8910B33F1C9226720003D02A /* Release */ = {
			isa = XCBuildConfiguration;
			buildSettings = {
				PRODUCT_NAME = "$(TARGET_NAME)";
			};
			name = Release;
		};
		891A98D71C0C4F090073E29C /* Debug */ = {
			isa = XCBuildConfiguration;
			buildSettings = {
				ALWAYS_SEARCH_USER_PATHS = NO;
				CLANG_CXX_LANGUAGE_STANDARD = "gnu++0x";
				CLANG_CXX_LIBRARY = "libc++";
				CLANG_ENABLE_MODULES = YES;
				CLANG_ENABLE_OBJC_ARC = YES;
				CLANG_WARN_BOOL_CONVERSION = YES;
				CLANG_WARN_CONSTANT_CONVERSION = YES;
				CLANG_WARN_DIRECT_OBJC_ISA_USAGE = YES_ERROR;
				CLANG_WARN_EMPTY_BODY = YES;
				CLANG_WARN_ENUM_CONVERSION = YES;
				CLANG_WARN_INFINITE_RECURSION = YES;
				CLANG_WARN_INT_CONVERSION = YES;
				CLANG_WARN_OBJC_ROOT_CLASS = YES_ERROR;
				CLANG_WARN_SUSPICIOUS_MOVE = YES;
				CLANG_WARN_UNREACHABLE_CODE = YES;
				CLANG_WARN__DUPLICATE_METHOD_MATCH = YES;
				"CODE_SIGN_IDENTITY[sdk=iphoneos*]" = "iPhone Developer";
				COPY_PHASE_STRIP = NO;
				DEBUG_INFORMATION_FORMAT = dwarf;
				ENABLE_STRICT_OBJC_MSGSEND = YES;
				ENABLE_TESTABILITY = YES;
				GCC_C_LANGUAGE_STANDARD = gnu99;
				GCC_DYNAMIC_NO_PIC = NO;
				GCC_NO_COMMON_BLOCKS = YES;
				GCC_OPTIMIZATION_LEVEL = 0;
				GCC_PREFIX_HEADER = "";
				GCC_PREPROCESSOR_DEFINITIONS = (
					"DEBUG=1",
					"$(inherited)",
				);
				GCC_WARN_64_TO_32_BIT_CONVERSION = YES;
				GCC_WARN_ABOUT_RETURN_TYPE = YES_ERROR;
				GCC_WARN_UNDECLARED_SELECTOR = YES;
				GCC_WARN_UNINITIALIZED_AUTOS = YES_AGGRESSIVE;
				GCC_WARN_UNUSED_FUNCTION = YES;
				GCC_WARN_UNUSED_VARIABLE = YES;
				IPHONEOS_DEPLOYMENT_TARGET = 8.0;
				MTL_ENABLE_DEBUG_INFO = YES;
				ONLY_ACTIVE_ARCH = YES;
				SDKROOT = iphoneos;
			};
			name = Debug;
		};
		891A98D81C0C4F090073E29C /* Release */ = {
			isa = XCBuildConfiguration;
			buildSettings = {
				ALWAYS_SEARCH_USER_PATHS = NO;
				CLANG_CXX_LANGUAGE_STANDARD = "gnu++0x";
				CLANG_CXX_LIBRARY = "libc++";
				CLANG_ENABLE_MODULES = YES;
				CLANG_ENABLE_OBJC_ARC = YES;
				CLANG_WARN_BOOL_CONVERSION = YES;
				CLANG_WARN_CONSTANT_CONVERSION = YES;
				CLANG_WARN_DIRECT_OBJC_ISA_USAGE = YES_ERROR;
				CLANG_WARN_EMPTY_BODY = YES;
				CLANG_WARN_ENUM_CONVERSION = YES;
				CLANG_WARN_INFINITE_RECURSION = YES;
				CLANG_WARN_INT_CONVERSION = YES;
				CLANG_WARN_OBJC_ROOT_CLASS = YES_ERROR;
				CLANG_WARN_SUSPICIOUS_MOVE = YES;
				CLANG_WARN_UNREACHABLE_CODE = YES;
				CLANG_WARN__DUPLICATE_METHOD_MATCH = YES;
				"CODE_SIGN_IDENTITY[sdk=iphoneos*]" = "iPhone Developer";
				COPY_PHASE_STRIP = NO;
				DEBUG_INFORMATION_FORMAT = "dwarf-with-dsym";
				ENABLE_NS_ASSERTIONS = NO;
				ENABLE_STRICT_OBJC_MSGSEND = YES;
				GCC_C_LANGUAGE_STANDARD = gnu99;
				GCC_NO_COMMON_BLOCKS = YES;
				GCC_PREFIX_HEADER = "";
				GCC_WARN_64_TO_32_BIT_CONVERSION = YES;
				GCC_WARN_ABOUT_RETURN_TYPE = YES_ERROR;
				GCC_WARN_UNDECLARED_SELECTOR = YES;
				GCC_WARN_UNINITIALIZED_AUTOS = YES_AGGRESSIVE;
				GCC_WARN_UNUSED_FUNCTION = YES;
				GCC_WARN_UNUSED_VARIABLE = YES;
				IPHONEOS_DEPLOYMENT_TARGET = 8.0;
				MTL_ENABLE_DEBUG_INFO = NO;
				SDKROOT = iphoneos;
				SWIFT_OPTIMIZATION_LEVEL = "-Owholemodule";
				VALIDATE_PRODUCT = YES;
			};
			name = Release;
		};
		891A98DA1C0C4F090073E29C /* Debug */ = {
			isa = XCBuildConfiguration;
			baseConfigurationReference = 8DA0EC660C344CECBB84A381 /* Pods-SensorbergSDK.debug.xcconfig */;
			buildSettings = {
				CURRENT_PROJECT_VERSION = A;
				DEBUG_INFORMATION_FORMAT = "dwarf-with-dsym";
				DYLIB_CURRENT_VERSION = "";
				GCC_PREFIX_HEADER = "";
				OTHER_LDFLAGS = "$(inherited)";
				PRODUCT_NAME = "$(TARGET_NAME)";
				SKIP_INSTALL = YES;
				TARGETED_DEVICE_FAMILY = "1,2";
				VERSIONING_SYSTEM = "";
			};
			name = Debug;
		};
		891A98DB1C0C4F090073E29C /* Release */ = {
			isa = XCBuildConfiguration;
			baseConfigurationReference = 799B01050C0B4E932DE64298 /* Pods-SensorbergSDK.release.xcconfig */;
			buildSettings = {
				CURRENT_PROJECT_VERSION = A;
				DYLIB_CURRENT_VERSION = "";
				GCC_PREFIX_HEADER = "";
				OTHER_LDFLAGS = "$(inherited)";
				PRODUCT_NAME = "$(TARGET_NAME)";
				SKIP_INSTALL = YES;
				TARGETED_DEVICE_FAMILY = "1,2";
				VERSIONING_SYSTEM = "";
			};
			name = Release;
		};
		89BBD9791D37A25B00A9D966 /* Debug */ = {
			isa = XCBuildConfiguration;
			baseConfigurationReference = EE8DF635481D681123F92E1B /* Pods-SBDemoAppSwift.debug.xcconfig */;
			buildSettings = {
				ASSETCATALOG_COMPILER_APPICON_NAME = AppIcon;
				CLANG_ANALYZER_NONNULL = YES;
				CODE_SIGN_IDENTITY = "iPhone Developer";
				INFOPLIST_FILE = SBDemoAppSwift/Info.plist;
				IPHONEOS_DEPLOYMENT_TARGET = 8.0;
				LD_RUNPATH_SEARCH_PATHS = "$(inherited) @executable_path/Frameworks";
				PRODUCT_BUNDLE_IDENTIFIER = com.sensorberg.SBDemoAppSwift;
				PRODUCT_NAME = "$(TARGET_NAME)";
				SWIFT_OPTIMIZATION_LEVEL = "-Onone";
				SWIFT_VERSION = 3.0;
			};
			name = Debug;
		};
		89BBD97A1D37A25B00A9D966 /* Release */ = {
			isa = XCBuildConfiguration;
			baseConfigurationReference = 4216AB3CD4945C97D716F6B1 /* Pods-SBDemoAppSwift.release.xcconfig */;
			buildSettings = {
				ASSETCATALOG_COMPILER_APPICON_NAME = AppIcon;
				CLANG_ANALYZER_NONNULL = YES;
				CODE_SIGN_IDENTITY = "iPhone Developer";
				INFOPLIST_FILE = SBDemoAppSwift/Info.plist;
				IPHONEOS_DEPLOYMENT_TARGET = 8.0;
				LD_RUNPATH_SEARCH_PATHS = "$(inherited) @executable_path/Frameworks";
				PRODUCT_BUNDLE_IDENTIFIER = com.sensorberg.SBDemoAppSwift;
				PRODUCT_NAME = "$(TARGET_NAME)";
				SWIFT_VERSION = 3.0;
			};
			name = Release;
		};
		89E9BAA51C45B77900037EAC /* Debug */ = {
			isa = XCBuildConfiguration;
			baseConfigurationReference = 4F2ACB892F9C973818CD26CC /* Pods-SBDemoApp.debug.xcconfig */;
			buildSettings = {
				ASSETCATALOG_COMPILER_APPICON_NAME = AppIcon;
				CODE_SIGN_IDENTITY = "iPhone Developer";
				DEVELOPMENT_TEAM = 4CXX7T9ASM;
				FRAMEWORK_SEARCH_PATHS = "$(inherited)";
				INFOPLIST_FILE = SBDemoApp/Info.plist;
				IPHONEOS_DEPLOYMENT_TARGET = 8.0;
				LD_RUNPATH_SEARCH_PATHS = "$(inherited) @executable_path/Frameworks";
				PRODUCT_BUNDLE_IDENTIFIER = com.sensorberg.SBDemoApp;
				PRODUCT_NAME = "$(TARGET_NAME)";
				PROVISIONING_PROFILE = "";
				PROVISIONING_PROFILE_SPECIFIER = "";
			};
			name = Debug;
		};
		89E9BAA61C45B77900037EAC /* Release */ = {
			isa = XCBuildConfiguration;
			baseConfigurationReference = 5B730604EFB9F141CECEE850 /* Pods-SBDemoApp.release.xcconfig */;
			buildSettings = {
				ASSETCATALOG_COMPILER_APPICON_NAME = AppIcon;
				CODE_SIGN_IDENTITY = "iPhone Distribution";
				DEVELOPMENT_TEAM = 4CXX7T9ASM;
				FRAMEWORK_SEARCH_PATHS = "$(inherited)";
				INFOPLIST_FILE = SBDemoApp/Info.plist;
				IPHONEOS_DEPLOYMENT_TARGET = 8.0;
				LD_RUNPATH_SEARCH_PATHS = "$(inherited) @executable_path/Frameworks";
				PRODUCT_BUNDLE_IDENTIFIER = com.sensorberg.SBDemoApp;
				PRODUCT_NAME = "$(TARGET_NAME)";
				PROVISIONING_PROFILE = "";
				PROVISIONING_PROFILE_SPECIFIER = "";
			};
			name = Release;
		};
/* End XCBuildConfiguration section */

/* Begin XCConfigurationList section */
		890D64141C0E0A5D008D39CA /* Build configuration list for PBXNativeTarget "SensorbergSDKTests" */ = {
			isa = XCConfigurationList;
			buildConfigurations = (
				890D64121C0E0A5D008D39CA /* Debug */,
				890D64131C0E0A5D008D39CA /* Release */,
			);
			defaultConfigurationIsVisible = 0;
			defaultConfigurationName = Release;
		};
		8910B3401C9226720003D02A /* Build configuration list for PBXAggregateTarget "SensorbergSDK_Documentation" */ = {
			isa = XCConfigurationList;
			buildConfigurations = (
				8910B33E1C9226720003D02A /* Debug */,
				8910B33F1C9226720003D02A /* Release */,
			);
			defaultConfigurationIsVisible = 0;
			defaultConfigurationName = Release;
		};
		891A98CB1C0C4F090073E29C /* Build configuration list for PBXProject "SensorbergSDK" */ = {
			isa = XCConfigurationList;
			buildConfigurations = (
				891A98D71C0C4F090073E29C /* Debug */,
				891A98D81C0C4F090073E29C /* Release */,
			);
			defaultConfigurationIsVisible = 0;
			defaultConfigurationName = Release;
		};
		891A98D91C0C4F090073E29C /* Build configuration list for PBXNativeTarget "SensorbergSDK" */ = {
			isa = XCConfigurationList;
			buildConfigurations = (
				891A98DA1C0C4F090073E29C /* Debug */,
				891A98DB1C0C4F090073E29C /* Release */,
			);
			defaultConfigurationIsVisible = 0;
			defaultConfigurationName = Release;
		};
		89BBD97B1D37A25B00A9D966 /* Build configuration list for PBXNativeTarget "SBDemoAppSwift" */ = {
			isa = XCConfigurationList;
			buildConfigurations = (
				89BBD9791D37A25B00A9D966 /* Debug */,
				89BBD97A1D37A25B00A9D966 /* Release */,
			);
			defaultConfigurationIsVisible = 0;
			defaultConfigurationName = Release;
		};
		89E9BAA41C45B77900037EAC /* Build configuration list for PBXNativeTarget "SBDemoApp" */ = {
			isa = XCConfigurationList;
			buildConfigurations = (
				89E9BAA51C45B77900037EAC /* Debug */,
				89E9BAA61C45B77900037EAC /* Release */,
			);
			defaultConfigurationIsVisible = 0;
			defaultConfigurationName = Release;
		};
/* End XCConfigurationList section */
	};
	rootObject = 891A98C81C0C4F090073E29C /* Project object */;
}
