// !$*UTF8*$!
{
	archiveVersion = 1;
	classes = {
	};
	objectVersion = 46;
	objects = {

/* Begin PBXAggregateTarget section */
		8910B33D1C9226720003D02A /* SensorbergSDK_Documentation */ = {
			isa = PBXAggregateTarget;
			buildConfigurationList = 8910B3401C9226720003D02A /* Build configuration list for PBXAggregateTarget "SensorbergSDK_Documentation" */;
			buildPhases = (
				8910B3411C9226870003D02A /* ShellScript */,
			);
			dependencies = (
			);
			name = SensorbergSDK_Documentation;
			productName = SensorbergSDK_Documentation;
		};
/* End PBXAggregateTarget section */

/* Begin PBXBuildFile section */
		06AF09464FEA915EBAB75B3C /* Pods_SensorbergSDKTests.framework in Frameworks */ = {isa = PBXBuildFile; fileRef = 29444B694500A49AC137A845 /* Pods_SensorbergSDKTests.framework */; };
		890D640D1C0E0A5D008D39CA /* SensorbergSDKTests.m in Sources */ = {isa = PBXBuildFile; fileRef = 890D640C1C0E0A5D008D39CA /* SensorbergSDKTests.m */; };
		891A98D41C0C4F090073E29C /* SensorbergSDK.h in CopyFiles */ = {isa = PBXBuildFile; fileRef = 891A98D31C0C4F090073E29C /* SensorbergSDK.h */; };
		891A98D61C0C4F090073E29C /* SensorbergSDK.m in Sources */ = {isa = PBXBuildFile; fileRef = 891A98D51C0C4F090073E29C /* SensorbergSDK.m */; };
		891A99231C0C5A030073E29C /* SBManager.m in Sources */ = {isa = PBXBuildFile; fileRef = 891A99081C0C5A030073E29C /* SBManager.m */; };
		891A99281C0C5D820073E29C /* SensorbergSDK.h in Headers */ = {isa = PBXBuildFile; fileRef = 891A98D31C0C4F090073E29C /* SensorbergSDK.h */; settings = {ATTRIBUTES = (Public, ); }; };
		891A993D1C0C5D830073E29C /* SBManager.h in Headers */ = {isa = PBXBuildFile; fileRef = 891A99071C0C5A030073E29C /* SBManager.h */; settings = {ATTRIBUTES = (Public, ); }; };
		891A99431C0C62A40073E29C /* SBEvent.h in Headers */ = {isa = PBXBuildFile; fileRef = 891A99411C0C62A40073E29C /* SBEvent.h */; settings = {ATTRIBUTES = (Public, ); }; };
		891A99441C0C62A40073E29C /* SBEvent.m in Sources */ = {isa = PBXBuildFile; fileRef = 891A99421C0C62A40073E29C /* SBEvent.m */; };
		891A994B1C0C78760073E29C /* SBModel.h in Headers */ = {isa = PBXBuildFile; fileRef = 891A99491C0C78760073E29C /* SBModel.h */; settings = {ATTRIBUTES = (Public, ); }; };
		891A994C1C0C78760073E29C /* SBModel.m in Sources */ = {isa = PBXBuildFile; fileRef = 891A994A1C0C78760073E29C /* SBModel.m */; };
		891A99531C0C83B50073E29C /* SBEnums.h in Headers */ = {isa = PBXBuildFile; fileRef = 891A99511C0C83B50073E29C /* SBEnums.h */; settings = {ATTRIBUTES = (Public, ); }; };
		891A99541C0C83B50073E29C /* SBEnums.m in Sources */ = {isa = PBXBuildFile; fileRef = 891A99521C0C83B50073E29C /* SBEnums.m */; };
		891A996D1C0C9B360073E29C /* SBAnalytics.h in Headers */ = {isa = PBXBuildFile; fileRef = 891A995B1C0C9B360073E29C /* SBAnalytics.h */; settings = {ATTRIBUTES = (Private, ); }; };
		891A996E1C0C9B360073E29C /* SBAnalytics.m in Sources */ = {isa = PBXBuildFile; fileRef = 891A995C1C0C9B360073E29C /* SBAnalytics.m */; };
		891A99711C0C9B360073E29C /* SBInternalEvents.h in Headers */ = {isa = PBXBuildFile; fileRef = 891A995F1C0C9B360073E29C /* SBInternalEvents.h */; settings = {ATTRIBUTES = (Private, ); }; };
		891A99721C0C9B360073E29C /* SBInternalEvents.m in Sources */ = {isa = PBXBuildFile; fileRef = 891A99601C0C9B360073E29C /* SBInternalEvents.m */; };
		891A99731C0C9B360073E29C /* SBInternalModels.h in Headers */ = {isa = PBXBuildFile; fileRef = 891A99611C0C9B360073E29C /* SBInternalModels.h */; settings = {ATTRIBUTES = (Private, ); }; };
		891A99741C0C9B360073E29C /* SBInternalModels.m in Sources */ = {isa = PBXBuildFile; fileRef = 891A99621C0C9B360073E29C /* SBInternalModels.m */; };
		891A99751C0C9B360073E29C /* SBLocation.h in Headers */ = {isa = PBXBuildFile; fileRef = 891A99631C0C9B360073E29C /* SBLocation.h */; settings = {ATTRIBUTES = (Private, ); }; };
		891A99761C0C9B360073E29C /* SBLocation.m in Sources */ = {isa = PBXBuildFile; fileRef = 891A99641C0C9B360073E29C /* SBLocation.m */; };
		891A99771C0C9B360073E29C /* SBResolver.h in Headers */ = {isa = PBXBuildFile; fileRef = 891A99651C0C9B360073E29C /* SBResolver.h */; settings = {ATTRIBUTES = (Private, ); }; };
		891A99781C0C9B360073E29C /* SBResolver.m in Sources */ = {isa = PBXBuildFile; fileRef = 891A99661C0C9B360073E29C /* SBResolver.m */; };
		891A99791C0C9B360073E29C /* SBSettings.h in Headers */ = {isa = PBXBuildFile; fileRef = 891A99671C0C9B360073E29C /* SBSettings.h */; settings = {ATTRIBUTES = (Private, ); }; };
		891A997A1C0C9B360073E29C /* SBSettings.m in Sources */ = {isa = PBXBuildFile; fileRef = 891A99681C0C9B360073E29C /* SBSettings.m */; };
		891A997B1C0C9B360073E29C /* SBUtility.h in Headers */ = {isa = PBXBuildFile; fileRef = 891A99691C0C9B360073E29C /* SBUtility.h */; settings = {ATTRIBUTES = (Private, ); }; };
		891A997C1C0C9B360073E29C /* SBUtility.m in Sources */ = {isa = PBXBuildFile; fileRef = 891A996A1C0C9B360073E29C /* SBUtility.m */; };
		894F6C751CAAC3DC0007505B /* AdSupport.framework in Frameworks */ = {isa = PBXBuildFile; fileRef = 894F6C741CAAC3DC0007505B /* AdSupport.framework */; };
		8972821F1C8EE8A500DB6DF7 /* SBBluetooth.h in Headers */ = {isa = PBXBuildFile; fileRef = 8972821D1C8EE8A500DB6DF7 /* SBBluetooth.h */; settings = {ATTRIBUTES = (Public, ); }; };
		897282201C8EE8A500DB6DF7 /* SBBluetooth.m in Sources */ = {isa = PBXBuildFile; fileRef = 8972821E1C8EE8A500DB6DF7 /* SBBluetooth.m */; };
		8972823C1C8EEF0600DB6DF7 /* CBCharacteristic+SBCharacteristic.h in Headers */ = {isa = PBXBuildFile; fileRef = 897282361C8EEF0600DB6DF7 /* CBCharacteristic+SBCharacteristic.h */; settings = {ATTRIBUTES = (Public, ); }; };
		8972823D1C8EEF0600DB6DF7 /* CBCharacteristic+SBCharacteristic.m in Sources */ = {isa = PBXBuildFile; fileRef = 897282371C8EEF0600DB6DF7 /* CBCharacteristic+SBCharacteristic.m */; };
		8972823E1C8EEF0600DB6DF7 /* CBPeripheral+SBPeripheral.h in Headers */ = {isa = PBXBuildFile; fileRef = 897282381C8EEF0600DB6DF7 /* CBPeripheral+SBPeripheral.h */; settings = {ATTRIBUTES = (Private, ); }; };
		8972823F1C8EEF0600DB6DF7 /* CBPeripheral+SBPeripheral.m in Sources */ = {isa = PBXBuildFile; fileRef = 897282391C8EEF0600DB6DF7 /* CBPeripheral+SBPeripheral.m */; };
		897282401C8EEF0600DB6DF7 /* NSString+SBUUID.h in Headers */ = {isa = PBXBuildFile; fileRef = 8972823A1C8EEF0600DB6DF7 /* NSString+SBUUID.h */; settings = {ATTRIBUTES = (Private, ); }; };
		897282411C8EEF0600DB6DF7 /* NSString+SBUUID.m in Sources */ = {isa = PBXBuildFile; fileRef = 8972823B1C8EEF0600DB6DF7 /* NSString+SBUUID.m */; };
		89E9BA941C45B77900037EAC /* main.m in Sources */ = {isa = PBXBuildFile; fileRef = 89E9BA931C45B77900037EAC /* main.m */; };
		89E9BA971C45B77900037EAC /* AppDelegate.m in Sources */ = {isa = PBXBuildFile; fileRef = 89E9BA961C45B77900037EAC /* AppDelegate.m */; };
		89E9BA9D1C45B77900037EAC /* Main.storyboard in Resources */ = {isa = PBXBuildFile; fileRef = 89E9BA9B1C45B77900037EAC /* Main.storyboard */; };
		89E9BA9F1C45B77900037EAC /* Assets.xcassets in Resources */ = {isa = PBXBuildFile; fileRef = 89E9BA9E1C45B77900037EAC /* Assets.xcassets */; };
		89E9BAA21C45B77900037EAC /* LaunchScreen.storyboard in Resources */ = {isa = PBXBuildFile; fileRef = 89E9BAA01C45B77900037EAC /* LaunchScreen.storyboard */; };
		89E9BAAC1C45BA3100037EAC /* BeaconsViewController.m in Sources */ = {isa = PBXBuildFile; fileRef = 89E9BAAB1C45BA3100037EAC /* BeaconsViewController.m */; };
		89F003C51CAD2126002391D7 /* SensorbergSDK.m in Sources */ = {isa = PBXBuildFile; fileRef = 891A98D51C0C4F090073E29C /* SensorbergSDK.m */; };
		89F003C61CAD2126002391D7 /* SBBluetooth.m in Sources */ = {isa = PBXBuildFile; fileRef = 8972821E1C8EE8A500DB6DF7 /* SBBluetooth.m */; };
		89F003C71CAD2126002391D7 /* SBManager.m in Sources */ = {isa = PBXBuildFile; fileRef = 891A99081C0C5A030073E29C /* SBManager.m */; };
		89F003C81CAD2126002391D7 /* SBEvent.m in Sources */ = {isa = PBXBuildFile; fileRef = 891A99421C0C62A40073E29C /* SBEvent.m */; };
		89F003C91CAD2126002391D7 /* SBModel.m in Sources */ = {isa = PBXBuildFile; fileRef = 891A994A1C0C78760073E29C /* SBModel.m */; };
		89F003CA1CAD2126002391D7 /* SBEnums.m in Sources */ = {isa = PBXBuildFile; fileRef = 891A99521C0C83B50073E29C /* SBEnums.m */; };
		89F003CB1CAD2126002391D7 /* CBCharacteristic+SBCharacteristic.m in Sources */ = {isa = PBXBuildFile; fileRef = 897282371C8EEF0600DB6DF7 /* CBCharacteristic+SBCharacteristic.m */; };
		89F003CC1CAD2126002391D7 /* CBPeripheral+SBPeripheral.m in Sources */ = {isa = PBXBuildFile; fileRef = 897282391C8EEF0600DB6DF7 /* CBPeripheral+SBPeripheral.m */; };
		89F003CD1CAD2126002391D7 /* NSString+SBUUID.m in Sources */ = {isa = PBXBuildFile; fileRef = 8972823B1C8EEF0600DB6DF7 /* NSString+SBUUID.m */; };
		89F003CE1CAD2126002391D7 /* SBAnalytics.m in Sources */ = {isa = PBXBuildFile; fileRef = 891A995C1C0C9B360073E29C /* SBAnalytics.m */; };
		89F003CF1CAD2126002391D7 /* SBInternalEvents.m in Sources */ = {isa = PBXBuildFile; fileRef = 891A99601C0C9B360073E29C /* SBInternalEvents.m */; };
		89F003D01CAD2126002391D7 /* SBInternalModels.m in Sources */ = {isa = PBXBuildFile; fileRef = 891A99621C0C9B360073E29C /* SBInternalModels.m */; };
		89F003D11CAD2126002391D7 /* SBLocation.m in Sources */ = {isa = PBXBuildFile; fileRef = 891A99641C0C9B360073E29C /* SBLocation.m */; };
		89F003D21CAD2126002391D7 /* SBResolver.m in Sources */ = {isa = PBXBuildFile; fileRef = 891A99661C0C9B360073E29C /* SBResolver.m */; };
		89F003D31CAD2126002391D7 /* SBSettings.m in Sources */ = {isa = PBXBuildFile; fileRef = 891A99681C0C9B360073E29C /* SBSettings.m */; };
		89F003D41CAD2126002391D7 /* SBUtility.m in Sources */ = {isa = PBXBuildFile; fileRef = 891A996A1C0C9B360073E29C /* SBUtility.m */; };
		89F003D61CAD226D002391D7 /* bfdfe1ec8020c2adb1ad7e56ce2fbf75791ce7213b505d63de5d6d3d39717a22.json in Resources */ = {isa = PBXBuildFile; fileRef = 89F003D51CAD226D002391D7 /* bfdfe1ec8020c2adb1ad7e56ce2fbf75791ce7213b505d63de5d6d3d39717a22.json */; };
		97F0422D55A93CEE29DBBF67 /* Pods_SBDemoApp.framework in Frameworks */ = {isa = PBXBuildFile; fileRef = 46CF06E5B4E6B31D489F0160 /* Pods_SBDemoApp.framework */; };
		C673CB3F5D2A6C65E48816A7 /* Pods_SensorbergSDK.framework in Frameworks */ = {isa = PBXBuildFile; fileRef = F981BF155476788EE097DAD9 /* Pods_SensorbergSDK.framework */; };
/* End PBXBuildFile section */

/* Begin PBXContainerItemProxy section */
		890D64101C0E0A5D008D39CA /* PBXContainerItemProxy */ = {
			isa = PBXContainerItemProxy;
			containerPortal = 891A98C81C0C4F090073E29C /* Project object */;
			proxyType = 1;
			remoteGlobalIDString = 891A98CF1C0C4F090073E29C;
			remoteInfo = SensorbergSDK;
		};
/* End PBXContainerItemProxy section */

/* Begin PBXCopyFilesBuildPhase section */
		891A98CE1C0C4F090073E29C /* CopyFiles */ = {
			isa = PBXCopyFilesBuildPhase;
			buildActionMask = 2147483647;
			dstPath = "include/$(PRODUCT_NAME)";
			dstSubfolderSpec = 16;
			files = (
				891A98D41C0C4F090073E29C /* SensorbergSDK.h in CopyFiles */,
			);
			runOnlyForDeploymentPostprocessing = 0;
		};
/* End PBXCopyFilesBuildPhase section */

/* Begin PBXFileReference section */
		29444B694500A49AC137A845 /* Pods_SensorbergSDKTests.framework */ = {isa = PBXFileReference; explicitFileType = wrapper.framework; includeInIndex = 0; path = Pods_SensorbergSDKTests.framework; sourceTree = BUILT_PRODUCTS_DIR; };
		311138B4B0885EA21DF2EE59 /* Pods-SensorbergSDK.debug.xcconfig */ = {isa = PBXFileReference; includeInIndex = 1; lastKnownFileType = text.xcconfig; name = "Pods-SensorbergSDK.debug.xcconfig"; path = "Pods/Target Support Files/Pods-SensorbergSDK/Pods-SensorbergSDK.debug.xcconfig"; sourceTree = "<group>"; };
		379721B69C098D11DF672CF7 /* Pods_SBDemoAppSwift.framework */ = {isa = PBXFileReference; explicitFileType = wrapper.framework; includeInIndex = 0; path = Pods_SBDemoAppSwift.framework; sourceTree = BUILT_PRODUCTS_DIR; };
		46CF06E5B4E6B31D489F0160 /* Pods_SBDemoApp.framework */ = {isa = PBXFileReference; explicitFileType = wrapper.framework; includeInIndex = 0; path = Pods_SBDemoApp.framework; sourceTree = BUILT_PRODUCTS_DIR; };
		65F21D762C1E547965751136 /* Pods-SBDemoAppSwift.debug.xcconfig */ = {isa = PBXFileReference; includeInIndex = 1; lastKnownFileType = text.xcconfig; name = "Pods-SBDemoAppSwift.debug.xcconfig"; path = "Pods/Target Support Files/Pods-SBDemoAppSwift/Pods-SBDemoAppSwift.debug.xcconfig"; sourceTree = "<group>"; };
		71FF5E53F9F1176ACD8A2871 /* Pods-SBDemoApp.debug.xcconfig */ = {isa = PBXFileReference; includeInIndex = 1; lastKnownFileType = text.xcconfig; name = "Pods-SBDemoApp.debug.xcconfig"; path = "Pods/Target Support Files/Pods-SBDemoApp/Pods-SBDemoApp.debug.xcconfig"; sourceTree = "<group>"; };
		890D640A1C0E0A5D008D39CA /* SensorbergSDKTests.xctest */ = {isa = PBXFileReference; explicitFileType = wrapper.cfbundle; includeInIndex = 0; path = SensorbergSDKTests.xctest; sourceTree = BUILT_PRODUCTS_DIR; };
		890D640C1C0E0A5D008D39CA /* SensorbergSDKTests.m */ = {isa = PBXFileReference; lastKnownFileType = sourcecode.c.objc; path = SensorbergSDKTests.m; sourceTree = "<group>"; };
		890D640E1C0E0A5D008D39CA /* Info.plist */ = {isa = PBXFileReference; lastKnownFileType = text.plist.xml; path = Info.plist; sourceTree = "<group>"; };
		891A98D01C0C4F090073E29C /* libSensorbergSDK.a */ = {isa = PBXFileReference; explicitFileType = archive.ar; includeInIndex = 0; path = libSensorbergSDK.a; sourceTree = BUILT_PRODUCTS_DIR; };
		891A98D31C0C4F090073E29C /* SensorbergSDK.h */ = {isa = PBXFileReference; lastKnownFileType = sourcecode.c.h; path = SensorbergSDK.h; sourceTree = "<group>"; };
		891A98D51C0C4F090073E29C /* SensorbergSDK.m */ = {isa = PBXFileReference; lastKnownFileType = sourcecode.c.objc; path = SensorbergSDK.m; sourceTree = "<group>"; };
		891A99071C0C5A030073E29C /* SBManager.h */ = {isa = PBXFileReference; fileEncoding = 4; lastKnownFileType = sourcecode.c.h; path = SBManager.h; sourceTree = "<group>"; };
		891A99081C0C5A030073E29C /* SBManager.m */ = {isa = PBXFileReference; fileEncoding = 4; lastKnownFileType = sourcecode.c.objc; path = SBManager.m; sourceTree = "<group>"; };
		891A99411C0C62A40073E29C /* SBEvent.h */ = {isa = PBXFileReference; fileEncoding = 4; lastKnownFileType = sourcecode.c.h; name = SBEvent.h; path = SensorbergSDK/SBEvent.h; sourceTree = SOURCE_ROOT; };
		891A99421C0C62A40073E29C /* SBEvent.m */ = {isa = PBXFileReference; fileEncoding = 4; lastKnownFileType = sourcecode.c.objc; name = SBEvent.m; path = SensorbergSDK/SBEvent.m; sourceTree = SOURCE_ROOT; };
		891A99491C0C78760073E29C /* SBModel.h */ = {isa = PBXFileReference; fileEncoding = 4; lastKnownFileType = sourcecode.c.h; path = SBModel.h; sourceTree = "<group>"; };
		891A994A1C0C78760073E29C /* SBModel.m */ = {isa = PBXFileReference; fileEncoding = 4; lastKnownFileType = sourcecode.c.objc; path = SBModel.m; sourceTree = "<group>"; };
		891A99511C0C83B50073E29C /* SBEnums.h */ = {isa = PBXFileReference; fileEncoding = 4; lastKnownFileType = sourcecode.c.h; path = SBEnums.h; sourceTree = "<group>"; };
		891A99521C0C83B50073E29C /* SBEnums.m */ = {isa = PBXFileReference; fileEncoding = 4; lastKnownFileType = sourcecode.c.objc; path = SBEnums.m; sourceTree = "<group>"; };
		891A995B1C0C9B360073E29C /* SBAnalytics.h */ = {isa = PBXFileReference; fileEncoding = 4; lastKnownFileType = sourcecode.c.h; path = SBAnalytics.h; sourceTree = "<group>"; };
		891A995C1C0C9B360073E29C /* SBAnalytics.m */ = {isa = PBXFileReference; fileEncoding = 4; lastKnownFileType = sourcecode.c.objc; path = SBAnalytics.m; sourceTree = "<group>"; };
		891A995F1C0C9B360073E29C /* SBInternalEvents.h */ = {isa = PBXFileReference; fileEncoding = 4; lastKnownFileType = sourcecode.c.h; path = SBInternalEvents.h; sourceTree = "<group>"; };
		891A99601C0C9B360073E29C /* SBInternalEvents.m */ = {isa = PBXFileReference; fileEncoding = 4; lastKnownFileType = sourcecode.c.objc; path = SBInternalEvents.m; sourceTree = "<group>"; };
		891A99611C0C9B360073E29C /* SBInternalModels.h */ = {isa = PBXFileReference; fileEncoding = 4; lastKnownFileType = sourcecode.c.h; path = SBInternalModels.h; sourceTree = "<group>"; };
		891A99621C0C9B360073E29C /* SBInternalModels.m */ = {isa = PBXFileReference; fileEncoding = 4; lastKnownFileType = sourcecode.c.objc; path = SBInternalModels.m; sourceTree = "<group>"; };
		891A99631C0C9B360073E29C /* SBLocation.h */ = {isa = PBXFileReference; fileEncoding = 4; lastKnownFileType = sourcecode.c.h; path = SBLocation.h; sourceTree = "<group>"; };
		891A99641C0C9B360073E29C /* SBLocation.m */ = {isa = PBXFileReference; fileEncoding = 4; lastKnownFileType = sourcecode.c.objc; path = SBLocation.m; sourceTree = "<group>"; };
		891A99651C0C9B360073E29C /* SBResolver.h */ = {isa = PBXFileReference; fileEncoding = 4; lastKnownFileType = sourcecode.c.h; path = SBResolver.h; sourceTree = "<group>"; };
		891A99661C0C9B360073E29C /* SBResolver.m */ = {isa = PBXFileReference; fileEncoding = 4; lastKnownFileType = sourcecode.c.objc; path = SBResolver.m; sourceTree = "<group>"; };
		891A99671C0C9B360073E29C /* SBSettings.h */ = {isa = PBXFileReference; fileEncoding = 4; lastKnownFileType = sourcecode.c.h; path = SBSettings.h; sourceTree = "<group>"; };
		891A99681C0C9B360073E29C /* SBSettings.m */ = {isa = PBXFileReference; fileEncoding = 4; lastKnownFileType = sourcecode.c.objc; path = SBSettings.m; sourceTree = "<group>"; };
		891A99691C0C9B360073E29C /* SBUtility.h */ = {isa = PBXFileReference; fileEncoding = 4; lastKnownFileType = sourcecode.c.h; path = SBUtility.h; sourceTree = "<group>"; };
		891A996A1C0C9B360073E29C /* SBUtility.m */ = {isa = PBXFileReference; fileEncoding = 4; lastKnownFileType = sourcecode.c.objc; path = SBUtility.m; sourceTree = "<group>"; };
		894F6C741CAAC3DC0007505B /* AdSupport.framework */ = {isa = PBXFileReference; lastKnownFileType = wrapper.framework; name = AdSupport.framework; path = System/Library/Frameworks/AdSupport.framework; sourceTree = SDKROOT; };
		8972821D1C8EE8A500DB6DF7 /* SBBluetooth.h */ = {isa = PBXFileReference; fileEncoding = 4; lastKnownFileType = sourcecode.c.h; path = SBBluetooth.h; sourceTree = "<group>"; };
		8972821E1C8EE8A500DB6DF7 /* SBBluetooth.m */ = {isa = PBXFileReference; fileEncoding = 4; lastKnownFileType = sourcecode.c.objc; path = SBBluetooth.m; sourceTree = "<group>"; };
		897282361C8EEF0600DB6DF7 /* CBCharacteristic+SBCharacteristic.h */ = {isa = PBXFileReference; fileEncoding = 4; lastKnownFileType = sourcecode.c.h; path = "CBCharacteristic+SBCharacteristic.h"; sourceTree = "<group>"; };
		897282371C8EEF0600DB6DF7 /* CBCharacteristic+SBCharacteristic.m */ = {isa = PBXFileReference; fileEncoding = 4; lastKnownFileType = sourcecode.c.objc; path = "CBCharacteristic+SBCharacteristic.m"; sourceTree = "<group>"; };
		897282381C8EEF0600DB6DF7 /* CBPeripheral+SBPeripheral.h */ = {isa = PBXFileReference; fileEncoding = 4; lastKnownFileType = sourcecode.c.h; path = "CBPeripheral+SBPeripheral.h"; sourceTree = "<group>"; };
		897282391C8EEF0600DB6DF7 /* CBPeripheral+SBPeripheral.m */ = {isa = PBXFileReference; fileEncoding = 4; lastKnownFileType = sourcecode.c.objc; path = "CBPeripheral+SBPeripheral.m"; sourceTree = "<group>"; };
		8972823A1C8EEF0600DB6DF7 /* NSString+SBUUID.h */ = {isa = PBXFileReference; fileEncoding = 4; lastKnownFileType = sourcecode.c.h; path = "NSString+SBUUID.h"; sourceTree = "<group>"; };
		8972823B1C8EEF0600DB6DF7 /* NSString+SBUUID.m */ = {isa = PBXFileReference; fileEncoding = 4; lastKnownFileType = sourcecode.c.objc; path = "NSString+SBUUID.m"; sourceTree = "<group>"; };
		89E9BA901C45B77900037EAC /* SBDemoApp.app */ = {isa = PBXFileReference; explicitFileType = wrapper.application; includeInIndex = 0; path = SBDemoApp.app; sourceTree = BUILT_PRODUCTS_DIR; };
		89E9BA931C45B77900037EAC /* main.m */ = {isa = PBXFileReference; lastKnownFileType = sourcecode.c.objc; path = main.m; sourceTree = "<group>"; };
		89E9BA951C45B77900037EAC /* AppDelegate.h */ = {isa = PBXFileReference; lastKnownFileType = sourcecode.c.h; path = AppDelegate.h; sourceTree = "<group>"; };
		89E9BA961C45B77900037EAC /* AppDelegate.m */ = {isa = PBXFileReference; lastKnownFileType = sourcecode.c.objc; path = AppDelegate.m; sourceTree = "<group>"; };
		89E9BA9C1C45B77900037EAC /* Base */ = {isa = PBXFileReference; lastKnownFileType = file.storyboard; name = Base; path = Base.lproj/Main.storyboard; sourceTree = "<group>"; };
		89E9BA9E1C45B77900037EAC /* Assets.xcassets */ = {isa = PBXFileReference; lastKnownFileType = folder.assetcatalog; path = Assets.xcassets; sourceTree = "<group>"; };
		89E9BAA11C45B77900037EAC /* Base */ = {isa = PBXFileReference; lastKnownFileType = file.storyboard; name = Base; path = Base.lproj/LaunchScreen.storyboard; sourceTree = "<group>"; };
		89E9BAA31C45B77900037EAC /* Info.plist */ = {isa = PBXFileReference; lastKnownFileType = text.plist.xml; path = Info.plist; sourceTree = "<group>"; };
		89E9BAAA1C45BA3100037EAC /* BeaconsViewController.h */ = {isa = PBXFileReference; fileEncoding = 4; lastKnownFileType = sourcecode.c.h; path = BeaconsViewController.h; sourceTree = "<group>"; };
		89E9BAAB1C45BA3100037EAC /* BeaconsViewController.m */ = {isa = PBXFileReference; fileEncoding = 4; lastKnownFileType = sourcecode.c.objc; path = BeaconsViewController.m; sourceTree = "<group>"; };
		89F003D51CAD226D002391D7 /* bfdfe1ec8020c2adb1ad7e56ce2fbf75791ce7213b505d63de5d6d3d39717a22.json */ = {isa = PBXFileReference; fileEncoding = 4; lastKnownFileType = text.json; path = bfdfe1ec8020c2adb1ad7e56ce2fbf75791ce7213b505d63de5d6d3d39717a22.json; sourceTree = "<group>"; };
		AE1F39AF5537CDA259F70B5A /* Pods-SensorbergSDKTests.debug.xcconfig */ = {isa = PBXFileReference; includeInIndex = 1; lastKnownFileType = text.xcconfig; name = "Pods-SensorbergSDKTests.debug.xcconfig"; path = "Pods/Target Support Files/Pods-SensorbergSDKTests/Pods-SensorbergSDKTests.debug.xcconfig"; sourceTree = "<group>"; };
		C586BD67ADBD898918769CBD /* Pods-SBDemoApp.release.xcconfig */ = {isa = PBXFileReference; includeInIndex = 1; lastKnownFileType = text.xcconfig; name = "Pods-SBDemoApp.release.xcconfig"; path = "Pods/Target Support Files/Pods-SBDemoApp/Pods-SBDemoApp.release.xcconfig"; sourceTree = "<group>"; };
		CF09274E378D881014D56139 /* Pods-SensorbergSDKTests.release.xcconfig */ = {isa = PBXFileReference; includeInIndex = 1; lastKnownFileType = text.xcconfig; name = "Pods-SensorbergSDKTests.release.xcconfig"; path = "Pods/Target Support Files/Pods-SensorbergSDKTests/Pods-SensorbergSDKTests.release.xcconfig"; sourceTree = "<group>"; };
		D3BC272C798E7B47D699038B /* Pods-SensorbergSDK.release.xcconfig */ = {isa = PBXFileReference; includeInIndex = 1; lastKnownFileType = text.xcconfig; name = "Pods-SensorbergSDK.release.xcconfig"; path = "Pods/Target Support Files/Pods-SensorbergSDK/Pods-SensorbergSDK.release.xcconfig"; sourceTree = "<group>"; };
		F15F66335F77EB4B6228B873 /* Pods-SBDemoAppSwift.release.xcconfig */ = {isa = PBXFileReference; includeInIndex = 1; lastKnownFileType = text.xcconfig; name = "Pods-SBDemoAppSwift.release.xcconfig"; path = "Pods/Target Support Files/Pods-SBDemoAppSwift/Pods-SBDemoAppSwift.release.xcconfig"; sourceTree = "<group>"; };
		F981BF155476788EE097DAD9 /* Pods_SensorbergSDK.framework */ = {isa = PBXFileReference; explicitFileType = wrapper.framework; includeInIndex = 0; path = Pods_SensorbergSDK.framework; sourceTree = BUILT_PRODUCTS_DIR; };
/* End PBXFileReference section */

/* Begin PBXFrameworksBuildPhase section */
		890D64071C0E0A5D008D39CA /* Frameworks */ = {
			isa = PBXFrameworksBuildPhase;
			buildActionMask = 2147483647;
			files = (
				06AF09464FEA915EBAB75B3C /* Pods_SensorbergSDKTests.framework in Frameworks */,
			);
			runOnlyForDeploymentPostprocessing = 0;
		};
		891A98CD1C0C4F090073E29C /* Frameworks */ = {
			isa = PBXFrameworksBuildPhase;
			buildActionMask = 2147483647;
			files = (
				C673CB3F5D2A6C65E48816A7 /* Pods_SensorbergSDK.framework in Frameworks */,
			);
			runOnlyForDeploymentPostprocessing = 0;
		};
		89E9BA8D1C45B77900037EAC /* Frameworks */ = {
			isa = PBXFrameworksBuildPhase;
			buildActionMask = 2147483647;
			files = (
				894F6C751CAAC3DC0007505B /* AdSupport.framework in Frameworks */,
				97F0422D55A93CEE29DBBF67 /* Pods_SBDemoApp.framework in Frameworks */,
			);
			runOnlyForDeploymentPostprocessing = 0;
		};
/* End PBXFrameworksBuildPhase section */

/* Begin PBXGroup section */
		1C2AE08E026170C9940C1512 /* Frameworks */ = {
			isa = PBXGroup;
			children = (
				894F6C741CAAC3DC0007505B /* AdSupport.framework */,
				46CF06E5B4E6B31D489F0160 /* Pods_SBDemoApp.framework */,
				F981BF155476788EE097DAD9 /* Pods_SensorbergSDK.framework */,
				379721B69C098D11DF672CF7 /* Pods_SBDemoAppSwift.framework */,
				29444B694500A49AC137A845 /* Pods_SensorbergSDKTests.framework */,
			);
			name = Frameworks;
			sourceTree = "<group>";
		};
		890D640B1C0E0A5D008D39CA /* SensorbergSDKTests */ = {
			isa = PBXGroup;
			children = (
				890D640C1C0E0A5D008D39CA /* SensorbergSDKTests.m */,
				89F003D51CAD226D002391D7 /* bfdfe1ec8020c2adb1ad7e56ce2fbf75791ce7213b505d63de5d6d3d39717a22.json */,
				890D640E1C0E0A5D008D39CA /* Info.plist */,
			);
			path = SensorbergSDKTests;
			sourceTree = "<group>";
		};
		891A98C71C0C4F090073E29C = {
			isa = PBXGroup;
			children = (
				89E9BA911C45B77900037EAC /* SBDemoApp */,
				891A98D21C0C4F090073E29C /* SensorbergSDK */,
				890D640B1C0E0A5D008D39CA /* SensorbergSDKTests */,
				891A98D11C0C4F090073E29C /* Products */,
				F9614E3EBBC5FFE8F172994F /* Pods */,
				1C2AE08E026170C9940C1512 /* Frameworks */,
			);
			sourceTree = "<group>";
		};
		891A98D11C0C4F090073E29C /* Products */ = {
			isa = PBXGroup;
			children = (
				891A98D01C0C4F090073E29C /* libSensorbergSDK.a */,
				890D640A1C0E0A5D008D39CA /* SensorbergSDKTests.xctest */,
				89E9BA901C45B77900037EAC /* SBDemoApp.app */,
			);
			name = Products;
			sourceTree = "<group>";
		};
		891A98D21C0C4F090073E29C /* SensorbergSDK */ = {
			isa = PBXGroup;
			children = (
				891A98D31C0C4F090073E29C /* SensorbergSDK.h */,
				891A98D51C0C4F090073E29C /* SensorbergSDK.m */,
				8972821D1C8EE8A500DB6DF7 /* SBBluetooth.h */,
				8972821E1C8EE8A500DB6DF7 /* SBBluetooth.m */,
				891A99071C0C5A030073E29C /* SBManager.h */,
				891A99081C0C5A030073E29C /* SBManager.m */,
				891A99411C0C62A40073E29C /* SBEvent.h */,
				891A99421C0C62A40073E29C /* SBEvent.m */,
				891A99491C0C78760073E29C /* SBModel.h */,
				891A994A1C0C78760073E29C /* SBModel.m */,
				891A99511C0C83B50073E29C /* SBEnums.h */,
				891A99521C0C83B50073E29C /* SBEnums.m */,
				897282351C8EEF0600DB6DF7 /* Categories */,
				891A99571C0C9B360073E29C /* SBInternal */,
			);
			path = SensorbergSDK;
			sourceTree = "<group>";
		};
		891A99571C0C9B360073E29C /* SBInternal */ = {
			isa = PBXGroup;
			children = (
				891A995B1C0C9B360073E29C /* SBAnalytics.h */,
				891A995C1C0C9B360073E29C /* SBAnalytics.m */,
				891A995F1C0C9B360073E29C /* SBInternalEvents.h */,
				891A99601C0C9B360073E29C /* SBInternalEvents.m */,
				891A99611C0C9B360073E29C /* SBInternalModels.h */,
				891A99621C0C9B360073E29C /* SBInternalModels.m */,
				891A99631C0C9B360073E29C /* SBLocation.h */,
				891A99641C0C9B360073E29C /* SBLocation.m */,
				891A99651C0C9B360073E29C /* SBResolver.h */,
				891A99661C0C9B360073E29C /* SBResolver.m */,
				891A99671C0C9B360073E29C /* SBSettings.h */,
				891A99681C0C9B360073E29C /* SBSettings.m */,
				891A99691C0C9B360073E29C /* SBUtility.h */,
				891A996A1C0C9B360073E29C /* SBUtility.m */,
			);
			path = SBInternal;
			sourceTree = "<group>";
		};
		897282351C8EEF0600DB6DF7 /* Categories */ = {
			isa = PBXGroup;
			children = (
				897282361C8EEF0600DB6DF7 /* CBCharacteristic+SBCharacteristic.h */,
				897282371C8EEF0600DB6DF7 /* CBCharacteristic+SBCharacteristic.m */,
				897282381C8EEF0600DB6DF7 /* CBPeripheral+SBPeripheral.h */,
				897282391C8EEF0600DB6DF7 /* CBPeripheral+SBPeripheral.m */,
				8972823A1C8EEF0600DB6DF7 /* NSString+SBUUID.h */,
				8972823B1C8EEF0600DB6DF7 /* NSString+SBUUID.m */,
			);
			path = Categories;
			sourceTree = "<group>";
		};
		89E9BA911C45B77900037EAC /* SBDemoApp */ = {
			isa = PBXGroup;
			children = (
				89E9BA951C45B77900037EAC /* AppDelegate.h */,
				89E9BA961C45B77900037EAC /* AppDelegate.m */,
				89E9BAAA1C45BA3100037EAC /* BeaconsViewController.h */,
				89E9BAAB1C45BA3100037EAC /* BeaconsViewController.m */,
				89E9BA9B1C45B77900037EAC /* Main.storyboard */,
				89E9BA9E1C45B77900037EAC /* Assets.xcassets */,
				89E9BAA01C45B77900037EAC /* LaunchScreen.storyboard */,
				89E9BAA31C45B77900037EAC /* Info.plist */,
				89E9BA921C45B77900037EAC /* Supporting Files */,
			);
			path = SBDemoApp;
			sourceTree = "<group>";
		};
		89E9BA921C45B77900037EAC /* Supporting Files */ = {
			isa = PBXGroup;
			children = (
				89E9BA931C45B77900037EAC /* main.m */,
			);
			name = "Supporting Files";
			sourceTree = "<group>";
		};
		F9614E3EBBC5FFE8F172994F /* Pods */ = {
			isa = PBXGroup;
			children = (
				71FF5E53F9F1176ACD8A2871 /* Pods-SBDemoApp.debug.xcconfig */,
				C586BD67ADBD898918769CBD /* Pods-SBDemoApp.release.xcconfig */,
				311138B4B0885EA21DF2EE59 /* Pods-SensorbergSDK.debug.xcconfig */,
				D3BC272C798E7B47D699038B /* Pods-SensorbergSDK.release.xcconfig */,
				65F21D762C1E547965751136 /* Pods-SBDemoAppSwift.debug.xcconfig */,
				F15F66335F77EB4B6228B873 /* Pods-SBDemoAppSwift.release.xcconfig */,
				AE1F39AF5537CDA259F70B5A /* Pods-SensorbergSDKTests.debug.xcconfig */,
				CF09274E378D881014D56139 /* Pods-SensorbergSDKTests.release.xcconfig */,
			);
			name = Pods;
			sourceTree = "<group>";
		};
/* End PBXGroup section */

/* Begin PBXHeadersBuildPhase section */
		891A99271C0C5D730073E29C /* Headers */ = {
			isa = PBXHeadersBuildPhase;
			buildActionMask = 2147483647;
			files = (
				891A993D1C0C5D830073E29C /* SBManager.h in Headers */,
				891A99531C0C83B50073E29C /* SBEnums.h in Headers */,
				891A994B1C0C78760073E29C /* SBModel.h in Headers */,
				8972823C1C8EEF0600DB6DF7 /* CBCharacteristic+SBCharacteristic.h in Headers */,
				891A99431C0C62A40073E29C /* SBEvent.h in Headers */,
				891A99791C0C9B360073E29C /* SBSettings.h in Headers */,
				8972821F1C8EE8A500DB6DF7 /* SBBluetooth.h in Headers */,
				891A996D1C0C9B360073E29C /* SBAnalytics.h in Headers */,
				891A99731C0C9B360073E29C /* SBInternalModels.h in Headers */,
				891A99771C0C9B360073E29C /* SBResolver.h in Headers */,
				891A997B1C0C9B360073E29C /* SBUtility.h in Headers */,
				891A99751C0C9B360073E29C /* SBLocation.h in Headers */,
				8972823E1C8EEF0600DB6DF7 /* CBPeripheral+SBPeripheral.h in Headers */,
				897282401C8EEF0600DB6DF7 /* NSString+SBUUID.h in Headers */,
				891A99711C0C9B360073E29C /* SBInternalEvents.h in Headers */,
				891A99281C0C5D820073E29C /* SensorbergSDK.h in Headers */,
			);
			runOnlyForDeploymentPostprocessing = 0;
		};
/* End PBXHeadersBuildPhase section */

/* Begin PBXNativeTarget section */
		890D64091C0E0A5D008D39CA /* SensorbergSDKTests */ = {
			isa = PBXNativeTarget;
			buildConfigurationList = 890D64141C0E0A5D008D39CA /* Build configuration list for PBXNativeTarget "SensorbergSDKTests" */;
			buildPhases = (
				7D026626C42A3713BE453359 /* Check Pods Manifest.lock */,
				890D64061C0E0A5D008D39CA /* Sources */,
				890D64071C0E0A5D008D39CA /* Frameworks */,
				890D64081C0E0A5D008D39CA /* Resources */,
				6FF1A73A8A5A9A5CB2E45FE5 /* Embed Pods Frameworks */,
				10625DE6B673AE924F7A522E /* Copy Pods Resources */,
			);
			buildRules = (
			);
			dependencies = (
				890D64111C0E0A5D008D39CA /* PBXTargetDependency */,
			);
			name = SensorbergSDKTests;
			productName = SensorbergSDKTests;
			productReference = 890D640A1C0E0A5D008D39CA /* SensorbergSDKTests.xctest */;
			productType = "com.apple.product-type.bundle.unit-test";
		};
		891A98CF1C0C4F090073E29C /* SensorbergSDK */ = {
			isa = PBXNativeTarget;
			buildConfigurationList = 891A98D91C0C4F090073E29C /* Build configuration list for PBXNativeTarget "SensorbergSDK" */;
			buildPhases = (
				179FFBC75E2D72733C671F09 /* Check Pods Manifest.lock */,
				891A98CC1C0C4F090073E29C /* Sources */,
				891A98CD1C0C4F090073E29C /* Frameworks */,
				891A98CE1C0C4F090073E29C /* CopyFiles */,
				891A99271C0C5D730073E29C /* Headers */,
				0BC4CAD4A23F8AEFAD1D2EE8 /* Copy Pods Resources */,
			);
			buildRules = (
			);
			dependencies = (
			);
			name = SensorbergSDK;
			productName = SensorbergSDK;
			productReference = 891A98D01C0C4F090073E29C /* libSensorbergSDK.a */;
			productType = "com.apple.product-type.library.static";
		};
		89E9BA8F1C45B77900037EAC /* SBDemoApp */ = {
			isa = PBXNativeTarget;
			buildConfigurationList = 89E9BAA41C45B77900037EAC /* Build configuration list for PBXNativeTarget "SBDemoApp" */;
			buildPhases = (
				4A9DEDA6CDB1BDD55193B563 /* Check Pods Manifest.lock */,
				89E9BA8C1C45B77900037EAC /* Sources */,
				89E9BA8D1C45B77900037EAC /* Frameworks */,
				89E9BA8E1C45B77900037EAC /* Resources */,
				4307F933BAD10A15BBF31237 /* Embed Pods Frameworks */,
				CCB04BE3C5C4BF7F4D1BD779 /* Copy Pods Resources */,
			);
			buildRules = (
			);
			dependencies = (
			);
			name = SBDemoApp;
			productName = SBDemoApp;
			productReference = 89E9BA901C45B77900037EAC /* SBDemoApp.app */;
			productType = "com.apple.product-type.application";
		};
/* End PBXNativeTarget section */

/* Begin PBXProject section */
		891A98C81C0C4F090073E29C /* Project object */ = {
			isa = PBXProject;
			attributes = {
				LastSwiftUpdateCheck = 0730;
				LastUpgradeCheck = 0710;
				ORGANIZATIONNAME = "Sensorberg GmbH";
				TargetAttributes = {
					890D64091C0E0A5D008D39CA = {
						CreatedOnToolsVersion = 7.1.1;
					};
					8910B33D1C9226720003D02A = {
						CreatedOnToolsVersion = 7.2.1;
					};
					891A98CF1C0C4F090073E29C = {
						CreatedOnToolsVersion = 7.1.1;
					};
					89E9BA8F1C45B77900037EAC = {
						CreatedOnToolsVersion = 7.2;
					};
				};
			};
			buildConfigurationList = 891A98CB1C0C4F090073E29C /* Build configuration list for PBXProject "SensorbergSDK" */;
			compatibilityVersion = "Xcode 3.2";
			developmentRegion = English;
			hasScannedForEncodings = 0;
			knownRegions = (
				en,
				Base,
			);
			mainGroup = 891A98C71C0C4F090073E29C;
			productRefGroup = 891A98D11C0C4F090073E29C /* Products */;
			projectDirPath = "";
			projectRoot = "";
			targets = (
				89E9BA8F1C45B77900037EAC /* SBDemoApp */,
				891A98CF1C0C4F090073E29C /* SensorbergSDK */,
				890D64091C0E0A5D008D39CA /* SensorbergSDKTests */,
				8910B33D1C9226720003D02A /* SensorbergSDK_Documentation */,
			);
		};
/* End PBXProject section */

/* Begin PBXResourcesBuildPhase section */
		890D64081C0E0A5D008D39CA /* Resources */ = {
			isa = PBXResourcesBuildPhase;
			buildActionMask = 2147483647;
			files = (
				89F003D61CAD226D002391D7 /* bfdfe1ec8020c2adb1ad7e56ce2fbf75791ce7213b505d63de5d6d3d39717a22.json in Resources */,
			);
			runOnlyForDeploymentPostprocessing = 0;
		};
		89E9BA8E1C45B77900037EAC /* Resources */ = {
			isa = PBXResourcesBuildPhase;
			buildActionMask = 2147483647;
			files = (
				89E9BAA21C45B77900037EAC /* LaunchScreen.storyboard in Resources */,
				89E9BA9F1C45B77900037EAC /* Assets.xcassets in Resources */,
				89E9BA9D1C45B77900037EAC /* Main.storyboard in Resources */,
			);
			runOnlyForDeploymentPostprocessing = 0;
		};
/* End PBXResourcesBuildPhase section */

/* Begin PBXShellScriptBuildPhase section */
		0BC4CAD4A23F8AEFAD1D2EE8 /* Copy Pods Resources */ = {
			isa = PBXShellScriptBuildPhase;
			buildActionMask = 2147483647;
			files = (
			);
			inputPaths = (
			);
			name = "Copy Pods Resources";
			outputPaths = (
			);
			runOnlyForDeploymentPostprocessing = 0;
			shellPath = /bin/sh;
			shellScript = "\"${SRCROOT}/Pods/Target Support Files/Pods-SensorbergSDK/Pods-SensorbergSDK-resources.sh\"\n";
			showEnvVarsInLog = 0;
		};
		10625DE6B673AE924F7A522E /* Copy Pods Resources */ = {
			isa = PBXShellScriptBuildPhase;
			buildActionMask = 2147483647;
			files = (
			);
			inputPaths = (
			);
			name = "Copy Pods Resources";
			outputPaths = (
			);
			runOnlyForDeploymentPostprocessing = 0;
			shellPath = /bin/sh;
			shellScript = "\"${SRCROOT}/Pods/Target Support Files/Pods-SensorbergSDKTests/Pods-SensorbergSDKTests-resources.sh\"\n";
			showEnvVarsInLog = 0;
		};
		179FFBC75E2D72733C671F09 /* Check Pods Manifest.lock */ = {
			isa = PBXShellScriptBuildPhase;
			buildActionMask = 2147483647;
			files = (
			);
			inputPaths = (
			);
			name = "Check Pods Manifest.lock";
			outputPaths = (
			);
			runOnlyForDeploymentPostprocessing = 0;
			shellPath = /bin/sh;
			shellScript = "diff \"${PODS_ROOT}/../Podfile.lock\" \"${PODS_ROOT}/Manifest.lock\" > /dev/null\nif [[ $? != 0 ]] ; then\n    cat << EOM\nerror: The sandbox is not in sync with the Podfile.lock. Run 'pod install' or update your CocoaPods installation.\nEOM\n    exit 1\nfi\n";
			showEnvVarsInLog = 0;
		};
		4307F933BAD10A15BBF31237 /* Embed Pods Frameworks */ = {
			isa = PBXShellScriptBuildPhase;
			buildActionMask = 2147483647;
			files = (
			);
			inputPaths = (
			);
			name = "Embed Pods Frameworks";
			outputPaths = (
			);
			runOnlyForDeploymentPostprocessing = 0;
			shellPath = /bin/sh;
			shellScript = "\"${SRCROOT}/Pods/Target Support Files/Pods-SBDemoApp/Pods-SBDemoApp-frameworks.sh\"\n";
			showEnvVarsInLog = 0;
		};
		4A9DEDA6CDB1BDD55193B563 /* Check Pods Manifest.lock */ = {
			isa = PBXShellScriptBuildPhase;
			buildActionMask = 2147483647;
			files = (
			);
			inputPaths = (
			);
			name = "Check Pods Manifest.lock";
			outputPaths = (
			);
			runOnlyForDeploymentPostprocessing = 0;
			shellPath = /bin/sh;
			shellScript = "diff \"${PODS_ROOT}/../Podfile.lock\" \"${PODS_ROOT}/Manifest.lock\" > /dev/null\nif [[ $? != 0 ]] ; then\n    cat << EOM\nerror: The sandbox is not in sync with the Podfile.lock. Run 'pod install' or update your CocoaPods installation.\nEOM\n    exit 1\nfi\n";
			showEnvVarsInLog = 0;
		};
		6FF1A73A8A5A9A5CB2E45FE5 /* Embed Pods Frameworks */ = {
			isa = PBXShellScriptBuildPhase;
			buildActionMask = 2147483647;
			files = (
			);
			inputPaths = (
			);
			name = "Embed Pods Frameworks";
			outputPaths = (
			);
			runOnlyForDeploymentPostprocessing = 0;
			shellPath = /bin/sh;
			shellScript = "\"${SRCROOT}/Pods/Target Support Files/Pods-SensorbergSDKTests/Pods-SensorbergSDKTests-frameworks.sh\"\n";
			showEnvVarsInLog = 0;
		};
		7D026626C42A3713BE453359 /* Check Pods Manifest.lock */ = {
			isa = PBXShellScriptBuildPhase;
			buildActionMask = 2147483647;
			files = (
			);
			inputPaths = (
			);
			name = "Check Pods Manifest.lock";
			outputPaths = (
			);
			runOnlyForDeploymentPostprocessing = 0;
			shellPath = /bin/sh;
			shellScript = "diff \"${PODS_ROOT}/../Podfile.lock\" \"${PODS_ROOT}/Manifest.lock\" > /dev/null\nif [[ $? != 0 ]] ; then\n    cat << EOM\nerror: The sandbox is not in sync with the Podfile.lock. Run 'pod install' or update your CocoaPods installation.\nEOM\n    exit 1\nfi\n";
			showEnvVarsInLog = 0;
		};
		8910B3411C9226870003D02A /* ShellScript */ = {
			isa = PBXShellScriptBuildPhase;
			buildActionMask = 2147483647;
			files = (
			);
			inputPaths = (
			);
			outputPaths = (
			);
			runOnlyForDeploymentPostprocessing = 0;
			shellPath = /bin/sh;
			shellScript = "/usr/local/bin/appledoc \\\n--project-name SensorbergSDK \\\n--project-company \"Sensorberg GmbH\" \\\n--company-id com.sensorberg \\\n--keep-undocumented-objects \\\n--keep-undocumented-members \\\n--search-undocumented-doc \\\n--exit-threshold 2 \\\n--ignore .m \\\n--output \"docs\" \\\n--keep-undocumented-members \\\n--keep-undocumented-objects \\\n--print-information-block-titles \\\n--clean-output \\\nSensorbergSDK/";
		};
		CCB04BE3C5C4BF7F4D1BD779 /* Copy Pods Resources */ = {
			isa = PBXShellScriptBuildPhase;
			buildActionMask = 2147483647;
			files = (
			);
			inputPaths = (
			);
			name = "Copy Pods Resources";
			outputPaths = (
			);
			runOnlyForDeploymentPostprocessing = 0;
			shellPath = /bin/sh;
			shellScript = "\"${SRCROOT}/Pods/Target Support Files/Pods-SBDemoApp/Pods-SBDemoApp-resources.sh\"\n";
			showEnvVarsInLog = 0;
		};
/* End PBXShellScriptBuildPhase section */

/* Begin PBXSourcesBuildPhase section */
		890D64061C0E0A5D008D39CA /* Sources */ = {
			isa = PBXSourcesBuildPhase;
			buildActionMask = 2147483647;
			files = (
				89F003C51CAD2126002391D7 /* SensorbergSDK.m in Sources */,
				89F003C61CAD2126002391D7 /* SBBluetooth.m in Sources */,
				89F003C71CAD2126002391D7 /* SBManager.m in Sources */,
				89F003C81CAD2126002391D7 /* SBEvent.m in Sources */,
				89F003C91CAD2126002391D7 /* SBModel.m in Sources */,
				89F003CA1CAD2126002391D7 /* SBEnums.m in Sources */,
				89F003CB1CAD2126002391D7 /* CBCharacteristic+SBCharacteristic.m in Sources */,
				89F003CC1CAD2126002391D7 /* CBPeripheral+SBPeripheral.m in Sources */,
				89F003CD1CAD2126002391D7 /* NSString+SBUUID.m in Sources */,
				89F003CE1CAD2126002391D7 /* SBAnalytics.m in Sources */,
				89F003CF1CAD2126002391D7 /* SBInternalEvents.m in Sources */,
				89F003D01CAD2126002391D7 /* SBInternalModels.m in Sources */,
				89F003D11CAD2126002391D7 /* SBLocation.m in Sources */,
				89F003D21CAD2126002391D7 /* SBResolver.m in Sources */,
				89F003D31CAD2126002391D7 /* SBSettings.m in Sources */,
				89F003D41CAD2126002391D7 /* SBUtility.m in Sources */,
				890D640D1C0E0A5D008D39CA /* SensorbergSDKTests.m in Sources */,
			);
			runOnlyForDeploymentPostprocessing = 0;
		};
		891A98CC1C0C4F090073E29C /* Sources */ = {
			isa = PBXSourcesBuildPhase;
			buildActionMask = 2147483647;
			files = (
				891A997A1C0C9B360073E29C /* SBSettings.m in Sources */,
				891A98D61C0C4F090073E29C /* SensorbergSDK.m in Sources */,
				8972823F1C8EEF0600DB6DF7 /* CBPeripheral+SBPeripheral.m in Sources */,
				891A99541C0C83B50073E29C /* SBEnums.m in Sources */,
				891A996E1C0C9B360073E29C /* SBAnalytics.m in Sources */,
				891A99231C0C5A030073E29C /* SBManager.m in Sources */,
				8972823D1C8EEF0600DB6DF7 /* CBCharacteristic+SBCharacteristic.m in Sources */,
				891A994C1C0C78760073E29C /* SBModel.m in Sources */,
				891A99741C0C9B360073E29C /* SBInternalModels.m in Sources */,
				891A997C1C0C9B360073E29C /* SBUtility.m in Sources */,
				891A99761C0C9B360073E29C /* SBLocation.m in Sources */,
				897282411C8EEF0600DB6DF7 /* NSString+SBUUID.m in Sources */,
				891A99441C0C62A40073E29C /* SBEvent.m in Sources */,
				897282201C8EE8A500DB6DF7 /* SBBluetooth.m in Sources */,
				891A99781C0C9B360073E29C /* SBResolver.m in Sources */,
				891A99721C0C9B360073E29C /* SBInternalEvents.m in Sources */,
			);
			runOnlyForDeploymentPostprocessing = 0;
		};
		89E9BA8C1C45B77900037EAC /* Sources */ = {
			isa = PBXSourcesBuildPhase;
			buildActionMask = 2147483647;
			files = (
				89E9BA971C45B77900037EAC /* AppDelegate.m in Sources */,
				89E9BA941C45B77900037EAC /* main.m in Sources */,
				89E9BAAC1C45BA3100037EAC /* BeaconsViewController.m in Sources */,
			);
			runOnlyForDeploymentPostprocessing = 0;
		};
/* End PBXSourcesBuildPhase section */

/* Begin PBXTargetDependency section */
		890D64111C0E0A5D008D39CA /* PBXTargetDependency */ = {
			isa = PBXTargetDependency;
			target = 891A98CF1C0C4F090073E29C /* SensorbergSDK */;
			targetProxy = 890D64101C0E0A5D008D39CA /* PBXContainerItemProxy */;
		};
/* End PBXTargetDependency section */

/* Begin PBXVariantGroup section */
		89E9BA9B1C45B77900037EAC /* Main.storyboard */ = {
			isa = PBXVariantGroup;
			children = (
				89E9BA9C1C45B77900037EAC /* Base */,
			);
			name = Main.storyboard;
			sourceTree = "<group>";
		};
		89E9BAA01C45B77900037EAC /* LaunchScreen.storyboard */ = {
			isa = PBXVariantGroup;
			children = (
				89E9BAA11C45B77900037EAC /* Base */,
			);
			name = LaunchScreen.storyboard;
			sourceTree = "<group>";
		};
/* End PBXVariantGroup section */

/* Begin XCBuildConfiguration section */
		890D64121C0E0A5D008D39CA /* Debug */ = {
			isa = XCBuildConfiguration;
			baseConfigurationReference = AE1F39AF5537CDA259F70B5A /* Pods-SensorbergSDKTests.debug.xcconfig */;
			buildSettings = {
				INFOPLIST_FILE = SensorbergSDKTests/Info.plist;
				LD_RUNPATH_SEARCH_PATHS = "$(inherited) @executable_path/Frameworks @loader_path/Frameworks";
				PRODUCT_BUNDLE_IDENTIFIER = com.sensorberg.SensorbergSDKTests;
				PRODUCT_NAME = "$(TARGET_NAME)";
			};
			name = Debug;
		};
		890D64131C0E0A5D008D39CA /* Release */ = {
			isa = XCBuildConfiguration;
			baseConfigurationReference = CF09274E378D881014D56139 /* Pods-SensorbergSDKTests.release.xcconfig */;
			buildSettings = {
				INFOPLIST_FILE = SensorbergSDKTests/Info.plist;
				LD_RUNPATH_SEARCH_PATHS = "$(inherited) @executable_path/Frameworks @loader_path/Frameworks";
				PRODUCT_BUNDLE_IDENTIFIER = com.sensorberg.SensorbergSDKTests;
				PRODUCT_NAME = "$(TARGET_NAME)";
			};
			name = Release;
		};
		8910B33E1C9226720003D02A /* Debug */ = {
			isa = XCBuildConfiguration;
			buildSettings = {
				PRODUCT_NAME = "$(TARGET_NAME)";
			};
			name = Debug;
		};
		8910B33F1C9226720003D02A /* Release */ = {
			isa = XCBuildConfiguration;
			buildSettings = {
				PRODUCT_NAME = "$(TARGET_NAME)";
			};
			name = Release;
		};
		891A98D71C0C4F090073E29C /* Debug */ = {
			isa = XCBuildConfiguration;
			buildSettings = {
				ALWAYS_SEARCH_USER_PATHS = NO;
				CLANG_CXX_LANGUAGE_STANDARD = "gnu++0x";
				CLANG_CXX_LIBRARY = "libc++";
				CLANG_ENABLE_MODULES = YES;
				CLANG_ENABLE_OBJC_ARC = YES;
				CLANG_WARN_BOOL_CONVERSION = YES;
				CLANG_WARN_CONSTANT_CONVERSION = YES;
				CLANG_WARN_DIRECT_OBJC_ISA_USAGE = YES_ERROR;
				CLANG_WARN_EMPTY_BODY = YES;
				CLANG_WARN_ENUM_CONVERSION = YES;
				CLANG_WARN_INT_CONVERSION = YES;
				CLANG_WARN_OBJC_ROOT_CLASS = YES_ERROR;
				CLANG_WARN_UNREACHABLE_CODE = YES;
				CLANG_WARN__DUPLICATE_METHOD_MATCH = YES;
				"CODE_SIGN_IDENTITY[sdk=iphoneos*]" = "iPhone Developer";
				COPY_PHASE_STRIP = NO;
				DEBUG_INFORMATION_FORMAT = dwarf;
				ENABLE_STRICT_OBJC_MSGSEND = YES;
				ENABLE_TESTABILITY = YES;
				GCC_C_LANGUAGE_STANDARD = gnu99;
				GCC_DYNAMIC_NO_PIC = NO;
				GCC_NO_COMMON_BLOCKS = YES;
				GCC_OPTIMIZATION_LEVEL = 0;
				GCC_PREFIX_HEADER = "";
				GCC_PREPROCESSOR_DEFINITIONS = (
					"DEBUG=1",
					"$(inherited)",
				);
				GCC_WARN_64_TO_32_BIT_CONVERSION = YES;
				GCC_WARN_ABOUT_RETURN_TYPE = YES_ERROR;
				GCC_WARN_UNDECLARED_SELECTOR = YES;
				GCC_WARN_UNINITIALIZED_AUTOS = YES_AGGRESSIVE;
				GCC_WARN_UNUSED_FUNCTION = YES;
				GCC_WARN_UNUSED_VARIABLE = YES;
				IPHONEOS_DEPLOYMENT_TARGET = 8.0;
				MTL_ENABLE_DEBUG_INFO = YES;
				ONLY_ACTIVE_ARCH = YES;
				SDKROOT = iphoneos;
			};
			name = Debug;
		};
		891A98D81C0C4F090073E29C /* Release */ = {
			isa = XCBuildConfiguration;
			buildSettings = {
				ALWAYS_SEARCH_USER_PATHS = NO;
				CLANG_CXX_LANGUAGE_STANDARD = "gnu++0x";
				CLANG_CXX_LIBRARY = "libc++";
				CLANG_ENABLE_MODULES = YES;
				CLANG_ENABLE_OBJC_ARC = YES;
				CLANG_WARN_BOOL_CONVERSION = YES;
				CLANG_WARN_CONSTANT_CONVERSION = YES;
				CLANG_WARN_DIRECT_OBJC_ISA_USAGE = YES_ERROR;
				CLANG_WARN_EMPTY_BODY = YES;
				CLANG_WARN_ENUM_CONVERSION = YES;
				CLANG_WARN_INT_CONVERSION = YES;
				CLANG_WARN_OBJC_ROOT_CLASS = YES_ERROR;
				CLANG_WARN_UNREACHABLE_CODE = YES;
				CLANG_WARN__DUPLICATE_METHOD_MATCH = YES;
				"CODE_SIGN_IDENTITY[sdk=iphoneos*]" = "iPhone Developer";
				COPY_PHASE_STRIP = NO;
				DEBUG_INFORMATION_FORMAT = "dwarf-with-dsym";
				ENABLE_NS_ASSERTIONS = NO;
				ENABLE_STRICT_OBJC_MSGSEND = YES;
				GCC_C_LANGUAGE_STANDARD = gnu99;
				GCC_NO_COMMON_BLOCKS = YES;
				GCC_PREFIX_HEADER = "";
				GCC_WARN_64_TO_32_BIT_CONVERSION = YES;
				GCC_WARN_ABOUT_RETURN_TYPE = YES_ERROR;
				GCC_WARN_UNDECLARED_SELECTOR = YES;
				GCC_WARN_UNINITIALIZED_AUTOS = YES_AGGRESSIVE;
				GCC_WARN_UNUSED_FUNCTION = YES;
				GCC_WARN_UNUSED_VARIABLE = YES;
				IPHONEOS_DEPLOYMENT_TARGET = 8.0;
				MTL_ENABLE_DEBUG_INFO = NO;
				SDKROOT = iphoneos;
				VALIDATE_PRODUCT = YES;
			};
			name = Release;
		};
		891A98DA1C0C4F090073E29C /* Debug */ = {
			isa = XCBuildConfiguration;
			baseConfigurationReference = 311138B4B0885EA21DF2EE59 /* Pods-SensorbergSDK.debug.xcconfig */;
			buildSettings = {
				CURRENT_PROJECT_VERSION = A;
				DYLIB_CURRENT_VERSION = "";
				GCC_PREFIX_HEADER = "";
				OTHER_LDFLAGS = "$(inherited)";
				PRODUCT_NAME = "$(TARGET_NAME)";
				SKIP_INSTALL = YES;
				TARGETED_DEVICE_FAMILY = "1,2";
				VERSIONING_SYSTEM = "";
			};
			name = Debug;
		};
		891A98DB1C0C4F090073E29C /* Release */ = {
			isa = XCBuildConfiguration;
			baseConfigurationReference = D3BC272C798E7B47D699038B /* Pods-SensorbergSDK.release.xcconfig */;
			buildSettings = {
				CURRENT_PROJECT_VERSION = A;
				DYLIB_CURRENT_VERSION = "";
				GCC_PREFIX_HEADER = "";
				OTHER_LDFLAGS = "$(inherited)";
				PRODUCT_NAME = "$(TARGET_NAME)";
				SKIP_INSTALL = YES;
				TARGETED_DEVICE_FAMILY = "1,2";
				VERSIONING_SYSTEM = "";
			};
			name = Release;
		};
		89E9BAA51C45B77900037EAC /* Debug */ = {
			isa = XCBuildConfiguration;
			baseConfigurationReference = 71FF5E53F9F1176ACD8A2871 /* Pods-SBDemoApp.debug.xcconfig */;
			buildSettings = {
				ASSETCATALOG_COMPILER_APPICON_NAME = AppIcon;
				FRAMEWORK_SEARCH_PATHS = "$(inherited)";
				INFOPLIST_FILE = SBDemoApp/Info.plist;
				IPHONEOS_DEPLOYMENT_TARGET = 8.0;
				LD_RUNPATH_SEARCH_PATHS = "$(inherited) @executable_path/Frameworks";
				PRODUCT_BUNDLE_IDENTIFIER = com.Sensorberg.SBDemoApp;
				PRODUCT_NAME = "$(TARGET_NAME)";
			};
			name = Debug;
		};
		89E9BAA61C45B77900037EAC /* Release */ = {
			isa = XCBuildConfiguration;
			baseConfigurationReference = C586BD67ADBD898918769CBD /* Pods-SBDemoApp.release.xcconfig */;
			buildSettings = {
				ASSETCATALOG_COMPILER_APPICON_NAME = AppIcon;
				FRAMEWORK_SEARCH_PATHS = "$(inherited)";
				INFOPLIST_FILE = SBDemoApp/Info.plist;
				IPHONEOS_DEPLOYMENT_TARGET = 8.0;
				LD_RUNPATH_SEARCH_PATHS = "$(inherited) @executable_path/Frameworks";
				PRODUCT_BUNDLE_IDENTIFIER = com.Sensorberg.SBDemoApp;
				PRODUCT_NAME = "$(TARGET_NAME)";
			};
			name = Release;
		};
/* End XCBuildConfiguration section */

/* Begin XCConfigurationList section */
		890D64141C0E0A5D008D39CA /* Build configuration list for PBXNativeTarget "SensorbergSDKTests" */ = {
			isa = XCConfigurationList;
			buildConfigurations = (
				890D64121C0E0A5D008D39CA /* Debug */,
				890D64131C0E0A5D008D39CA /* Release */,
			);
			defaultConfigurationIsVisible = 0;
			defaultConfigurationName = Release;
		};
		8910B3401C9226720003D02A /* Build configuration list for PBXAggregateTarget "SensorbergSDK_Documentation" */ = {
			isa = XCConfigurationList;
			buildConfigurations = (
				8910B33E1C9226720003D02A /* Debug */,
				8910B33F1C9226720003D02A /* Release */,
			);
			defaultConfigurationIsVisible = 0;
			defaultConfigurationName = Release;
		};
		891A98CB1C0C4F090073E29C /* Build configuration list for PBXProject "SensorbergSDK" */ = {
			isa = XCConfigurationList;
			buildConfigurations = (
				891A98D71C0C4F090073E29C /* Debug */,
				891A98D81C0C4F090073E29C /* Release */,
			);
			defaultConfigurationIsVisible = 0;
			defaultConfigurationName = Release;
		};
		891A98D91C0C4F090073E29C /* Build configuration list for PBXNativeTarget "SensorbergSDK" */ = {
			isa = XCConfigurationList;
			buildConfigurations = (
				891A98DA1C0C4F090073E29C /* Debug */,
				891A98DB1C0C4F090073E29C /* Release */,
			);
			defaultConfigurationIsVisible = 0;
			defaultConfigurationName = Release;
		};
		89E9BAA41C45B77900037EAC /* Build configuration list for PBXNativeTarget "SBDemoApp" */ = {
			isa = XCConfigurationList;
			buildConfigurations = (
				89E9BAA51C45B77900037EAC /* Debug */,
				89E9BAA61C45B77900037EAC /* Release */,
			);
			defaultConfigurationIsVisible = 0;
			defaultConfigurationName = Release;
		};
/* End XCConfigurationList section */
	};
	rootObject = 891A98C81C0C4F090073E29C /* Project object */;
}
