// !$*UTF8*$!
{
	archiveVersion = 1;
	classes = {
	};
	objectVersion = 46;
	objects = {

/* Begin PBXBuildFile section */
		6003F58E195388D20070C39A /* Foundation.framework in Frameworks */ = {isa = PBXBuildFile; fileRef = 6003F58D195388D20070C39A /* Foundation.framework */; };
		6003F590195388D20070C39A /* CoreGraphics.framework in Frameworks */ = {isa = PBXBuildFile; fileRef = 6003F58F195388D20070C39A /* CoreGraphics.framework */; };
		6003F592195388D20070C39A /* UIKit.framework in Frameworks */ = {isa = PBXBuildFile; fileRef = 6003F591195388D20070C39A /* UIKit.framework */; };
		6003F598195388D20070C39A /* InfoPlist.strings in Resources */ = {isa = PBXBuildFile; fileRef = 6003F596195388D20070C39A /* InfoPlist.strings */; };
		6003F59A195388D20070C39A /* main.m in Sources */ = {isa = PBXBuildFile; fileRef = 6003F599195388D20070C39A /* main.m */; };
		6003F59E195388D20070C39A /* SBAppDelegate.m in Sources */ = {isa = PBXBuildFile; fileRef = 6003F59D195388D20070C39A /* SBAppDelegate.m */; };
		6003F5A9195388D20070C39A /* Images.xcassets in Resources */ = {isa = PBXBuildFile; fileRef = 6003F5A8195388D20070C39A /* Images.xcassets */; };
		873B8AEB1B1F5CCA007FD442 /* Main.storyboard in Resources */ = {isa = PBXBuildFile; fileRef = 873B8AEA1B1F5CCA007FD442 /* Main.storyboard */; };
		89249DEF1BC3D5410033542B /* MessageUI.framework in Frameworks */ = {isa = PBXBuildFile; fileRef = 89249DEE1BC3D5410033542B /* MessageUI.framework */; };
		8932EBCB1BC2833D00B7F24F /* SBStatusTableViewController.m in Sources */ = {isa = PBXBuildFile; fileRef = 8932EBCA1BC2833D00B7F24F /* SBStatusTableViewController.m */; };
		89438A261B84BE96005D57E1 /* SBBeaconsTableViewController.m in Sources */ = {isa = PBXBuildFile; fileRef = 89438A251B84BE96005D57E1 /* SBBeaconsTableViewController.m */; };
		894436EF1BE7AA0800528920 /* SBUT.m in Sources */ = {isa = PBXBuildFile; fileRef = 894436EE1BE7AA0800528920 /* SBUT.m */; };
		896CD25D1B9D92A8007BF4BA /* SBHistoryViewController.m in Sources */ = {isa = PBXBuildFile; fileRef = 896CD25C1B9D92A8007BF4BA /* SBHistoryViewController.m */; };
		8989FD9A1BD518560088A74D /* SBTesting.m in Sources */ = {isa = PBXBuildFile; fileRef = 8989FD991BD518560088A74D /* SBTesting.m */; };
		8989FDA11BD518650088A74D /* BluetoothManager.framework in Frameworks */ = {isa = PBXBuildFile; fileRef = 89B9BB281BD4E07900F7473A /* BluetoothManager.framework */; };
		899335C81BB1579F0096EEC7 /* SBTabBar.m in Sources */ = {isa = PBXBuildFile; fileRef = 899335C71BB1579F0096EEC7 /* SBTabBar.m */; };
		B42E0AB74CF2F25BDC913E08 /* Pods_Sensorberg_Example.framework in Frameworks */ = {isa = PBXBuildFile; fileRef = 41E46F673590FECD32435612 /* Pods_Sensorberg_Example.framework */; };
/* End PBXBuildFile section */

/* Begin PBXContainerItemProxy section */
		894436F11BE7AA0800528920 /* PBXContainerItemProxy */ = {
			isa = PBXContainerItemProxy;
			containerPortal = 6003F582195388D10070C39A /* Project object */;
			proxyType = 1;
			remoteGlobalIDString = 6003F589195388D20070C39A;
			remoteInfo = Sensorberg_Example;
		};
		8989FD9C1BD518560088A74D /* PBXContainerItemProxy */ = {
			isa = PBXContainerItemProxy;
			containerPortal = 6003F582195388D10070C39A /* Project object */;
			proxyType = 1;
			remoteGlobalIDString = 6003F589195388D20070C39A;
			remoteInfo = Sensorberg_Example;
		};
/* End PBXContainerItemProxy section */

/* Begin PBXFileReference section */
		23D2237756C73FC04EBF0161 /* Pods-Sensorberg_Example.release.xcconfig */ = {isa = PBXFileReference; includeInIndex = 1; lastKnownFileType = text.xcconfig; name = "Pods-Sensorberg_Example.release.xcconfig"; path = "Pods/Target Support Files/Pods-Sensorberg_Example/Pods-Sensorberg_Example.release.xcconfig"; sourceTree = "<group>"; };
		41E46F673590FECD32435612 /* Pods_Sensorberg_Example.framework */ = {isa = PBXFileReference; explicitFileType = wrapper.framework; includeInIndex = 0; path = Pods_Sensorberg_Example.framework; sourceTree = BUILT_PRODUCTS_DIR; };
		6003F58A195388D20070C39A /* Sensorberg_Example.app */ = {isa = PBXFileReference; explicitFileType = wrapper.application; includeInIndex = 0; path = Sensorberg_Example.app; sourceTree = BUILT_PRODUCTS_DIR; };
		6003F58D195388D20070C39A /* Foundation.framework */ = {isa = PBXFileReference; lastKnownFileType = wrapper.framework; name = Foundation.framework; path = System/Library/Frameworks/Foundation.framework; sourceTree = SDKROOT; };
		6003F58F195388D20070C39A /* CoreGraphics.framework */ = {isa = PBXFileReference; lastKnownFileType = wrapper.framework; name = CoreGraphics.framework; path = System/Library/Frameworks/CoreGraphics.framework; sourceTree = SDKROOT; };
		6003F591195388D20070C39A /* UIKit.framework */ = {isa = PBXFileReference; lastKnownFileType = wrapper.framework; name = UIKit.framework; path = System/Library/Frameworks/UIKit.framework; sourceTree = SDKROOT; };
		6003F595195388D20070C39A /* Sensorberg-Info.plist */ = {isa = PBXFileReference; lastKnownFileType = text.plist.xml; path = "Sensorberg-Info.plist"; sourceTree = "<group>"; };
		6003F597195388D20070C39A /* en */ = {isa = PBXFileReference; lastKnownFileType = text.plist.strings; name = en; path = en.lproj/InfoPlist.strings; sourceTree = "<group>"; };
		6003F599195388D20070C39A /* main.m */ = {isa = PBXFileReference; lastKnownFileType = sourcecode.c.objc; path = main.m; sourceTree = "<group>"; };
		6003F59B195388D20070C39A /* Sensorberg-Prefix.pch */ = {isa = PBXFileReference; lastKnownFileType = sourcecode.c.h; path = "Sensorberg-Prefix.pch"; sourceTree = "<group>"; };
		6003F59C195388D20070C39A /* SBAppDelegate.h */ = {isa = PBXFileReference; lastKnownFileType = sourcecode.c.h; path = SBAppDelegate.h; sourceTree = "<group>"; };
		6003F59D195388D20070C39A /* SBAppDelegate.m */ = {isa = PBXFileReference; lastKnownFileType = sourcecode.c.objc; path = SBAppDelegate.m; sourceTree = "<group>"; };
		6003F5A8195388D20070C39A /* Images.xcassets */ = {isa = PBXFileReference; lastKnownFileType = folder.assetcatalog; path = Images.xcassets; sourceTree = "<group>"; };
		738DB2342472FBC9FA10EA12 /* Pods-Sensorberg_Example.debug.xcconfig */ = {isa = PBXFileReference; includeInIndex = 1; lastKnownFileType = text.xcconfig; name = "Pods-Sensorberg_Example.debug.xcconfig"; path = "Pods/Target Support Files/Pods-Sensorberg_Example/Pods-Sensorberg_Example.debug.xcconfig"; sourceTree = "<group>"; };
		873B8AEA1B1F5CCA007FD442 /* Main.storyboard */ = {isa = PBXFileReference; fileEncoding = 4; lastKnownFileType = file.storyboard; path = Main.storyboard; sourceTree = "<group>"; };
		89249DEE1BC3D5410033542B /* MessageUI.framework */ = {isa = PBXFileReference; lastKnownFileType = wrapper.framework; name = MessageUI.framework; path = System/Library/Frameworks/MessageUI.framework; sourceTree = SDKROOT; };
		8932EBC91BC2833D00B7F24F /* SBStatusTableViewController.h */ = {isa = PBXFileReference; fileEncoding = 4; lastKnownFileType = sourcecode.c.h; path = SBStatusTableViewController.h; sourceTree = "<group>"; };
		8932EBCA1BC2833D00B7F24F /* SBStatusTableViewController.m */ = {isa = PBXFileReference; fileEncoding = 4; lastKnownFileType = sourcecode.c.objc; path = SBStatusTableViewController.m; sourceTree = "<group>"; };
		89438A241B84BE96005D57E1 /* SBBeaconsTableViewController.h */ = {isa = PBXFileReference; fileEncoding = 4; lastKnownFileType = sourcecode.c.h; path = SBBeaconsTableViewController.h; sourceTree = "<group>"; };
		89438A251B84BE96005D57E1 /* SBBeaconsTableViewController.m */ = {isa = PBXFileReference; fileEncoding = 4; lastKnownFileType = sourcecode.c.objc; path = SBBeaconsTableViewController.m; sourceTree = "<group>"; };
		894436EC1BE7AA0800528920 /* SBUT.xctest */ = {isa = PBXFileReference; explicitFileType = wrapper.cfbundle; includeInIndex = 0; path = SBUT.xctest; sourceTree = BUILT_PRODUCTS_DIR; };
		894436EE1BE7AA0800528920 /* SBUT.m */ = {isa = PBXFileReference; lastKnownFileType = sourcecode.c.objc; path = SBUT.m; sourceTree = "<group>"; };
		894436F01BE7AA0800528920 /* Info.plist */ = {isa = PBXFileReference; lastKnownFileType = text.plist.xml; path = Info.plist; sourceTree = "<group>"; };
		896CD25B1B9D92A8007BF4BA /* SBHistoryViewController.h */ = {isa = PBXFileReference; fileEncoding = 4; lastKnownFileType = sourcecode.c.h; path = SBHistoryViewController.h; sourceTree = "<group>"; };
		896CD25C1B9D92A8007BF4BA /* SBHistoryViewController.m */ = {isa = PBXFileReference; fileEncoding = 4; lastKnownFileType = sourcecode.c.objc; path = SBHistoryViewController.m; sourceTree = "<group>"; };
		8989FD971BD518550088A74D /* SBTesting.xctest */ = {isa = PBXFileReference; explicitFileType = wrapper.cfbundle; includeInIndex = 0; path = SBTesting.xctest; sourceTree = BUILT_PRODUCTS_DIR; };
		8989FD991BD518560088A74D /* SBTesting.m */ = {isa = PBXFileReference; lastKnownFileType = sourcecode.c.objc; path = SBTesting.m; sourceTree = "<group>"; };
		8989FD9B1BD518560088A74D /* Info.plist */ = {isa = PBXFileReference; lastKnownFileType = text.plist.xml; path = Info.plist; sourceTree = "<group>"; };
		899335C61BB1579F0096EEC7 /* SBTabBar.h */ = {isa = PBXFileReference; fileEncoding = 4; lastKnownFileType = sourcecode.c.h; path = SBTabBar.h; sourceTree = "<group>"; };
		899335C71BB1579F0096EEC7 /* SBTabBar.m */ = {isa = PBXFileReference; fileEncoding = 4; lastKnownFileType = sourcecode.c.objc; path = SBTabBar.m; sourceTree = "<group>"; };
		89B9BB281BD4E07900F7473A /* BluetoothManager.framework */ = {isa = PBXFileReference; lastKnownFileType = wrapper.framework; name = BluetoothManager.framework; path = System/Library/PrivateFrameworks/BluetoothManager.framework; sourceTree = SDKROOT; };
		8ACA2D0A2880C959E9D82063 /* README.md */ = {isa = PBXFileReference; includeInIndex = 1; lastKnownFileType = net.daringfireball.markdown; name = README.md; path = ../README.md; sourceTree = "<group>"; };
		950AC1BADAF78ACA415D1BC2 /* LICENSE */ = {isa = PBXFileReference; includeInIndex = 1; lastKnownFileType = text; name = LICENSE; path = ../LICENSE; sourceTree = "<group>"; };
		F75A12D2B1A1141616721DC6 /* Sensorberg.podspec */ = {isa = PBXFileReference; includeInIndex = 1; lastKnownFileType = text; name = Sensorberg.podspec; path = ../Sensorberg.podspec; sourceTree = "<group>"; };
/* End PBXFileReference section */

/* Begin PBXFrameworksBuildPhase section */
		6003F587195388D20070C39A /* Frameworks */ = {
			isa = PBXFrameworksBuildPhase;
			buildActionMask = 2147483647;
			files = (
				89249DEF1BC3D5410033542B /* MessageUI.framework in Frameworks */,
				6003F590195388D20070C39A /* CoreGraphics.framework in Frameworks */,
				6003F592195388D20070C39A /* UIKit.framework in Frameworks */,
				6003F58E195388D20070C39A /* Foundation.framework in Frameworks */,
				B42E0AB74CF2F25BDC913E08 /* Pods_Sensorberg_Example.framework in Frameworks */,
			);
			runOnlyForDeploymentPostprocessing = 0;
		};
		894436E91BE7AA0800528920 /* Frameworks */ = {
			isa = PBXFrameworksBuildPhase;
			buildActionMask = 2147483647;
			files = (
			);
			runOnlyForDeploymentPostprocessing = 0;
		};
		8989FD941BD518550088A74D /* Frameworks */ = {
			isa = PBXFrameworksBuildPhase;
			buildActionMask = 2147483647;
			files = (
				8989FDA11BD518650088A74D /* BluetoothManager.framework in Frameworks */,
			);
			runOnlyForDeploymentPostprocessing = 0;
		};
/* End PBXFrameworksBuildPhase section */

/* Begin PBXGroup section */
		0DB5088273F7C6E41982DC4F /* Pods */ = {
			isa = PBXGroup;
			children = (
				738DB2342472FBC9FA10EA12 /* Pods-Sensorberg_Example.debug.xcconfig */,
				23D2237756C73FC04EBF0161 /* Pods-Sensorberg_Example.release.xcconfig */,
			);
			name = Pods;
			sourceTree = "<group>";
		};
		6003F581195388D10070C39A = {
			isa = PBXGroup;
			children = (
				60FF7A9C1954A5C5007DD14C /* Podspec Metadata */,
				6003F593195388D20070C39A /* Example for Sensorberg */,
				8989FD981BD518560088A74D /* SBTesting */,
				894436ED1BE7AA0800528920 /* SBUT */,
				6003F58C195388D20070C39A /* Frameworks */,
				6003F58B195388D20070C39A /* Products */,
				0DB5088273F7C6E41982DC4F /* Pods */,
			);
			sourceTree = "<group>";
		};
		6003F58B195388D20070C39A /* Products */ = {
			isa = PBXGroup;
			children = (
				6003F58A195388D20070C39A /* Sensorberg_Example.app */,
				8989FD971BD518550088A74D /* SBTesting.xctest */,
				894436EC1BE7AA0800528920 /* SBUT.xctest */,
			);
			name = Products;
			sourceTree = "<group>";
		};
		6003F58C195388D20070C39A /* Frameworks */ = {
			isa = PBXGroup;
			children = (
				89B9BB281BD4E07900F7473A /* BluetoothManager.framework */,
				89249DEE1BC3D5410033542B /* MessageUI.framework */,
				6003F58D195388D20070C39A /* Foundation.framework */,
				6003F58F195388D20070C39A /* CoreGraphics.framework */,
				6003F591195388D20070C39A /* UIKit.framework */,
				41E46F673590FECD32435612 /* Pods_Sensorberg_Example.framework */,
			);
			name = Frameworks;
			sourceTree = "<group>";
		};
		6003F593195388D20070C39A /* Example for Sensorberg */ = {
			isa = PBXGroup;
			children = (
				6003F59C195388D20070C39A /* SBAppDelegate.h */,
				6003F59D195388D20070C39A /* SBAppDelegate.m */,
				899335C61BB1579F0096EEC7 /* SBTabBar.h */,
				899335C71BB1579F0096EEC7 /* SBTabBar.m */,
				8932EBC91BC2833D00B7F24F /* SBStatusTableViewController.h */,
				8932EBCA1BC2833D00B7F24F /* SBStatusTableViewController.m */,
				89438A241B84BE96005D57E1 /* SBBeaconsTableViewController.h */,
				89438A251B84BE96005D57E1 /* SBBeaconsTableViewController.m */,
				896CD25B1B9D92A8007BF4BA /* SBHistoryViewController.h */,
				896CD25C1B9D92A8007BF4BA /* SBHistoryViewController.m */,
				873B8AEA1B1F5CCA007FD442 /* Main.storyboard */,
				6003F5A8195388D20070C39A /* Images.xcassets */,
				6003F594195388D20070C39A /* Supporting Files */,
			);
			name = "Example for Sensorberg";
			path = Sensorberg;
			sourceTree = "<group>";
		};
		6003F594195388D20070C39A /* Supporting Files */ = {
			isa = PBXGroup;
			children = (
				6003F595195388D20070C39A /* Sensorberg-Info.plist */,
				6003F596195388D20070C39A /* InfoPlist.strings */,
				6003F599195388D20070C39A /* main.m */,
				6003F59B195388D20070C39A /* Sensorberg-Prefix.pch */,
			);
			name = "Supporting Files";
			sourceTree = "<group>";
		};
		60FF7A9C1954A5C5007DD14C /* Podspec Metadata */ = {
			isa = PBXGroup;
			children = (
				F75A12D2B1A1141616721DC6 /* Sensorberg.podspec */,
				8ACA2D0A2880C959E9D82063 /* README.md */,
				950AC1BADAF78ACA415D1BC2 /* LICENSE */,
			);
			name = "Podspec Metadata";
			sourceTree = "<group>";
		};
		894436ED1BE7AA0800528920 /* SBUT */ = {
			isa = PBXGroup;
			children = (
				894436EE1BE7AA0800528920 /* SBUT.m */,
				894436F01BE7AA0800528920 /* Info.plist */,
			);
			path = SBUT;
			sourceTree = "<group>";
		};
		8989FD981BD518560088A74D /* SBTesting */ = {
			isa = PBXGroup;
			children = (
				8989FD991BD518560088A74D /* SBTesting.m */,
				8989FD9B1BD518560088A74D /* Info.plist */,
			);
			path = SBTesting;
			sourceTree = "<group>";
		};
/* End PBXGroup section */

/* Begin PBXNativeTarget section */
		6003F589195388D20070C39A /* Sensorberg_Example */ = {
			isa = PBXNativeTarget;
			buildConfigurationList = 6003F5BF195388D20070C39A /* Build configuration list for PBXNativeTarget "Sensorberg_Example" */;
			buildPhases = (
				8D93A043F1137D8FECD56646 /* Check Pods Manifest.lock */,
				6003F586195388D20070C39A /* Sources */,
				6003F587195388D20070C39A /* Frameworks */,
				6003F588195388D20070C39A /* Resources */,
				266921D3709FBBE0EE134B40 /* Embed Pods Frameworks */,
				6FA402B029361BA54328B173 /* Copy Pods Resources */,
			);
			buildRules = (
			);
			dependencies = (
			);
			name = Sensorberg_Example;
			productName = Sensorberg;
			productReference = 6003F58A195388D20070C39A /* Sensorberg_Example.app */;
			productType = "com.apple.product-type.application";
		};
		894436EB1BE7AA0800528920 /* SBUT */ = {
			isa = PBXNativeTarget;
			buildConfigurationList = 894436F51BE7AA0800528920 /* Build configuration list for PBXNativeTarget "SBUT" */;
			buildPhases = (
				894436E81BE7AA0800528920 /* Sources */,
				894436E91BE7AA0800528920 /* Frameworks */,
				894436EA1BE7AA0800528920 /* Resources */,
			);
			buildRules = (
			);
			dependencies = (
				894436F21BE7AA0800528920 /* PBXTargetDependency */,
			);
			name = SBUT;
			productName = SBUT;
			productReference = 894436EC1BE7AA0800528920 /* SBUT.xctest */;
			productType = "com.apple.product-type.bundle.unit-test";
		};
		8989FD961BD518550088A74D /* SBTesting */ = {
			isa = PBXNativeTarget;
			buildConfigurationList = 8989FD9E1BD518560088A74D /* Build configuration list for PBXNativeTarget "SBTesting" */;
			buildPhases = (
				8989FD931BD518550088A74D /* Sources */,
				8989FD941BD518550088A74D /* Frameworks */,
				8989FD951BD518550088A74D /* Resources */,
			);
			buildRules = (
			);
			dependencies = (
				8989FD9D1BD518560088A74D /* PBXTargetDependency */,
			);
			name = SBTesting;
			productName = SBTesting;
			productReference = 8989FD971BD518550088A74D /* SBTesting.xctest */;
			productType = "com.apple.product-type.bundle.ui-testing";
		};
/* End PBXNativeTarget section */

/* Begin PBXProject section */
		6003F582195388D10070C39A /* Project object */ = {
			isa = PBXProject;
			attributes = {
				CLASSPREFIX = SB;
				LastUpgradeCheck = 0700;
				ORGANIZATIONNAME = tagyro;
				TargetAttributes = {
					6003F589195388D20070C39A = {
						SystemCapabilities = {
							com.apple.BackgroundModes = {
								enabled = 1;
							};
						};
					};
					894436EB1BE7AA0800528920 = {
						CreatedOnToolsVersion = 7.1;
						TestTargetID = 6003F589195388D20070C39A;
					};
					8989FD961BD518550088A74D = {
						CreatedOnToolsVersion = 7.0.1;
						TestTargetID = 6003F589195388D20070C39A;
					};
				};
			};
			buildConfigurationList = 6003F585195388D10070C39A /* Build configuration list for PBXProject "Sensorberg" */;
			compatibilityVersion = "Xcode 3.2";
			developmentRegion = English;
			hasScannedForEncodings = 0;
			knownRegions = (
				en,
				Base,
			);
			mainGroup = 6003F581195388D10070C39A;
			productRefGroup = 6003F58B195388D20070C39A /* Products */;
			projectDirPath = "";
			projectRoot = "";
			targets = (
				6003F589195388D20070C39A /* Sensorberg_Example */,
				8989FD961BD518550088A74D /* SBTesting */,
				894436EB1BE7AA0800528920 /* SBUT */,
			);
		};
/* End PBXProject section */

/* Begin PBXResourcesBuildPhase section */
		6003F588195388D20070C39A /* Resources */ = {
			isa = PBXResourcesBuildPhase;
			buildActionMask = 2147483647;
			files = (
				873B8AEB1B1F5CCA007FD442 /* Main.storyboard in Resources */,
				6003F5A9195388D20070C39A /* Images.xcassets in Resources */,
				6003F598195388D20070C39A /* InfoPlist.strings in Resources */,
			);
			runOnlyForDeploymentPostprocessing = 0;
		};
		894436EA1BE7AA0800528920 /* Resources */ = {
			isa = PBXResourcesBuildPhase;
			buildActionMask = 2147483647;
			files = (
			);
			runOnlyForDeploymentPostprocessing = 0;
		};
		8989FD951BD518550088A74D /* Resources */ = {
			isa = PBXResourcesBuildPhase;
			buildActionMask = 2147483647;
			files = (
			);
			runOnlyForDeploymentPostprocessing = 0;
		};
/* End PBXResourcesBuildPhase section */

/* Begin PBXShellScriptBuildPhase section */
		266921D3709FBBE0EE134B40 /* Embed Pods Frameworks */ = {
			isa = PBXShellScriptBuildPhase;
			buildActionMask = 2147483647;
			files = (
			);
			inputPaths = (
			);
			name = "Embed Pods Frameworks";
			outputPaths = (
			);
			runOnlyForDeploymentPostprocessing = 0;
			shellPath = /bin/sh;
			shellScript = "\"${SRCROOT}/Pods/Target Support Files/Pods-Sensorberg_Example/Pods-Sensorberg_Example-frameworks.sh\"\n";
			showEnvVarsInLog = 0;
		};
		6FA402B029361BA54328B173 /* Copy Pods Resources */ = {
			isa = PBXShellScriptBuildPhase;
			buildActionMask = 2147483647;
			files = (
			);
			inputPaths = (
			);
			name = "Copy Pods Resources";
			outputPaths = (
			);
			runOnlyForDeploymentPostprocessing = 0;
			shellPath = /bin/sh;
			shellScript = "\"${SRCROOT}/Pods/Target Support Files/Pods-Sensorberg_Example/Pods-Sensorberg_Example-resources.sh\"\n";
			showEnvVarsInLog = 0;
		};
		8D93A043F1137D8FECD56646 /* Check Pods Manifest.lock */ = {
			isa = PBXShellScriptBuildPhase;
			buildActionMask = 2147483647;
			files = (
			);
			inputPaths = (
			);
			name = "Check Pods Manifest.lock";
			outputPaths = (
			);
			runOnlyForDeploymentPostprocessing = 0;
			shellPath = /bin/sh;
			shellScript = "diff \"${PODS_ROOT}/../Podfile.lock\" \"${PODS_ROOT}/Manifest.lock\" > /dev/null\nif [[ $? != 0 ]] ; then\n    cat << EOM\nerror: The sandbox is not in sync with the Podfile.lock. Run 'pod install' or update your CocoaPods installation.\nEOM\n    exit 1\nfi\n";
			showEnvVarsInLog = 0;
		};
/* End PBXShellScriptBuildPhase section */

/* Begin PBXSourcesBuildPhase section */
		6003F586195388D20070C39A /* Sources */ = {
			isa = PBXSourcesBuildPhase;
			buildActionMask = 2147483647;
			files = (
				89438A261B84BE96005D57E1 /* SBBeaconsTableViewController.m in Sources */,
				6003F59E195388D20070C39A /* SBAppDelegate.m in Sources */,
				8932EBCB1BC2833D00B7F24F /* SBStatusTableViewController.m in Sources */,
				899335C81BB1579F0096EEC7 /* SBTabBar.m in Sources */,
				896CD25D1B9D92A8007BF4BA /* SBHistoryViewController.m in Sources */,
				6003F59A195388D20070C39A /* main.m in Sources */,
			);
			runOnlyForDeploymentPostprocessing = 0;
		};
		894436E81BE7AA0800528920 /* Sources */ = {
			isa = PBXSourcesBuildPhase;
			buildActionMask = 2147483647;
			files = (
				894436EF1BE7AA0800528920 /* SBUT.m in Sources */,
			);
			runOnlyForDeploymentPostprocessing = 0;
		};
		8989FD931BD518550088A74D /* Sources */ = {
			isa = PBXSourcesBuildPhase;
			buildActionMask = 2147483647;
			files = (
				8989FD9A1BD518560088A74D /* SBTesting.m in Sources */,
			);
			runOnlyForDeploymentPostprocessing = 0;
		};
/* End PBXSourcesBuildPhase section */

/* Begin PBXTargetDependency section */
		894436F21BE7AA0800528920 /* PBXTargetDependency */ = {
			isa = PBXTargetDependency;
			target = 6003F589195388D20070C39A /* Sensorberg_Example */;
			targetProxy = 894436F11BE7AA0800528920 /* PBXContainerItemProxy */;
		};
		8989FD9D1BD518560088A74D /* PBXTargetDependency */ = {
			isa = PBXTargetDependency;
			target = 6003F589195388D20070C39A /* Sensorberg_Example */;
			targetProxy = 8989FD9C1BD518560088A74D /* PBXContainerItemProxy */;
		};
/* End PBXTargetDependency section */

/* Begin PBXVariantGroup section */
		6003F596195388D20070C39A /* InfoPlist.strings */ = {
			isa = PBXVariantGroup;
			children = (
				6003F597195388D20070C39A /* en */,
			);
			name = InfoPlist.strings;
			sourceTree = "<group>";
		};
/* End PBXVariantGroup section */

/* Begin XCBuildConfiguration section */
		6003F5BD195388D20070C39A /* Debug */ = {
			isa = XCBuildConfiguration;
			buildSettings = {
				ALWAYS_SEARCH_USER_PATHS = NO;
				CLANG_CXX_LANGUAGE_STANDARD = "gnu++0x";
				CLANG_CXX_LIBRARY = "libc++";
				CLANG_ENABLE_MODULES = YES;
				CLANG_ENABLE_OBJC_ARC = YES;
				CLANG_WARN_BOOL_CONVERSION = YES;
				CLANG_WARN_CONSTANT_CONVERSION = YES;
				CLANG_WARN_DIRECT_OBJC_ISA_USAGE = YES_ERROR;
				CLANG_WARN_EMPTY_BODY = YES;
				CLANG_WARN_ENUM_CONVERSION = YES;
				CLANG_WARN_INT_CONVERSION = YES;
				CLANG_WARN_OBJC_ROOT_CLASS = YES_ERROR;
				CLANG_WARN__DUPLICATE_METHOD_MATCH = YES;
				"CODE_SIGN_IDENTITY[sdk=iphoneos*]" = "iPhone Developer";
				COPY_PHASE_STRIP = NO;
				ENABLE_BITCODE = NO;
				ENABLE_TESTABILITY = YES;
				GCC_C_LANGUAGE_STANDARD = gnu99;
				GCC_DYNAMIC_NO_PIC = NO;
				GCC_OPTIMIZATION_LEVEL = 0;
				GCC_PREPROCESSOR_DEFINITIONS = (
					"DEBUG=1",
					"$(inherited)",
				);
				GCC_SYMBOLS_PRIVATE_EXTERN = NO;
				GCC_WARN_64_TO_32_BIT_CONVERSION = YES;
				GCC_WARN_ABOUT_RETURN_TYPE = YES_ERROR;
				GCC_WARN_UNDECLARED_SELECTOR = YES;
				GCC_WARN_UNINITIALIZED_AUTOS = YES_AGGRESSIVE;
				GCC_WARN_UNUSED_FUNCTION = YES;
				GCC_WARN_UNUSED_VARIABLE = YES;
				IPHONEOS_DEPLOYMENT_TARGET = 8.0;
				ONLY_ACTIVE_ARCH = YES;
				SDKROOT = iphoneos;
				TARGETED_DEVICE_FAMILY = "1,2";
			};
			name = Debug;
		};
		6003F5BE195388D20070C39A /* Release */ = {
			isa = XCBuildConfiguration;
			buildSettings = {
				ALWAYS_SEARCH_USER_PATHS = NO;
				CLANG_CXX_LANGUAGE_STANDARD = "gnu++0x";
				CLANG_CXX_LIBRARY = "libc++";
				CLANG_ENABLE_MODULES = YES;
				CLANG_ENABLE_OBJC_ARC = YES;
				CLANG_WARN_BOOL_CONVERSION = YES;
				CLANG_WARN_CONSTANT_CONVERSION = YES;
				CLANG_WARN_DIRECT_OBJC_ISA_USAGE = YES_ERROR;
				CLANG_WARN_EMPTY_BODY = YES;
				CLANG_WARN_ENUM_CONVERSION = YES;
				CLANG_WARN_INT_CONVERSION = YES;
				CLANG_WARN_OBJC_ROOT_CLASS = YES_ERROR;
				CLANG_WARN__DUPLICATE_METHOD_MATCH = YES;
				"CODE_SIGN_IDENTITY[sdk=iphoneos*]" = "iPhone Developer";
				COPY_PHASE_STRIP = YES;
				ENABLE_BITCODE = NO;
				ENABLE_NS_ASSERTIONS = NO;
				GCC_C_LANGUAGE_STANDARD = gnu99;
				GCC_WARN_64_TO_32_BIT_CONVERSION = YES;
				GCC_WARN_ABOUT_RETURN_TYPE = YES_ERROR;
				GCC_WARN_UNDECLARED_SELECTOR = YES;
				GCC_WARN_UNINITIALIZED_AUTOS = YES_AGGRESSIVE;
				GCC_WARN_UNUSED_FUNCTION = YES;
				GCC_WARN_UNUSED_VARIABLE = YES;
				IPHONEOS_DEPLOYMENT_TARGET = 8.0;
				SDKROOT = iphoneos;
				TARGETED_DEVICE_FAMILY = "1,2";
				VALIDATE_PRODUCT = YES;
			};
			name = Release;
		};
		6003F5C0195388D20070C39A /* Debug */ = {
			isa = XCBuildConfiguration;
			baseConfigurationReference = 738DB2342472FBC9FA10EA12 /* Pods-Sensorberg_Example.debug.xcconfig */;
			buildSettings = {
				ASSETCATALOG_COMPILER_APPICON_NAME = AppIcon;
				ASSETCATALOG_COMPILER_LAUNCHIMAGE_NAME = LaunchImage;
				CODE_SIGN_IDENTITY = "iPhone Developer";
				ENABLE_BITCODE = NO;
				FRAMEWORK_SEARCH_PATHS = (
					"$(inherited)",
					"$(SDKROOT)$(SYSTEM_LIBRARY_DIR)/PrivateFrameworks",
				);
				GCC_PRECOMPILE_PREFIX_HEADER = YES;
				GCC_PREFIX_HEADER = "Sensorberg/Sensorberg-Prefix.pch";
				INFOPLIST_FILE = "Sensorberg/Sensorberg-Info.plist";
				IPHONEOS_DEPLOYMENT_TARGET = 8.0;
				MODULE_NAME = ExampleApp;
				PRODUCT_BUNDLE_IDENTIFIER = com.sensorberg.Demo;
				PRODUCT_NAME = "$(TARGET_NAME)";
				WRAPPER_EXTENSION = app;
			};
			name = Debug;
		};
		6003F5C1195388D20070C39A /* Release */ = {
			isa = XCBuildConfiguration;
			baseConfigurationReference = 23D2237756C73FC04EBF0161 /* Pods-Sensorberg_Example.release.xcconfig */;
			buildSettings = {
				ASSETCATALOG_COMPILER_APPICON_NAME = AppIcon;
				ASSETCATALOG_COMPILER_LAUNCHIMAGE_NAME = LaunchImage;
				CODE_SIGN_IDENTITY = "iPhone Developer";
				ENABLE_BITCODE = NO;
				FRAMEWORK_SEARCH_PATHS = (
					"$(inherited)",
					"$(SDKROOT)$(SYSTEM_LIBRARY_DIR)/PrivateFrameworks",
				);
				GCC_PRECOMPILE_PREFIX_HEADER = YES;
				GCC_PREFIX_HEADER = "Sensorberg/Sensorberg-Prefix.pch";
				INFOPLIST_FILE = "Sensorberg/Sensorberg-Info.plist";
				IPHONEOS_DEPLOYMENT_TARGET = 8.0;
				MODULE_NAME = ExampleApp;
				PRODUCT_BUNDLE_IDENTIFIER = com.sensorberg.Demo;
				PRODUCT_NAME = "$(TARGET_NAME)";
				WRAPPER_EXTENSION = app;
			};
			name = Release;
		};
		894436F31BE7AA0800528920 /* Debug */ = {
			isa = XCBuildConfiguration;
			buildSettings = {
				BUNDLE_LOADER = "$(TEST_HOST)";
				CLANG_WARN_UNREACHABLE_CODE = YES;
				DEBUG_INFORMATION_FORMAT = dwarf;
				ENABLE_STRICT_OBJC_MSGSEND = YES;
				GCC_NO_COMMON_BLOCKS = YES;
				INFOPLIST_FILE = SBUT/Info.plist;
				IPHONEOS_DEPLOYMENT_TARGET = 9.1;
				LD_RUNPATH_SEARCH_PATHS = "$(inherited) @executable_path/Frameworks @loader_path/Frameworks";
				MTL_ENABLE_DEBUG_INFO = YES;
				PRODUCT_BUNDLE_IDENTIFIER = com.sensorberg.SBUT;
				PRODUCT_NAME = "$(TARGET_NAME)";
				TEST_HOST = "$(BUILT_PRODUCTS_DIR)/Sensorberg_Example.app/Sensorberg_Example";
			};
			name = Debug;
		};
		894436F41BE7AA0800528920 /* Release */ = {
			isa = XCBuildConfiguration;
			buildSettings = {
				BUNDLE_LOADER = "$(TEST_HOST)";
				CLANG_WARN_UNREACHABLE_CODE = YES;
				COPY_PHASE_STRIP = NO;
				DEBUG_INFORMATION_FORMAT = "dwarf-with-dsym";
				ENABLE_STRICT_OBJC_MSGSEND = YES;
				GCC_NO_COMMON_BLOCKS = YES;
				INFOPLIST_FILE = SBUT/Info.plist;
				IPHONEOS_DEPLOYMENT_TARGET = 9.1;
				LD_RUNPATH_SEARCH_PATHS = "$(inherited) @executable_path/Frameworks @loader_path/Frameworks";
				MTL_ENABLE_DEBUG_INFO = NO;
				PRODUCT_BUNDLE_IDENTIFIER = com.sensorberg.SBUT;
				PRODUCT_NAME = "$(TARGET_NAME)";
				TEST_HOST = "$(BUILT_PRODUCTS_DIR)/Sensorberg_Example.app/Sensorberg_Example";
			};
			name = Release;
		};
		8989FD9F1BD518560088A74D /* Debug */ = {
			isa = XCBuildConfiguration;
			buildSettings = {
				CLANG_WARN_UNREACHABLE_CODE = YES;
				DEBUG_INFORMATION_FORMAT = dwarf;
				ENABLE_STRICT_OBJC_MSGSEND = YES;
				FRAMEWORK_SEARCH_PATHS = (
					"$(inherited)",
					"$(SDKROOT)$(SYSTEM_LIBRARY_DIR)/PrivateFrameworks",
				);
				GCC_NO_COMMON_BLOCKS = YES;
				INFOPLIST_FILE = SBTesting/Info.plist;
				IPHONEOS_DEPLOYMENT_TARGET = 9.0;
				LD_RUNPATH_SEARCH_PATHS = "$(inherited) @executable_path/Frameworks @loader_path/Frameworks";
				MTL_ENABLE_DEBUG_INFO = YES;
				PRODUCT_BUNDLE_IDENTIFIER = com.sensorberg.SBTesting;
				PRODUCT_NAME = "$(TARGET_NAME)";
				TEST_TARGET_NAME = Sensorberg_Example;
				USES_XCTRUNNER = YES;
			};
			name = Debug;
		};
		8989FDA01BD518560088A74D /* Release */ = {
			isa = XCBuildConfiguration;
			buildSettings = {
				CLANG_WARN_UNREACHABLE_CODE = YES;
				COPY_PHASE_STRIP = NO;
				DEBUG_INFORMATION_FORMAT = "dwarf-with-dsym";
				ENABLE_STRICT_OBJC_MSGSEND = YES;
				FRAMEWORK_SEARCH_PATHS = (
					"$(inherited)",
					"$(SDKROOT)$(SYSTEM_LIBRARY_DIR)/PrivateFrameworks",
				);
				GCC_NO_COMMON_BLOCKS = YES;
				INFOPLIST_FILE = SBTesting/Info.plist;
				IPHONEOS_DEPLOYMENT_TARGET = 9.0;
				LD_RUNPATH_SEARCH_PATHS = "$(inherited) @executable_path/Frameworks @loader_path/Frameworks";
				MTL_ENABLE_DEBUG_INFO = NO;
				PRODUCT_BUNDLE_IDENTIFIER = com.sensorberg.SBTesting;
				PRODUCT_NAME = "$(TARGET_NAME)";
				TEST_TARGET_NAME = Sensorberg_Example;
				USES_XCTRUNNER = YES;
			};
			name = Release;
		};
/* End XCBuildConfiguration section */

/* Begin XCConfigurationList section */
		6003F585195388D10070C39A /* Build configuration list for PBXProject "Sensorberg" */ = {
			isa = XCConfigurationList;
			buildConfigurations = (
				6003F5BD195388D20070C39A /* Debug */,
				6003F5BE195388D20070C39A /* Release */,
			);
			defaultConfigurationIsVisible = 0;
			defaultConfigurationName = Release;
		};
		6003F5BF195388D20070C39A /* Build configuration list for PBXNativeTarget "Sensorberg_Example" */ = {
			isa = XCConfigurationList;
			buildConfigurations = (
				6003F5C0195388D20070C39A /* Debug */,
				6003F5C1195388D20070C39A /* Release */,
			);
			defaultConfigurationIsVisible = 0;
			defaultConfigurationName = Release;
		};
		894436F51BE7AA0800528920 /* Build configuration list for PBXNativeTarget "SBUT" */ = {
			isa = XCConfigurationList;
			buildConfigurations = (
				894436F31BE7AA0800528920 /* Debug */,
				894436F41BE7AA0800528920 /* Release */,
			);
			defaultConfigurationIsVisible = 0;
			defaultConfigurationName = Release;
		};
		8989FD9E1BD518560088A74D /* Build configuration list for PBXNativeTarget "SBTesting" */ = {
			isa = XCConfigurationList;
			buildConfigurations = (
				8989FD9F1BD518560088A74D /* Debug */,
				8989FDA01BD518560088A74D /* Release */,
			);
			defaultConfigurationIsVisible = 0;
			defaultConfigurationName = Release;
		};
/* End XCConfigurationList section */
	};
	rootObject = 6003F582195388D10070C39A /* Project object */;
}
